
Microsoft Visual Studio Solution File, Format Version 11.00
# Visual Studio 2010
Project("{FAE04EC0-301F-11D3-BF4B-00C04F79EFBC}") = "BenchmarkSummarizer", "BenchmarkSummarizer\BenchmarkSummarizer.csproj", "{35DE23EE-35B4-4D55-9492-21C9FC46BE5E}"
EndProject
Project("{FAE04EC0-301F-11D3-BF4B-00C04F79EFBC}") = "SlaveLauncher", "SlaveLauncher\SlaveLauncher.csproj", "{187A1D2B-AD32-4BD2-ADAC-508B7475D65A}"
EndProject
Project("{FAE04EC0-301F-11D3-BF4B-00C04F79EFBC}") = "CommonAAR", "CommonAAR\CommonAAR.csproj", "{9F046E86-520A-40EE-B215-2E1CD3DD44F6}"
EndProject
Project("{FAE04EC0-301F-11D3-BF4B-00C04F79EFBC}") = "BenchmarkAnalizer", "BenchmarkAnalizer\BenchmarkAnalizer.csproj", "{EE4EE777-71BA-4CFB-BE98-B9F3B9448C79}"
EndProject
Global
	GlobalSection(SolutionConfigurationPlatforms) = preSolution
		Debug|Any CPU = Debug|Any CPU
		Debug|Mixed Platforms = Debug|Mixed Platforms
		Debug|x86 = Debug|x86
		Release|Any CPU = Release|Any CPU
		Release|Mixed Platforms = Release|Mixed Platforms
		Release|x86 = Release|x86
	EndGlobalSection
	GlobalSection(ProjectConfigurationPlatforms) = postSolution
		{35DE23EE-35B4-4D55-9492-21C9FC46BE5E}.Debug|Any CPU.ActiveCfg = Debug|Any CPU
		{35DE23EE-35B4-4D55-9492-21C9FC46BE5E}.Debug|Any CPU.Build.0 = Debug|Any CPU
		{35DE23EE-35B4-4D55-9492-21C9FC46BE5E}.Debug|Mixed Platforms.ActiveCfg = Debug|Any CPU
		{35DE23EE-35B4-4D55-9492-21C9FC46BE5E}.Debug|Mixed Platforms.Build.0 = Debug|Any CPU
		{35DE23EE-35B4-4D55-9492-21C9FC46BE5E}.Debug|x86.ActiveCfg = Debug|Any CPU
		{35DE23EE-35B4-4D55-9492-21C9FC46BE5E}.Release|Any CPU.ActiveCfg = Release|Any CPU
		{35DE23EE-35B4-4D55-9492-21C9FC46BE5E}.Release|Any CPU.Build.0 = Release|Any CPU
		{35DE23EE-35B4-4D55-9492-21C9FC46BE5E}.Release|Mixed Platforms.ActiveCfg = Release|Any CPU
		{35DE23EE-35B4-4D55-9492-21C9FC46BE5E}.Release|Mixed Platforms.Build.0 = Release|Any CPU
		{35DE23EE-35B4-4D55-9492-21C9FC46BE5E}.Release|x86.ActiveCfg = Release|Any CPU
		{187A1D2B-AD32-4BD2-ADAC-508B7475D65A}.Debug|Any CPU.ActiveCfg = Debug|Any CPU
		{187A1D2B-AD32-4BD2-ADAC-508B7475D65A}.Debug|Any CPU.Build.0 = Debug|Any CPU
		{187A1D2B-AD32-4BD2-ADAC-508B7475D65A}.Debug|Mixed Platforms.ActiveCfg = Debug|Any CPU
		{187A1D2B-AD32-4BD2-ADAC-508B7475D65A}.Debug|Mixed Platforms.Build.0 = Debug|Any CPU
		{187A1D2B-AD32-4BD2-ADAC-508B7475D65A}.Debug|x86.ActiveCfg = Debug|Any CPU
		{187A1D2B-AD32-4BD2-ADAC-508B7475D65A}.Release|Any CPU.ActiveCfg = Release|Any CPU
		{187A1D2B-AD32-4BD2-ADAC-508B7475D65A}.Release|Any CPU.Build.0 = Release|Any CPU
		{187A1D2B-AD32-4BD2-ADAC-508B7475D65A}.Release|Mixed Platforms.ActiveCfg = Release|Any CPU
		{187A1D2B-AD32-4BD2-ADAC-508B7475D65A}.Release|Mixed Platforms.Build.0 = Release|Any CPU
		{187A1D2B-AD32-4BD2-ADAC-508B7475D65A}.Release|x86.ActiveCfg = Release|Any CPU
		{9F046E86-520A-40EE-B215-2E1CD3DD44F6}.Debug|Any CPU.ActiveCfg = Debug|Any CPU
		{9F046E86-520A-40EE-B215-2E1CD3DD44F6}.Debug|Any CPU.Build.0 = Debug|Any CPU
		{9F046E86-520A-40EE-B215-2E1CD3DD44F6}.Debug|Mixed Platforms.ActiveCfg = Debug|Any CPU
		{9F046E86-520A-40EE-B215-2E1CD3DD44F6}.Debug|Mixed Platforms.Build.0 = Debug|Any CPU
		{9F046E86-520A-40EE-B215-2E1CD3DD44F6}.Debug|x86.ActiveCfg = Debug|Any CPU
		{9F046E86-520A-40EE-B215-2E1CD3DD44F6}.Release|Any CPU.ActiveCfg = Release|Any CPU
		{9F046E86-520A-40EE-B215-2E1CD3DD44F6}.Release|Any CPU.Build.0 = Release|Any CPU
		{9F046E86-520A-40EE-B215-2E1CD3DD44F6}.Release|Mixed Platforms.ActiveCfg = Release|Any CPU
		{9F046E86-520A-40EE-B215-2E1CD3DD44F6}.Release|Mixed Platforms.Build.0 = Release|Any CPU
		{9F046E86-520A-40EE-B215-2E1CD3DD44F6}.Release|x86.ActiveCfg = Release|Any CPU
		{EE4EE777-71BA-4CFB-BE98-B9F3B9448C79}.Debug|Any CPU.ActiveCfg = Debug|x86
		{EE4EE777-71BA-4CFB-BE98-B9F3B9448C79}.Debug|Mixed Platforms.ActiveCfg = Debug|x86
		{EE4EE777-71BA-4CFB-BE98-B9F3B9448C79}.Debug|Mixed Platforms.Build.0 = Debug|x86
		{EE4EE777-71BA-4CFB-BE98-B9F3B9448C79}.Debug|x86.ActiveCfg = Debug|x86
		{EE4EE777-71BA-4CFB-BE98-B9F3B9448C79}.Debug|x86.Build.0 = Debug|x86
		{EE4EE777-71BA-4CFB-BE98-B9F3B9448C79}.Release|Any CPU.ActiveCfg = Release|x86
		{EE4EE777-71BA-4CFB-BE98-B9F3B9448C79}.Release|Mixed Platforms.ActiveCfg = Release|x86
		{EE4EE777-71BA-4CFB-BE98-B9F3B9448C79}.Release|Mixed Platforms.Build.0 = Release|x86
		{EE4EE777-71BA-4CFB-BE98-B9F3B9448C79}.Release|x86.ActiveCfg = Release|x86
		{EE4EE777-71BA-4CFB-BE98-B9F3B9448C79}.Release|x86.Build.0 = Release|x86
	EndGlobalSection
	GlobalSection(SolutionProperties) = preSolution
		HideSolutionNode = FALSE
	EndGlobalSection
EndGlobal
