<?xml version="1.0" encoding="utf-8"?>
<Project ToolsVersion="4.0" xmlns="http://schemas.microsoft.com/developer/msbuild/2003">
  <ItemGroup>
    <Filter Include="Source Files">
      <UniqueIdentifier>{555fc448-ce31-4466-aee2-cedc3895baa8}</UniqueIdentifier>
      <Extensions>cpp;c;cxx;rc;def;r;odl;idl;hpj;bat</Extensions>
    </Filter>
    <Filter Include="Header Files">
      <UniqueIdentifier>{038f3dfe-1371-40df-b645-1fedb827329b}</UniqueIdentifier>
      <Extensions>h;hpp;hxx;hm;inl</Extensions>
    </Filter>
    <Filter Include="Resource Files">
      <UniqueIdentifier>{f081f3f8-a5d6-4529-b0d7-3ff28e7758ae}</UniqueIdentifier>
      <Extensions>ico;cur;bmp;dlg;rc2;rct;bin;rgs;gif;jpg;jpeg;jpe</Extensions>
    </Filter>
  </ItemGroup>
  <ItemGroup>
    <ClCompile Include="AppCaption.cpp">
      <Filter>Source Files</Filter>
    </ClCompile>
    <ClCompile Include="AreaView.cpp">
      <Filter>Source Files</Filter>
    </ClCompile>
    <ClCompile Include="BarAndLineView.cpp">
      <Filter>Source Files</Filter>
    </ClCompile>
    <ClCompile Include="BarView.cpp">
      <Filter>Source Files</Filter>
    </ClCompile>
    <ClCompile Include="BaseView.cpp">
      <Filter>Source Files</Filter>
    </ClCompile>
    <ClCompile Include="BubbleView.cpp">
      <Filter>Source Files</Filter>
    </ClCompile>
    <ClCompile Include="CandleStickView.cpp">
      <Filter>Source Files</Filter>
    </ClCompile>
    <ClCompile Include="ChartBrowser.cpp">
      <Filter>Source Files</Filter>
    </ClCompile>
    <ClCompile Include="ChartFromFileView.cpp">
      <Filter>Source Files</Filter>
    </ClCompile>
    <ClCompile Include="DateTimeView.cpp">
      <Filter>Source Files</Filter>
    </ClCompile>
    <ClCompile Include="DiagramsView.cpp">
      <Filter>Source Files</Filter>
    </ClCompile>
    <ClCompile Include="Doughnut3DView.cpp">
      <Filter>Source Files</Filter>
    </ClCompile>
    <ClCompile Include="DoughnutView.cpp">
      <Filter>Source Files</Filter>
    </ClCompile>
    <ClCompile Include="ExplorerBar.cpp">
      <Filter>Source Files</Filter>
    </ClCompile>
    <ClCompile Include="FastLineView.cpp">
      <Filter>Source Files</Filter>
    </ClCompile>
    <ClCompile Include="FunnelView.cpp">
      <Filter>Source Files</Filter>
    </ClCompile>
    <ClCompile Include="GanttView.cpp">
      <Filter>Source Files</Filter>
    </ClCompile>
    <ClCompile Include="HighLowView.cpp">
      <Filter>Source Files</Filter>
    </ClCompile>
    <ClCompile Include="LineView.cpp">
      <Filter>Source Files</Filter>
    </ClCompile>
    <ClCompile Include="LogarithmicView.cpp">
      <Filter>Source Files</Filter>
    </ClCompile>
    <ClCompile Include="MainFrm.cpp">
      <Filter>Source Files</Filter>
    </ClCompile>
    <ClCompile Include="MarkupTitleView.cpp">
      <Filter>Source Files</Filter>
    </ClCompile>
    <ClCompile Include="MutipleView.cpp">
      <Filter>Source Files</Filter>
    </ClCompile>
    <ClCompile Include="Pie3DView.cpp">
      <Filter>Source Files</Filter>
    </ClCompile>
    <ClCompile Include="PieView.cpp">
      <Filter>Source Files</Filter>
    </ClCompile>
    <ClCompile Include="PointView.cpp">
      <Filter>Source Files</Filter>
    </ClCompile>
    <ClCompile Include="Pyramid3DView.cpp">
      <Filter>Source Files</Filter>
    </ClCompile>
    <ClCompile Include="PyramidView.cpp">
      <Filter>Source Files</Filter>
    </ClCompile>
    <ClCompile Include="RadarAreaView.cpp">
      <Filter>Source Files</Filter>
    </ClCompile>
    <ClCompile Include="RadarLineView.cpp">
      <Filter>Source Files</Filter>
    </ClCompile>
    <ClCompile Include="RadarPointView.cpp">
      <Filter>Source Files</Filter>
    </ClCompile>
    <ClCompile Include="RadarSplineView.cpp">
      <Filter>Source Files</Filter>
    </ClCompile>
    <ClCompile Include="RangeBarView.cpp">
      <Filter>Source Files</Filter>
    </ClCompile>
    <ClCompile Include="ScatterLineView.cpp">
      <Filter>Source Files</Filter>
    </ClCompile>
    <ClCompile Include="SecondaryAxesView.cpp">
      <Filter>Source Files</Filter>
    </ClCompile>
    <ClCompile Include="SideBySideStackedBarView.cpp">
      <Filter>Source Files</Filter>
    </ClCompile>
    <ClCompile Include="SplineAreaView.cpp">
      <Filter>Source Files</Filter>
    </ClCompile>
    <ClCompile Include="SplineView.cpp">
      <Filter>Source Files</Filter>
    </ClCompile>
    <ClCompile Include="StackedAreaView.cpp">
      <Filter>Source Files</Filter>
    </ClCompile>
    <ClCompile Include="StackedBarView.cpp">
      <Filter>Source Files</Filter>
    </ClCompile>
    <ClCompile Include="StackedSplineAreaView.cpp">
      <Filter>Source Files</Filter>
    </ClCompile>
    <ClCompile Include="StdAfx.cpp">
      <Filter>Source Files</Filter>
    </ClCompile>
    <ClCompile Include="StepLineView.cpp">
      <Filter>Source Files</Filter>
    </ClCompile>
    <ClCompile Include="Torus3DView.cpp">
      <Filter>Source Files</Filter>
    </ClCompile>
    <ClCompile Include="ZoomAndScrollView.cpp">
      <Filter>Source Files</Filter>
    </ClCompile>
  </ItemGroup>
  <ItemGroup>
    <ResourceCompile Include="ChartBrowser.rc">
      <Filter>Source Files</Filter>
    </ResourceCompile>
  </ItemGroup>
  <ItemGroup>
    <ClInclude Include="RadarAreaView.h">
      <Filter>Source Files</Filter>
    </ClInclude>
    <ClInclude Include="AppCaption.h">
      <Filter>Header Files</Filter>
    </ClInclude>
    <ClInclude Include="AreaView.h">
      <Filter>Header Files</Filter>
    </ClInclude>
    <ClInclude Include="BarAndLineView.h">
      <Filter>Header Files</Filter>
    </ClInclude>
    <ClInclude Include="BarView.h">
      <Filter>Header Files</Filter>
    </ClInclude>
    <ClInclude Include="BaseView.h">
      <Filter>Header Files</Filter>
    </ClInclude>
    <ClInclude Include="BubbleView.h">
      <Filter>Header Files</Filter>
    </ClInclude>
    <ClInclude Include="CandleStickView.h">
      <Filter>Header Files</Filter>
    </ClInclude>
    <ClInclude Include="ChartBrowser.h">
      <Filter>Header Files</Filter>
    </ClInclude>
    <ClInclude Include="ChartFromFileView.h">
      <Filter>Header Files</Filter>
    </ClInclude>
    <ClInclude Include="DateTimeView.h">
      <Filter>Header Files</Filter>
    </ClInclude>
    <ClInclude Include="DiagramsView.h">
      <Filter>Header Files</Filter>
    </ClInclude>
    <ClInclude Include="Doughnut3DView.h">
      <Filter>Header Files</Filter>
    </ClInclude>
    <ClInclude Include="DoughnutView.h">
      <Filter>Header Files</Filter>
    </ClInclude>
    <ClInclude Include="ExplorerBar.h">
      <Filter>Header Files</Filter>
    </ClInclude>
    <ClInclude Include="FastLineView.h">
      <Filter>Header Files</Filter>
    </ClInclude>
    <ClInclude Include="FunnelView.h">
      <Filter>Header Files</Filter>
    </ClInclude>
    <ClInclude Include="GanttView.h">
      <Filter>Header Files</Filter>
    </ClInclude>
    <ClInclude Include="HighLowView.h">
      <Filter>Header Files</Filter>
    </ClInclude>
    <ClInclude Include="LineView.h">
      <Filter>Header Files</Filter>
    </ClInclude>
    <ClInclude Include="LogarithmicView.h">
      <Filter>Header Files</Filter>
    </ClInclude>
    <ClInclude Include="MainFrm.h">
      <Filter>Header Files</Filter>
    </ClInclude>
    <ClInclude Include="MarkupTitleView.h">
      <Filter>Header Files</Filter>
    </ClInclude>
    <ClInclude Include="MultipleView.h">
      <Filter>Header Files</Filter>
    </ClInclude>
    <ClInclude Include="Pie3DView.h">
      <Filter>Header Files</Filter>
    </ClInclude>
    <ClInclude Include="PieView.h">
      <Filter>Header Files</Filter>
    </ClInclude>
    <ClInclude Include="PointView.h">
      <Filter>Header Files</Filter>
    </ClInclude>
    <ClInclude Include="Pyramid3DView.h">
      <Filter>Header Files</Filter>
    </ClInclude>
    <ClInclude Include="PyramidView.h">
      <Filter>Header Files</Filter>
    </ClInclude>
    <ClInclude Include="RadarLineView.h">
      <Filter>Header Files</Filter>
    </ClInclude>
    <ClInclude Include="RadarPointView.h">
      <Filter>Header Files</Filter>
    </ClInclude>
    <ClInclude Include="RadarSplineView.h">
      <Filter>Header Files</Filter>
    </ClInclude>
    <ClInclude Include="RangeBarView.h">
      <Filter>Header Files</Filter>
    </ClInclude>
    <ClInclude Include="Resource.h">
      <Filter>Header Files</Filter>
    </ClInclude>
    <ClInclude Include="ScatterLineView.h">
      <Filter>Header Files</Filter>
    </ClInclude>
    <ClInclude Include="SecondaryAxesView.h">
      <Filter>Header Files</Filter>
    </ClInclude>
    <ClInclude Include="SideBySideStackedBarView.h">
      <Filter>Header Files</Filter>
    </ClInclude>
    <ClInclude Include="SplineAreaView.h">
      <Filter>Header Files</Filter>
    </ClInclude>
    <ClInclude Include="SplineView.h">
      <Filter>Header Files</Filter>
    </ClInclude>
    <ClInclude Include="StackedAreaView.h">
      <Filter>Header Files</Filter>
    </ClInclude>
    <ClInclude Include="StackedBarView.h">
      <Filter>Header Files</Filter>
    </ClInclude>
    <ClInclude Include="StackedSplineAreaView.h">
      <Filter>Header Files</Filter>
    </ClInclude>
    <ClInclude Include="StdAfx.h">
      <Filter>Header Files</Filter>
    </ClInclude>
    <ClInclude Include="StepLineView.h">
      <Filter>Header Files</Filter>
    </ClInclude>
    <ClInclude Include="Torus3DView.h">
      <Filter>Header Files</Filter>
    </ClInclude>
    <ClInclude Include="ZoomAndScrollView.h">
      <Filter>Header Files</Filter>
    </ClInclude>
  </ItemGroup>
  <ItemGroup>
    <None Include="res\ChartBrowser.rc2">
      <Filter>Resource Files</Filter>
    </None>
    <None Include="res\ChartBrowserDoc.ico">
      <Filter>Resource Files</Filter>
    </None>
    <None Include="res\CJSample.ico">
      <Filter>Resource Files</Filter>
    </None>
    <None Include="res\Toolbar.bmp">
      <Filter>Resource Files</Filter>
    </None>
    <None Include="res\BuilderFile.xml" />
  </ItemGroup>
</Project>