<?xml version="1.0" encoding="utf-8"?>
<Project ToolsVersion="4.0" xmlns="http://schemas.microsoft.com/developer/msbuild/2003">
  <ItemGroup>
    <ClCompile Include="..\..\rtl\c\acons.c">
      <Filter>Source Files</Filter>
    </ClCompile>
    <ClCompile Include="..\..\rtl\c\ysornopn.c">
      <Filter>Source Files</Filter>
    </ClCompile>
    <ClCompile Include="..\..\rtl\c\adjoin.c">
      <Filter>Source Files</Filter>
    </ClCompile>
    <ClCompile Include="..\..\rtl\c\adjsblp.c">
      <Filter>Source Files</Filter>
    </ClCompile>
    <ClCompile Include="..\..\rtl\c\adjstrry.c">
      <Filter>Source Files</Filter>
    </ClCompile>
    <ClCompile Include="..\..\rtl\c\admnsns.c">
      <Filter>Source Files</Filter>
    </ClCompile>
    <ClCompile Include="..\..\rtl\c\advncpcg.c">
      <Filter>Source Files</Filter>
    </ClCompile>
    <ClCompile Include="..\..\rtl\c\allcmmg.c">
      <Filter>Source Files</Filter>
    </ClCompile>
    <ClCompile Include="..\..\rtl\c\alphchrp.c">
      <Filter>Source Files</Filter>
    </ClCompile>
    <ClCompile Include="..\..\rtl\c\alpnmrcp.c">
      <Filter>Source Files</Filter>
    </ClCompile>
    <ClCompile Include="..\..\rtl\c\amjndx.c">
      <Filter>Source Files</Filter>
    </ClCompile>
    <ClCompile Include="..\..\rtl\c\anbndsp.c">
      <Filter>Source Files</Filter>
    </ClCompile>
    <ClCompile Include="..\..\rtl\c\append.c">
      <Filter>Source Files</Filter>
    </ClCompile>
    <ClCompile Include="..\..\rtl\c\append2.c">
      <Filter>Source Files</Filter>
    </ClCompile>
    <ClCompile Include="..\..\rtl\c\apply.c">
      <Filter>Source Files</Filter>
    </ClCompile>
    <ClCompile Include="..\..\rtl\c\apply1.c">
      <Filter>Source Files</Filter>
    </ClCompile>
    <ClCompile Include="..\..\rtl\c\apply2.c">
      <Filter>Source Files</Filter>
    </ClCompile>
    <ClCompile Include="..\..\rtl\c\apply3.c">
      <Filter>Source Files</Filter>
    </ClCompile>
    <ClCompile Include="..\..\rtl\c\aref.c">
      <Filter>Source Files</Filter>
    </ClCompile>
    <ClCompile Include="..\..\rtl\c\aref0.c">
      <Filter>Source Files</Filter>
    </ClCompile>
    <ClCompile Include="..\..\rtl\c\aref1.c">
      <Filter>Source Files</Filter>
    </ClCompile>
    <ClCompile Include="..\..\rtl\c\aref2.c">
      <Filter>Source Files</Filter>
    </ClCompile>
    <ClCompile Include="..\..\rtl\c\aref3.c">
      <Filter>Source Files</Filter>
    </ClCompile>
    <ClCompile Include="..\..\rtl\c\aref4.c">
      <Filter>Source Files</Filter>
    </ClCompile>
    <ClCompile Include="..\..\rtl\c\aref5.c">
      <Filter>Source Files</Filter>
    </ClCompile>
    <ClCompile Include="..\..\rtl\c\aref6.c">
      <Filter>Source Files</Filter>
    </ClCompile>
    <ClCompile Include="..\..\rtl\c\aref7.c">
      <Filter>Source Files</Filter>
    </ClCompile>
    <ClCompile Include="..\..\rtl\c\armmrlmt.c">
      <Filter>Source Files</Filter>
    </ClCompile>
    <ClCompile Include="..\..\rtl\c\armmrysd.c">
      <Filter>Source Files</Filter>
    </ClCompile>
    <ClCompile Include="..\..\rtl\c\arrayp.c">
      <Filter>Source Files</Filter>
    </ClCompile>
    <ClCompile Include="..\..\rtl\c\arrays.c">
      <Filter>Source Files</Filter>
    </ClCompile>
    <ClCompile Include="..\..\rtl\c\arrdmnsn.c">
      <Filter>Source Files</Filter>
    </ClCompile>
    <ClCompile Include="..\..\rtl\c\arrttlsz.c">
      <Filter>Source Files</Filter>
    </ClCompile>
    <ClCompile Include="..\..\rtl\c\arryrnk.c">
      <Filter>Source Files</Filter>
    </ClCompile>
    <ClCompile Include="..\..\rtl\c\artrgtsz.c">
      <Filter>Source Files</Filter>
    </ClCompile>
    <ClCompile Include="..\..\rtl\c\asllpnp.c">
      <Filter>Source Files</Filter>
    </ClCompile>
    <ClCompile Include="..\..\rtl\c\asscifnt.c">
      <Filter>Source Files</Filter>
    </ClCompile>
    <ClCompile Include="..\..\rtl\c\assoc.c">
      <Filter>Source Files</Filter>
    </ClCompile>
    <ClCompile Include="..\..\rtl\c\assoc_eq.c">
      <Filter>Source Files</Filter>
    </ClCompile>
    <ClCompile Include="..\..\rtl\c\assoc_if.c">
      <Filter>Source Files</Filter>
    </ClCompile>
    <ClCompile Include="..\..\rtl\c\assoceql.c">
      <Filter>Source Files</Filter>
    </ClCompile>
    <ClCompile Include="..\..\rtl\c\assocqul.c">
      <Filter>Source Files</Filter>
    </ClCompile>
    <ClCompile Include="..\..\rtl\c\assq.c">
      <Filter>Source Files</Filter>
    </ClCompile>
    <ClCompile Include="..\..\rtl\c\atom.c">
      <Filter>Source Files</Filter>
    </ClCompile>
    <ClCompile Include="..\..\rtl\c\avncmbl.c">
      <Filter>Source Files</Filter>
    </ClCompile>
    <ClCompile Include="..\..\rtl\c\backquot.c">
      <Filter>Source Files</Filter>
    </ClCompile>
    <ClCompile Include="..\..\rtl\c\bgintim.c">
      <Filter>Source Files</Filter>
    </ClCompile>
    <ClCompile Include="..\..\rtl\c\biginit.c">
      <Filter>Source Files</Filter>
    </ClCompile>
    <ClCompile Include="..\..\rtl\c\biginit2.c">
      <Filter>Source Files</Filter>
    </ClCompile>
    <ClCompile Include="..\..\rtl\c\bignum.c">
      <Filter>Source Files</Filter>
    </ClCompile>
    <ClCompile Include="..\..\rtl\c\bignump.c">
      <Filter>Source Files</Filter>
    </ClCompile>
    <ClCompile Include="..\..\rtl\c\bindsyms.c">
      <Filter>Source Files</Filter>
    </ClCompile>
    <ClCompile Include="..\..\rtl\c\bit_arrs.c">
      <Filter>Source Files</Filter>
    </ClCompile>
    <ClCompile Include="..\..\rtl\c\bitp.c">
      <Filter>Source Files</Filter>
    </ClCompile>
    <ClCompile Include="..\..\rtl\c\bitvctrp.c">
      <Filter>Source Files</Filter>
    </ClCompile>
    <ClCompile Include="..\..\rtl\c\bothcsep.c">
      <Filter>Source Files</Filter>
    </ClCompile>
    <ClCompile Include="..\..\rtl\c\boundp.c">
      <Filter>Source Files</Filter>
    </ClCompile>
    <ClCompile Include="..\..\rtl\c\bqinit.c">
      <Filter>Source Files</Filter>
    </ClCompile>
    <ClCompile Include="..\..\rtl\c\butlast.c">
      <Filter>Source Files</Filter>
    </ClCompile>
    <ClCompile Include="..\..\rtl\c\caaaar.c">
      <Filter>Source Files</Filter>
    </ClCompile>
    <ClCompile Include="..\..\rtl\c\caaadr.c">
      <Filter>Source Files</Filter>
    </ClCompile>
    <ClCompile Include="..\..\rtl\c\caaar.c">
      <Filter>Source Files</Filter>
    </ClCompile>
    <ClCompile Include="..\..\rtl\c\caadar.c">
      <Filter>Source Files</Filter>
    </ClCompile>
    <ClCompile Include="..\..\rtl\c\caaddr.c">
      <Filter>Source Files</Filter>
    </ClCompile>
    <ClCompile Include="..\..\rtl\c\caadr.c">
      <Filter>Source Files</Filter>
    </ClCompile>
    <ClCompile Include="..\..\rtl\c\caar.c">
      <Filter>Source Files</Filter>
    </ClCompile>
    <ClCompile Include="..\..\rtl\c\cadaar.c">
      <Filter>Source Files</Filter>
    </ClCompile>
    <ClCompile Include="..\..\rtl\c\cadadr.c">
      <Filter>Source Files</Filter>
    </ClCompile>
    <ClCompile Include="..\..\rtl\c\cadar.c">
      <Filter>Source Files</Filter>
    </ClCompile>
    <ClCompile Include="..\..\rtl\c\caddar.c">
      <Filter>Source Files</Filter>
    </ClCompile>
    <ClCompile Include="..\..\rtl\c\cadddr.c">
      <Filter>Source Files</Filter>
    </ClCompile>
    <ClCompile Include="..\..\rtl\c\caddr.c">
      <Filter>Source Files</Filter>
    </ClCompile>
    <ClCompile Include="..\..\rtl\c\cadr.c">
      <Filter>Source Files</Filter>
    </ClCompile>
    <ClCompile Include="..\..\rtl\c\car.c">
      <Filter>Source Files</Filter>
    </ClCompile>
    <ClCompile Include="..\..\rtl\c\ccl.c">
      <Filter>Source Files</Filter>
    </ClCompile>
    <ClCompile Include="..\..\rtl\c\cdaaar.c">
      <Filter>Source Files</Filter>
    </ClCompile>
    <ClCompile Include="..\..\rtl\c\cdaadr.c">
      <Filter>Source Files</Filter>
    </ClCompile>
    <ClCompile Include="..\..\rtl\c\cdaar.c">
      <Filter>Source Files</Filter>
    </ClCompile>
    <ClCompile Include="..\..\rtl\c\cdadar.c">
      <Filter>Source Files</Filter>
    </ClCompile>
    <ClCompile Include="..\..\rtl\c\cdaddr.c">
      <Filter>Source Files</Filter>
    </ClCompile>
    <ClCompile Include="..\..\rtl\c\cdadr.c">
      <Filter>Source Files</Filter>
    </ClCompile>
    <ClCompile Include="..\..\rtl\c\cdar.c">
      <Filter>Source Files</Filter>
    </ClCompile>
    <ClCompile Include="..\..\rtl\c\cdbltdbl.c">
      <Filter>Source Files</Filter>
    </ClCompile>
    <ClCompile Include="..\..\rtl\c\cddaar.c">
      <Filter>Source Files</Filter>
    </ClCompile>
    <ClCompile Include="..\..\rtl\c\cddadr.c">
      <Filter>Source Files</Filter>
    </ClCompile>
    <ClCompile Include="..\..\rtl\c\cddar.c">
      <Filter>Source Files</Filter>
    </ClCompile>
    <ClCompile Include="..\..\rtl\c\cdddar.c">
      <Filter>Source Files</Filter>
    </ClCompile>
    <ClCompile Include="..\..\rtl\c\cddddr.c">
      <Filter>Source Files</Filter>
    </ClCompile>
    <ClCompile Include="..\..\rtl\c\cdddr.c">
      <Filter>Source Files</Filter>
    </ClCompile>
    <ClCompile Include="..\..\rtl\c\cddr.c">
      <Filter>Source Files</Filter>
    </ClCompile>
    <ClCompile Include="..\..\rtl\c\cdr.c">
      <Filter>Source Files</Filter>
    </ClCompile>
    <ClCompile Include="..\..\rtl\c\char_bit.c">
      <Filter>Source Files</Filter>
    </ClCompile>
    <ClCompile Include="..\..\rtl\c\char_eq.c">
      <Filter>Source Files</Filter>
    </ClCompile>
    <ClCompile Include="..\..\rtl\c\char_eqn.c">
      <Filter>Source Files</Filter>
    </ClCompile>
    <ClCompile Include="..\..\rtl\c\char_eqr.c">
      <Filter>Source Files</Filter>
    </ClCompile>
    <ClCompile Include="..\..\rtl\c\char_ge.c">
      <Filter>Source Files</Filter>
    </ClCompile>
    <ClCompile Include="..\..\rtl\c\char_gen.c">
      <Filter>Source Files</Filter>
    </ClCompile>
    <ClCompile Include="..\..\rtl\c\char_ger.c">
      <Filter>Source Files</Filter>
    </ClCompile>
    <ClCompile Include="..\..\rtl\c\char_gt.c">
      <Filter>Source Files</Filter>
    </ClCompile>
    <ClCompile Include="..\..\rtl\c\char_gtn.c">
      <Filter>Source Files</Filter>
    </ClCompile>
    <ClCompile Include="..\..\rtl\c\char_gtr.c">
      <Filter>Source Files</Filter>
    </ClCompile>
    <ClCompile Include="..\..\rtl\c\char_int.c">
      <Filter>Source Files</Filter>
    </ClCompile>
    <ClCompile Include="..\..\rtl\c\char_le.c">
      <Filter>Source Files</Filter>
    </ClCompile>
    <ClCompile Include="..\..\rtl\c\char_len.c">
      <Filter>Source Files</Filter>
    </ClCompile>
    <ClCompile Include="..\..\rtl\c\char_ler.c">
      <Filter>Source Files</Filter>
    </ClCompile>
    <ClCompile Include="..\..\rtl\c\char_lt.c">
      <Filter>Source Files</Filter>
    </ClCompile>
    <ClCompile Include="..\..\rtl\c\char_ltn.c">
      <Filter>Source Files</Filter>
    </ClCompile>
    <ClCompile Include="..\..\rtl\c\char_ltr.c">
      <Filter>Source Files</Filter>
    </ClCompile>
    <ClCompile Include="..\..\rtl\c\char_ne.c">
      <Filter>Source Files</Filter>
    </ClCompile>
    <ClCompile Include="..\..\rtl\c\char_nen.c">
      <Filter>Source Files</Filter>
    </ClCompile>
    <ClCompile Include="..\..\rtl\c\char_ner.c">
      <Filter>Source Files</Filter>
    </ClCompile>
    <ClCompile Include="..\..\rtl\c\charbits.c">
      <Filter>Source Files</Filter>
    </ClCompile>
    <ClCompile Include="..\..\rtl\c\charcode.c">
      <Filter>Source Files</Filter>
    </ClCompile>
    <ClCompile Include="..\..\rtl\c\charfont.c">
      <Filter>Source Files</Filter>
    </ClCompile>
    <ClCompile Include="..\..\rtl\c\charname.c">
      <Filter>Source Files</Filter>
    </ClCompile>
    <ClCompile Include="..\..\rtl\c\chars.c">
      <Filter>Source Files</Filter>
    </ClCompile>
    <ClCompile Include="..\..\rtl\c\chrcter.c">
      <Filter>Source Files</Filter>
    </ClCompile>
    <ClCompile Include="..\..\rtl\c\chrcterp.c">
      <Filter>Source Files</Filter>
    </ClCompile>
    <ClCompile Include="..\..\rtl\c\chrdwncs.c">
      <Filter>Source Files</Filter>
    </ClCompile>
    <ClCompile Include="..\..\rtl\c\chrequl.c">
      <Filter>Source Files</Filter>
    </ClCompile>
    <ClCompile Include="..\..\rtl\c\chrequln.c">
      <Filter>Source Files</Filter>
    </ClCompile>
    <ClCompile Include="..\..\rtl\c\chrequlr.c">
      <Filter>Source Files</Filter>
    </ClCompile>
    <ClCompile Include="..\..\rtl\c\chrgrtrp.c">
      <Filter>Source Files</Filter>
    </ClCompile>
    <ClCompile Include="..\..\rtl\c\chrlessp.c">
      <Filter>Source Files</Filter>
    </ClCompile>
    <ClCompile Include="..\..\rtl\c\chrlsspn.c">
      <Filter>Source Files</Filter>
    </ClCompile>
    <ClCompile Include="..\..\rtl\c\chrlsspr.c">
      <Filter>Source Files</Filter>
    </ClCompile>
    <ClCompile Include="..\..\rtl\c\chrmmbr.c">
      <Filter>Source Files</Filter>
    </ClCompile>
    <ClCompile Include="..\..\rtl\c\chrntqln.c">
      <Filter>Source Files</Filter>
    </ClCompile>
    <ClCompile Include="..\..\rtl\c\chrntqlr.c">
      <Filter>Source Files</Filter>
    </ClCompile>
    <ClCompile Include="..\..\rtl\c\chrntqul.c">
      <Filter>Source Files</Filter>
    </ClCompile>
    <ClCompile Include="..\..\rtl\c\chrupcse.c">
      <Filter>Source Files</Filter>
    </ClCompile>
    <ClCompile Include="..\..\rtl\c\cllc.c">
      <Filter>Source Files</Filter>
    </ClCompile>
    <ClCompile Include="..\..\rtl\c\clrinput.c">
      <Filter>Source Files</Filter>
    </ClCompile>
    <ClCompile Include="..\..\rtl\c\clrutput.c">
      <Filter>Source Files</Filter>
    </ClCompile>
    <ClCompile Include="..\..\rtl\c\cmplmnnl.c">
      <Filter>Source Files</Filter>
    </ClCompile>
    <ClCompile Include="..\..\rtl\c\cmplncnp.c">
      <Filter>Source Files</Filter>
    </ClCompile>
    <ClCompile Include="..\..\rtl\c\cnnlnncn.c">
      <Filter>Source Files</Filter>
    </ClCompile>
    <ClCompile Include="..\..\rtl\c\cnsnlfls.c">
      <Filter>Source Files</Filter>
    </ClCompile>
    <ClCompile Include="..\..\rtl\c\cnsnlndl.c">
      <Filter>Source Files</Filter>
    </ClCompile>
    <ClCompile Include="..\..\rtl\c\cnsnlr.c">
      <Filter>Source Files</Filter>
    </ClCompile>
    <ClCompile Include="..\..\rtl\c\cobjectp.c">
      <Filter>Source Files</Filter>
    </ClCompile>
    <ClCompile Include="..\..\rtl\c\codechar.c">
      <Filter>Source Files</Filter>
    </ClCompile>
    <ClCompile Include="..\..\rtl\c\coerce.c">
      <Filter>Source Files</Filter>
    </ClCompile>
    <ClCompile Include="..\..\rtl\c\commonp.c">
      <Filter>Source Files</Filter>
    </ClCompile>
    <ClCompile Include="..\..\rtl\c\complexp.c">
      <Filter>Source Files</Filter>
    </ClCompile>
    <ClCompile Include="..\..\rtl\c\conctnt.c">
      <Filter>Source Files</Filter>
    </ClCompile>
    <ClCompile Include="..\..\rtl\c\consp.c">
      <Filter>Source Files</Filter>
    </ClCompile>
    <ClCompile Include="..\..\rtl\c\copy_seq.c">
      <Filter>Source Files</Filter>
    </ClCompile>
    <ClCompile Include="..\..\rtl\c\copylist.c">
      <Filter>Source Files</Filter>
    </ClCompile>
    <ClCompile Include="..\..\rtl\c\copytree.c">
      <Filter>Source Files</Filter>
    </ClCompile>
    <ClCompile Include="..\..\rtl\c\count.c">
      <Filter>Source Files</Filter>
    </ClCompile>
    <ClCompile Include="..\..\rtl\c\count_if.c">
      <Filter>Source Files</Filter>
    </ClCompile>
    <ClCompile Include="..\..\rtl\c\cp_alist.c">
      <Filter>Source Files</Filter>
    </ClCompile>
    <ClCompile Include="..\..\rtl\c\cpfptr.c">
      <Filter>Source Files</Filter>
    </ClCompile>
    <ClCompile Include="..\..\rtl\c\cpysymbl.c">
      <Filter>Source Files</Filter>
    </ClCompile>
    <ClCompile Include="..\..\rtl\c\crgrtrpn.c">
      <Filter>Source Files</Filter>
    </ClCompile>
    <ClCompile Include="..\..\rtl\c\crgrtrpr.c">
      <Filter>Source Files</Filter>
    </ClCompile>
    <ClCompile Include="..\..\rtl\c\crngrrp.c">
      <Filter>Source Files</Filter>
    </ClCompile>
    <ClCompile Include="..\..\rtl\c\crngrrpn.c">
      <Filter>Source Files</Filter>
    </ClCompile>
    <ClCompile Include="..\..\rtl\c\crngrrpr.c">
      <Filter>Source Files</Filter>
    </ClCompile>
    <ClCompile Include="..\..\rtl\c\crnlsspn.c">
      <Filter>Source Files</Filter>
    </ClCompile>
    <ClCompile Include="..\..\rtl\c\crnlsspr.c">
      <Filter>Source Files</Filter>
    </ClCompile>
    <ClCompile Include="..\..\rtl\c\crntlssp.c">
      <Filter>Source Files</Filter>
    </ClCompile>
    <ClCompile Include="..\..\rtl\c\csnpsrm.c">
      <Filter>Source Files</Filter>
    </ClCompile>
    <ClCompile Include="..\..\rtl\c\cspsrm.c">
      <Filter>Source Files</Filter>
    </ClCompile>
    <ClCompile Include="..\..\rtl\c\cswrsrm.c">
      <Filter>Source Files</Filter>
    </ClCompile>
    <ClCompile Include="..\..\rtl\c\ctrlvars.c">
      <Filter>Source Files</Filter>
    </ClCompile>
    <ClCompile Include="..\..\rtl\c\cuntifnt.c">
      <Filter>Source Files</Filter>
    </ClCompile>
    <ClCompile Include="..\..\rtl\c\dbltntgr.c">
      <Filter>Source Files</Filter>
    </ClCompile>
    <ClCompile Include="..\..\rtl\c\dcdnvslm.c">
      <Filter>Source Files</Filter>
    </ClCompile>
    <ClCompile Include="..\..\rtl\c\dcnmsng.c">
      <Filter>Source Files</Filter>
    </ClCompile>
    <ClCompile Include="..\..\rtl\c\defftp.c">
      <Filter>Source Files</Filter>
    </ClCompile>
    <ClCompile Include="..\..\rtl\c\deleteeq.c">
      <Filter>Source Files</Filter>
    </ClCompile>
    <ClCompile Include="..\..\rtl\c\deleteif.c">
      <Filter>Source Files</Filter>
    </ClCompile>
    <ClCompile Include="..\..\rtl\c\delq.c">
      <Filter>Source Files</Filter>
    </ClCompile>
    <ClCompile Include="..\..\rtl\c\describe.c">
      <Filter>Source Files</Filter>
    </ClCompile>
    <ClCompile Include="..\..\rtl\c\dgtchrp.c">
      <Filter>Source Files</Filter>
    </ClCompile>
    <ClCompile Include="..\..\rtl\c\digitchr.c">
      <Filter>Source Files</Filter>
    </ClCompile>
    <ClCompile Include="..\..\rtl\c\dirctory.c">
      <Filter>Source Files</Filter>
    </ClCompile>
    <ClCompile Include="..\..\rtl\c\dldplcs.c">
      <Filter>Source Files</Filter>
    </ClCompile>
    <ClCompile Include="..\..\rtl\c\dltfil.c">
      <Filter>Source Files</Filter>
    </ClCompile>
    <ClCompile Include="..\..\rtl\c\dltifnot.c">
      <Filter>Source Files</Filter>
    </ClCompile>
    <ClCompile Include="..\..\rtl\c\dltql.c">
      <Filter>Source Files</Filter>
    </ClCompile>
    <ClCompile Include="..\..\rtl\c\dltqul.c">
      <Filter>Source Files</Filter>
    </ClCompile>
    <ClCompile Include="..\..\rtl\c\doaref1.c">
      <Filter>Source Files</Filter>
    </ClCompile>
    <ClCompile Include="..\..\rtl\c\dormovif.c">
      <Filter>Source Files</Filter>
    </ClCompile>
    <ClCompile Include="..\..\rtl\c\dostfrf.c">
      <Filter>Source Files</Filter>
    </ClCompile>
    <ClCompile Include="..\..\rtl\c\drmfrrr.c">
      <Filter>Source Files</Filter>
    </ClCompile>
    <ClCompile Include="..\..\rtl\c\eighth.c">
      <Filter>Source Files</Filter>
    </ClCompile>
    <ClCompile Include="..\..\rtl\c\encnvslm.c">
      <Filter>Source Files</Filter>
    </ClCompile>
    <ClCompile Include="..\..\rtl\c\endp.c">
      <Filter>Source Files</Filter>
    </ClCompile>
    <ClCompile Include="..\..\rtl\c\engnmsng.c">
      <Filter>Source Files</Filter>
    </ClCompile>
    <ClCompile Include="..\..\rtl\c\eq.c">
      <Filter>Source Files</Filter>
    </ClCompile>
    <ClCompile Include="..\..\rtl\c\eql.c">
      <Filter>Source Files</Filter>
    </ClCompile>
    <ClCompile Include="..\..\rtl\c\equal.c">
      <Filter>Source Files</Filter>
    </ClCompile>
    <ClCompile Include="..\..\rtl\c\equalp.c">
      <Filter>Source Files</Filter>
    </ClCompile>
    <ClCompile Include="..\..\rtl\c\err_aux.c">
      <Filter>Source Files</Filter>
    </ClCompile>
    <ClCompile Include="..\..\rtl\c\errors.c">
      <Filter>Source Files</Filter>
    </ClCompile>
    <ClCompile Include="..\..\rtl\c\evalinit.c">
      <Filter>Source Files</Filter>
    </ClCompile>
    <ClCompile Include="..\..\rtl\c\evalrun.c">
      <Filter>Source Files</Filter>
    </ClCompile>
    <ClCompile Include="..\..\rtl\c\evals.c">
      <Filter>Source Files</Filter>
    </ClCompile>
    <ClCompile Include="..\..\rtl\c\faref.c">
      <Filter>Source Files</Filter>
    </ClCompile>
    <ClCompile Include="..\..\rtl\c\fifth.c">
      <Filter>Source Files</Filter>
    </ClCompile>
    <ClCompile Include="..\..\rtl\c\filesys.c">
      <Filter>Source Files</Filter>
    </ClCompile>
    <ClCompile Include="..\..\rtl\c\fill.c">
      <Filter>Source Files</Filter>
    </ClCompile>
    <ClCompile Include="..\..\rtl\c\fillngth.c">
      <Filter>Source Files</Filter>
    </ClCompile>
    <ClCompile Include="..\..\rtl\c\filuthor.c">
      <Filter>Source Files</Filter>
    </ClCompile>
    <ClCompile Include="..\..\rtl\c\find.c">
      <Filter>Source Files</Filter>
    </ClCompile>
    <ClCompile Include="..\..\rtl\c\find_if.c">
      <Filter>Source Files</Filter>
    </ClCompile>
    <ClCompile Include="..\..\rtl\c\findifnt.c">
      <Filter>Source Files</Filter>
    </ClCompile>
    <ClCompile Include="..\..\rtl\c\first.c">
      <Filter>Source Files</Filter>
    </ClCompile>
    <ClCompile Include="..\..\rtl\c\fixnump.c">
      <Filter>Source Files</Filter>
    </ClCompile>
    <ClCompile Include="..\..\rtl\c\flatsize.c">
      <Filter>Source Files</Filter>
    </ClCompile>
    <ClCompile Include="..\..\rtl\c\fllpntr.c">
      <Filter>Source Files</Filter>
    </ClCompile>
    <ClCompile Include="..\..\rtl\c\flnmsrng.c">
      <Filter>Source Files</Filter>
    </ClCompile>
    <ClCompile Include="..\..\rtl\c\floatp.c">
      <Filter>Source Files</Filter>
    </ClCompile>
    <ClCompile Include="..\..\rtl\c\flpstn.c">
      <Filter>Source Files</Filter>
    </ClCompile>
    <ClCompile Include="..\..\rtl\c\flwrtdt.c">
      <Filter>Source Files</Filter>
    </ClCompile>
    <ClCompile Include="..\..\rtl\c\fnllmbl.c">
      <Filter>Source Files</Filter>
    </ClCompile>
    <ClCompile Include="..\..\rtl\c\fnshtm.c">
      <Filter>Source Files</Filter>
    </ClCompile>
    <ClCompile Include="..\..\rtl\c\fnshtpt.c">
      <Filter>Source Files</Filter>
    </ClCompile>
    <ClCompile Include="..\..\rtl\c\format.c">
      <Filter>Source Files</Filter>
    </ClCompile>
    <ClCompile Include="..\..\rtl\c\forptrp.c">
      <Filter>Source Files</Filter>
    </ClCompile>
    <ClCompile Include="..\..\rtl\c\forptrtp.c">
      <Filter>Source Files</Filter>
    </ClCompile>
    <ClCompile Include="..\..\rtl\c\fortype.c">
      <Filter>Source Files</Filter>
    </ClCompile>
    <ClCompile Include="..\..\rtl\c\fortypep.c">
      <Filter>Source Files</Filter>
    </ClCompile>
    <ClCompile Include="..\..\rtl\c\forval.c">
      <Filter>Source Files</Filter>
    </ClCompile>
    <ClCompile Include="..\..\rtl\c\fourth.c">
      <Filter>Source Files</Filter>
    </ClCompile>
    <ClCompile Include="..\..\rtl\c\fpaddr.c">
      <Filter>Source Files</Filter>
    </ClCompile>
    <ClCompile Include="..\..\rtl\c\fptrs.c">
      <Filter>Source Files</Filter>
    </ClCompile>
    <ClCompile Include="..\..\rtl\c\fptype.c">
      <Filter>Source Files</Filter>
    </ClCompile>
    <ClCompile Include="..\..\rtl\c\frcutput.c">
      <Filter>Source Files</Filter>
    </ClCompile>
    <ClCompile Include="..\..\rtl\c\frfptr.c">
      <Filter>Source Files</Filter>
    </ClCompile>
    <ClCompile Include="..\..\rtl\c\frshlin.c">
      <Filter>Source Files</Filter>
    </ClCompile>
    <ClCompile Include="..\..\rtl\c\fsizeof.c">
      <Filter>Source Files</Filter>
    </ClCompile>
    <ClCompile Include="..\..\rtl\c\fstrval.c">
      <Filter>Source Files</Filter>
    </ClCompile>
    <ClCompile Include="..\..\rtl\c\ftmod.c">
      <Filter>Source Files</Filter>
    </ClCompile>
    <ClCompile Include="..\..\rtl\c\ftname.c">
      <Filter>Source Files</Filter>
    </ClCompile>
    <ClCompile Include="..\..\rtl\c\ftrem.c">
      <Filter>Source Files</Filter>
    </ClCompile>
    <ClCompile Include="..\..\rtl\c\ftsize.c">
      <Filter>Source Files</Filter>
    </ClCompile>
    <ClCompile Include="..\..\rtl\c\ftypep.c">
      <Filter>Source Files</Filter>
    </ClCompile>
    <ClCompile Include="..\..\rtl\c\funcall.c">
      <Filter>Source Files</Filter>
    </ClCompile>
    <ClCompile Include="..\..\rtl\c\funcall3.c">
      <Filter>Source Files</Filter>
    </ClCompile>
    <ClCompile Include="..\..\rtl\c\funcln.c">
      <Filter>Source Files</Filter>
    </ClCompile>
    <ClCompile Include="..\..\rtl\c\functinp.c">
      <Filter>Source Files</Filter>
    </ClCompile>
    <ClCompile Include="..\..\rtl\c\gensym.c">
      <Filter>Source Files</Filter>
    </ClCompile>
    <ClCompile Include="..\..\rtl\c\gentemp.c">
      <Filter>Source Files</Filter>
    </ClCompile>
    <ClCompile Include="..\..\rtl\c\get.c">
      <Filter>Source Files</Filter>
    </ClCompile>
    <ClCompile Include="..\..\rtl\c\getf.c">
      <Filter>Source Files</Filter>
    </ClCompile>
    <ClCompile Include="..\..\rtl\c\gnrnlrlm.c">
      <Filter>Source Files</Filter>
    </ClCompile>
    <ClCompile Include="..\..\rtl\c\gnrnlrnm.c">
      <Filter>Source Files</Filter>
    </ClCompile>
    <ClCompile Include="..\..\rtl\c\gnvrslm.c">
      <Filter>Source Files</Filter>
    </ClCompile>
    <ClCompile Include="..\..\rtl\c\grpccrp.c">
      <Filter>Source Files</Filter>
    </ClCompile>
    <ClCompile Include="..\..\rtl\c\gtdcddtm.c">
      <Filter>Source Files</Filter>
    </ClCompile>
    <ClCompile Include="..\..\rtl\c\gtprprts.c">
      <Filter>Source Files</Filter>
    </ClCompile>
    <ClCompile Include="..\..\rtl\c\hash.c">
      <Filter>Source Files</Filter>
    </ClCompile>
    <ClCompile Include="..\..\rtl\c\heap.c">
      <Filter>Source Files</Filter>
    </ClCompile>
    <ClCompile Include="..\..\rtl\c\hsnmsrng.c">
      <Filter>Source Files</Filter>
    </ClCompile>
    <ClCompile Include="..\..\rtl\c\ichrnme.c">
      <Filter>Source Files</Filter>
    </ClCompile>
    <ClCompile Include="..\..\rtl\c\identity.c">
      <Filter>Source Files</Filter>
    </ClCompile>
    <ClCompile Include="..\..\rtl\c\ifuns.c">
      <Filter>Source Files</Filter>
    </ClCompile>
    <ClCompile Include="..\..\rtl\c\igglg.c">
      <Filter>Source Files</Filter>
    </ClCompile>
    <ClCompile Include="..\..\rtl\c\ilzxlbl.c">
      <Filter>Source Files</Filter>
    </ClCompile>
    <ClCompile Include="..\..\rtl\c\immedite.c">
      <Filter>Source Files</Filter>
    </ClCompile>
    <ClCompile Include="..\..\rtl\c\ingrlng.c">
      <Filter>Source Files</Filter>
    </ClCompile>
    <ClCompile Include="..\..\rtl\c\initgc.c">
      <Filter>Source Files</Filter>
    </ClCompile>
    <ClCompile Include="..\..\rtl\c\inlzllbl.c">
      <Filter>Source Files</Filter>
    </ClCompile>
    <ClCompile Include="..\..\rtl\c\inlzmbl.c">
      <Filter>Source Files</Filter>
    </ClCompile>
    <ClCompile Include="..\..\rtl\c\inlzpckg.c">
      <Filter>Source Files</Filter>
    </ClCompile>
    <ClCompile Include="..\..\rtl\c\innlmkp.c">
      <Filter>Source Files</Filter>
    </ClCompile>
    <ClCompile Include="..\..\rtl\c\inspect.c">
      <Filter>Source Files</Filter>
    </ClCompile>
    <ClCompile Include="..\..\rtl\c\int_char.c">
      <Filter>Source Files</Filter>
    </ClCompile>
    <ClCompile Include="..\..\rtl\c\integerp.c">
      <Filter>Source Files</Filter>
    </ClCompile>
    <ClCompile Include="..\..\rtl\c\intrsctn.c">
      <Filter>Source Files</Filter>
    </ClCompile>
    <ClCompile Include="..\..\rtl\c\invldmd.c">
      <Filter>Source Files</Filter>
    </ClCompile>
    <ClCompile Include="..\..\rtl\c\invlncnn.c">
      <Filter>Source Files</Filter>
    </ClCompile>
    <ClCompile Include="..\..\rtl\c\io.c">
      <Filter>Source Files</Filter>
    </ClCompile>
    <ClCompile Include="..\..\rtl\c\ismblnm.c">
      <Filter>Source Files</Filter>
    </ClCompile>
    <ClCompile Include="..\..\rtl\c\isngsng.c">
      <Filter>Source Files</Filter>
    </ClCompile>
    <ClCompile Include="..\..\rtl\c\isngsngn.c">
      <Filter>Source Files</Filter>
    </ClCompile>
    <ClCompile Include="..\..\rtl\c\isyms.c">
      <Filter>Source Files</Filter>
    </ClCompile>
    <ClCompile Include="..\..\rtl\c\keywordp.c">
      <Filter>Source Files</Filter>
    </ClCompile>
    <ClCompile Include="..\..\rtl\c\lambinit.c">
      <Filter>Source Files</Filter>
    </ClCompile>
    <ClCompile Include="..\..\rtl\c\last.c">
      <Filter>Source Files</Filter>
    </ClCompile>
    <ClCompile Include="..\..\rtl\c\ldelete.c">
      <Filter>Source Files</Filter>
    </ClCompile>
    <ClCompile Include="..\..\rtl\c\ldiff.c">
      <Filter>Source Files</Filter>
    </ClCompile>
    <ClCompile Include="..\..\rtl\c\lfloat.c">
      <Filter>Source Files</Filter>
    </ClCompile>
    <ClCompile Include="..\..\rtl\c\lgclpnmp.c">
      <Filter>Source Files</Filter>
    </ClCompile>
    <ClCompile Include="..\..\rtl\c\list.c">
      <Filter>Source Files</Filter>
    </ClCompile>
    <ClCompile Include="..\..\rtl\c\listp.c">
      <Filter>Source Files</Filter>
    </ClCompile>
    <ClCompile Include="..\..\rtl\c\listrvrs.c">
      <Filter>Source Files</Filter>
    </ClCompile>
    <ClCompile Include="..\..\rtl\c\liststar.c">
      <Filter>Source Files</Filter>
    </ClCompile>
    <ClCompile Include="..\..\rtl\c\listvlus.c">
      <Filter>Source Files</Filter>
    </ClCompile>
    <ClCompile Include="..\..\rtl\c\llisten.c">
      <Filter>Source Files</Filter>
    </ClCompile>
    <ClCompile Include="..\..\rtl\c\lmlmnn.c">
      <Filter>Source Files</Filter>
    </ClCompile>
    <ClCompile Include="..\..\rtl\c\lmlmnnvn.c">
      <Filter>Source Files</Filter>
    </ClCompile>
    <ClCompile Include="..\..\rtl\c\load.c">
      <Filter>Source Files</Filter>
    </ClCompile>
    <ClCompile Include="..\..\rtl\c\load_run.c">
      <Filter>Source Files</Filter>
    </ClCompile>
    <ClCompile Include="..\..\rtl\c\lopen.c">
      <Filter>Source Files</Filter>
    </ClCompile>
    <ClCompile Include="..\..\rtl\c\lowrcsp.c">
      <Filter>Source Files</Filter>
    </ClCompile>
    <ClCompile Include="..\..\rtl\c\lreader.c">
      <Filter>Source Files</Filter>
    </ClCompile>
    <ClCompile Include="..\..\rtl\c\lremove.c">
      <Filter>Source Files</Filter>
    </ClCompile>
    <ClCompile Include="..\..\rtl\c\lsleep.c">
      <Filter>Source Files</Filter>
    </ClCompile>
    <ClCompile Include="..\..\rtl\c\lstlngth.c">
      <Filter>Source Files</Filter>
    </ClCompile>
    <ClCompile Include="..\..\rtl\c\lstnrvrs.c">
      <Filter>Source Files</Filter>
    </ClCompile>
    <ClCompile Include="..\..\rtl\c\lunion.c">
      <Filter>Source Files</Filter>
    </ClCompile>
    <ClCompile Include="..\..\rtl\c\m_nthcdr.c">
      <Filter>Source Files</Filter>
    </ClCompile>
    <ClCompile Include="..\..\rtl\c\macros.c">
      <Filter>Source Files</Filter>
    </ClCompile>
    <ClCompile Include="..\..\rtl\c\makechar.c">
      <Filter>Source Files</Filter>
    </ClCompile>
    <ClCompile Include="..\..\rtl\c\makelist.c">
      <Filter>Source Files</Filter>
    </ClCompile>
    <ClCompile Include="..\..\rtl\c\map.c">
      <Filter>Source Files</Filter>
    </ClCompile>
    <ClCompile Include="..\..\rtl\c\map_into.c">
      <Filter>Source Files</Filter>
    </ClCompile>
    <ClCompile Include="..\..\rtl\c\mapcar.c">
      <Filter>Source Files</Filter>
    </ClCompile>
    <ClCompile Include="..\..\rtl\c\markgc.c">
      <Filter>Source Files</Filter>
    </ClCompile>
    <ClCompile Include="..\..\rtl\c\mcfptr.c">
      <Filter>Source Files</Filter>
    </ClCompile>
    <ClCompile Include="..\..\rtl\c\mchintyp.c">
      <Filter>Source Files</Filter>
    </ClCompile>
    <ClCompile Include="..\..\rtl\c\mchnvrsn.c">
      <Filter>Source Files</Filter>
    </ClCompile>
    <ClCompile Include="..\..\rtl\c\mcnnstnc.c">
      <Filter>Source Files</Filter>
    </ClCompile>
    <ClCompile Include="..\..\rtl\c\mdcmbnn.c">
      <Filter>Source Files</Filter>
    </ClCompile>
    <ClCompile Include="..\..\rtl\c\member.c">
      <Filter>Source Files</Filter>
    </ClCompile>
    <ClCompile Include="..\..\rtl\c\membereq.c">
      <Filter>Source Files</Filter>
    </ClCompile>
    <ClCompile Include="..\..\rtl\c\memberif.c">
      <Filter>Source Files</Filter>
    </ClCompile>
    <ClCompile Include="..\..\rtl\c\memberse.c">
      <Filter>Source Files</Filter>
    </ClCompile>
    <ClCompile Include="..\..\rtl\c\memq.c">
      <Filter>Source Files</Filter>
    </ClCompile>
    <ClCompile Include="..\..\rtl\c\merge.c">
      <Filter>Source Files</Filter>
    </ClCompile>
    <ClCompile Include="..\..\rtl\c\mismatch.c">
      <Filter>Source Files</Filter>
    </ClCompile>
    <ClCompile Include="..\..\rtl\c\mkarrlt.c">
      <Filter>Source Files</Filter>
    </ClCompile>
    <ClCompile Include="..\..\rtl\c\mkcomplx.c">
      <Filter>Source Files</Filter>
    </ClCompile>
    <ClCompile Include="..\..\rtl\c\mkfptr.c">
      <Filter>Source Files</Filter>
    </ClCompile>
    <ClCompile Include="..\..\rtl\c\mkfptri.c">
      <Filter>Source Files</Filter>
    </ClCompile>
    <ClCompile Include="..\..\rtl\c\mkpthnm.c">
      <Filter>Source Files</Filter>
    </ClCompile>
    <ClCompile Include="..\..\rtl\c\mkscnsnc.c">
      <Filter>Source Files</Filter>
    </ClCompile>
    <ClCompile Include="..\..\rtl\c\mksqunc.c">
      <Filter>Source Files</Filter>
    </ClCompile>
    <ClCompile Include="..\..\rtl\c\mksymbol.c">
      <Filter>Source Files</Filter>
    </ClCompile>
    <ClCompile Include="..\..\rtl\c\mkunbund.c">
      <Filter>Source Files</Filter>
    </ClCompile>
    <ClCompile Include="..\..\rtl\c\mkvctor.c">
      <Filter>Source Files</Filter>
    </ClCompile>
    <ClCompile Include="..\..\rtl\c\mkvlucll.c">
      <Filter>Source Files</Filter>
    </ClCompile>
    <ClCompile Include="..\..\rtl\c\mlplvlln.c">
      <Filter>Source Files</Filter>
    </ClCompile>
    <ClCompile Include="..\..\rtl\c\mmbrifnt.c">
      <Filter>Source Files</Filter>
    </ClCompile>
    <ClCompile Include="..\..\rtl\c\mmbrodd.c">
      <Filter>Source Files</Filter>
    </ClCompile>
    <ClCompile Include="..\..\rtl\c\mmbrql.c">
      <Filter>Source Files</Filter>
    </ClCompile>
    <ClCompile Include="..\..\rtl\c\mmbrqul.c">
      <Filter>Source Files</Filter>
    </ClCompile>
    <ClCompile Include="..\..\rtl\c\mrgptnms.c">
      <Filter>Source Files</Filter>
    </ClCompile>
    <ClCompile Include="..\..\rtl\c\mspcmccc.c">
      <Filter>Source Files</Filter>
    </ClCompile>
    <ClCompile Include="..\..\rtl\c\mvsn.c">
      <Filter>Source Files</Filter>
    </ClCompile>
    <ClCompile Include="..\..\rtl\c\namechar.c">
      <Filter>Source Files</Filter>
    </ClCompile>
    <ClCompile Include="..\..\rtl\c\nbutlast.c">
      <Filter>Source Files</Filter>
    </ClCompile>
    <ClCompile Include="..\..\rtl\c\nconc.c">
      <Filter>Source Files</Filter>
    </ClCompile>
    <ClCompile Include="..\..\rtl\c\nconc2.c">
      <Filter>Source Files</Filter>
    </ClCompile>
    <ClCompile Include="..\..\rtl\c\ncons.c">
      <Filter>Source Files</Filter>
    </ClCompile>
    <ClCompile Include="..\..\rtl\c\ncons1.c">
      <Filter>Source Files</Filter>
    </ClCompile>
    <ClCompile Include="..\..\rtl\c\ninth.c">
      <Filter>Source Files</Filter>
    </ClCompile>
    <ClCompile Include="..\..\rtl\c\nmstring.c">
      <Filter>Source Files</Filter>
    </ClCompile>
    <ClCompile Include="..\..\rtl\c\nntrsctn.c">
      <Filter>Source Files</Filter>
    </ClCompile>
    <ClCompile Include="..\..\rtl\c\not.c">
      <Filter>Source Files</Filter>
    </ClCompile>
    <ClCompile Include="..\..\rtl\c\nreconc.c">
      <Filter>Source Files</Filter>
    </ClCompile>
    <ClCompile Include="..\..\rtl\c\nreverse.c">
      <Filter>Source Files</Filter>
    </ClCompile>
    <ClCompile Include="..\..\rtl\c\nsbsfn.c">
      <Filter>Source Files</Filter>
    </ClCompile>
    <ClCompile Include="..\..\rtl\c\nsbstfnt.c">
      <Filter>Source Files</Filter>
    </ClCompile>
    <ClCompile Include="..\..\rtl\c\nsbsttt.c">
      <Filter>Source Files</Filter>
    </ClCompile>
    <ClCompile Include="..\..\rtl\c\nsbstttf.c">
      <Filter>Source Files</Filter>
    </ClCompile>
    <ClCompile Include="..\..\rtl\c\nsdffrnc.c">
      <Filter>Source Files</Filter>
    </ClCompile>
    <ClCompile Include="..\..\rtl\c\nsngcplz.c">
      <Filter>Source Files</Filter>
    </ClCompile>
    <ClCompile Include="..\..\rtl\c\nsngdncs.c">
      <Filter>Source Files</Filter>
    </ClCompile>
    <ClCompile Include="..\..\rtl\c\nsrngpcs.c">
      <Filter>Source Files</Filter>
    </ClCompile>
    <ClCompile Include="..\..\rtl\c\nsublis.c">
      <Filter>Source Files</Filter>
    </ClCompile>
    <ClCompile Include="..\..\rtl\c\nsubst.c">
      <Filter>Source Files</Filter>
    </ClCompile>
    <ClCompile Include="..\..\rtl\c\nsubstif.c">
      <Filter>Source Files</Filter>
    </ClCompile>
    <ClCompile Include="..\..\rtl\c\nsxclsvr.c">
      <Filter>Source Files</Filter>
    </ClCompile>
    <ClCompile Include="..\..\rtl\c\nth.c">
      <Filter>Source Files</Filter>
    </ClCompile>
    <ClCompile Include="..\..\rtl\c\nthcdr.c">
      <Filter>Source Files</Filter>
    </ClCompile>
    <ClCompile Include="..\..\rtl\c\null.c">
      <Filter>Source Files</Filter>
    </ClCompile>
    <ClCompile Include="..\..\rtl\c\numberp.c">
      <Filter>Source Files</Filter>
    </ClCompile>
    <ClCompile Include="..\..\rtl\c\numbers.c">
      <Filter>Source Files</Filter>
    </ClCompile>
    <ClCompile Include="..\..\rtl\c\numinit.c">
      <Filter>Source Files</Filter>
    </ClCompile>
    <ClCompile Include="..\..\rtl\c\nunion.c">
      <Filter>Source Files</Filter>
    </ClCompile>
    <ClCompile Include="..\..\rtl\c\objccdbl.c">
      <Filter>Source Files</Filter>
    </ClCompile>
    <ClCompile Include="..\..\rtl\c\oldsyms.c">
      <Filter>Source Files</Filter>
    </ClCompile>
    <ClCompile Include="..\..\rtl\c\packagep.c">
      <Filter>Source Files</Filter>
    </ClCompile>
    <ClCompile Include="..\..\rtl\c\packages.c">
      <Filter>Source Files</Filter>
    </ClCompile>
    <ClCompile Include="..\..\rtl\c\pairlis.c">
      <Filter>Source Files</Filter>
    </ClCompile>
    <ClCompile Include="..\..\rtl\c\pathname.c">
      <Filter>Source Files</Filter>
    </ClCompile>
    <ClCompile Include="..\..\rtl\c\pctpintr.c">
      <Filter>Source Files</Filter>
    </ClCompile>
    <ClCompile Include="..\..\rtl\c\peekchar.c">
      <Filter>Source Files</Filter>
    </ClCompile>
    <ClCompile Include="..\..\rtl\c\pkginit.c">
      <Filter>Source Files</Filter>
    </ClCompile>
    <ClCompile Include="..\..\rtl\c\pnmdrcr.c">
      <Filter>Source Files</Filter>
    </ClCompile>
    <ClCompile Include="..\..\rtl\c\position.c">
      <Filter>Source Files</Filter>
    </ClCompile>
    <ClCompile Include="..\..\rtl\c\pprint.c">
      <Filter>Source Files</Filter>
    </ClCompile>
    <ClCompile Include="..\..\rtl\c\prin1.c">
      <Filter>Source Files</Filter>
    </ClCompile>
    <ClCompile Include="..\..\rtl\c\princ.c">
      <Filter>Source Files</Filter>
    </ClCompile>
    <ClCompile Include="..\..\rtl\c\print.c">
      <Filter>Source Files</Filter>
    </ClCompile>
    <ClCompile Include="..\..\rtl\c\prmpfrvl.c">
      <Filter>Source Files</Filter>
    </ClCompile>
    <ClCompile Include="..\..\rtl\c\prn1srng.c">
      <Filter>Source Files</Filter>
    </ClCompile>
    <ClCompile Include="..\..\rtl\c\prncsrng.c">
      <Filter>Source Files</Filter>
    </ClCompile>
    <ClCompile Include="..\..\rtl\c\prntinit.c">
      <Filter>Source Files</Filter>
    </ClCompile>
    <ClCompile Include="..\..\rtl\c\probfil.c">
      <Filter>Source Files</Filter>
    </ClCompile>
    <ClCompile Include="..\..\rtl\c\proclaim.c">
      <Filter>Source Files</Filter>
    </ClCompile>
    <ClCompile Include="..\..\rtl\c\progv_do.c">
      <Filter>Source Files</Filter>
    </ClCompile>
    <ClCompile Include="..\..\rtl\c\prsintgr.c">
      <Filter>Source Files</Filter>
    </ClCompile>
    <ClCompile Include="..\..\rtl\c\psitinif.c">
      <Filter>Source Files</Filter>
    </ClCompile>
    <ClCompile Include="..\..\rtl\c\psnmsng.c">
      <Filter>Source Files</Filter>
    </ClCompile>
    <ClCompile Include="..\..\rtl\c\pstnfnt.c">
      <Filter>Source Files</Filter>
    </ClCompile>
    <ClCompile Include="..\..\rtl\c\pthnmdvc.c">
      <Filter>Source Files</Filter>
    </ClCompile>
    <ClCompile Include="..\..\rtl\c\pthnmep.c">
      <Filter>Source Files</Filter>
    </ClCompile>
    <ClCompile Include="..\..\rtl\c\pthnmhst.c">
      <Filter>Source Files</Filter>
    </ClCompile>
    <ClCompile Include="..\..\rtl\c\pthnmnm.c">
      <Filter>Source Files</Filter>
    </ClCompile>
    <ClCompile Include="..\..\rtl\c\pthnmtyp.c">
      <Filter>Source Files</Filter>
    </ClCompile>
    <ClCompile Include="..\..\rtl\c\ptnmvrsn.c">
      <Filter>Source Files</Filter>
    </ClCompile>
    <ClCompile Include="..\..\rtl\c\rassoc.c">
      <Filter>Source Files</Filter>
    </ClCompile>
    <ClCompile Include="..\..\rtl\c\rassocif.c">
      <Filter>Source Files</Filter>
    </ClCompile>
    <ClCompile Include="..\..\rtl\c\ratiop.c">
      <Filter>Source Files</Filter>
    </ClCompile>
    <ClCompile Include="..\..\rtl\c\rdcrnng.c">
      <Filter>Source Files</Filter>
    </ClCompile>
    <ClCompile Include="..\..\rtl\c\rdrmsrng.c">
      <Filter>Source Files</Filter>
    </ClCompile>
    <ClCompile Include="..\..\rtl\c\readbyte.c">
      <Filter>Source Files</Filter>
    </ClCompile>
    <ClCompile Include="..\..\rtl\c\readchar.c">
      <Filter>Source Files</Filter>
    </ClCompile>
    <ClCompile Include="..\..\rtl\c\readinit.c">
      <Filter>Source Files</Filter>
    </ClCompile>
    <ClCompile Include="..\..\rtl\c\readline.c">
      <Filter>Source Files</Filter>
    </ClCompile>
    <ClCompile Include="..\..\rtl\c\realp.c">
      <Filter>Source Files</Filter>
    </ClCompile>
    <ClCompile Include="..\..\rtl\c\reduce.c">
      <Filter>Source Files</Filter>
    </ClCompile>
    <ClCompile Include="..\..\rtl\c\remprop.c">
      <Filter>Source Files</Filter>
    </ClCompile>
    <ClCompile Include="..\..\rtl\c\replace.c">
      <Filter>Source Files</Filter>
    </ClCompile>
    <ClCompile Include="..\..\rtl\c\rest.c">
      <Filter>Source Files</Filter>
    </ClCompile>
    <ClCompile Include="..\..\rtl\c\reverse.c">
      <Filter>Source Files</Filter>
    </ClCompile>
    <ClCompile Include="..\..\rtl\c\revppend.c">
      <Filter>Source Files</Filter>
    </ClCompile>
    <ClCompile Include="..\..\rtl\c\rmvdplcs.c">
      <Filter>Source Files</Filter>
    </ClCompile>
    <ClCompile Include="..\..\rtl\c\rnmfil.c">
      <Filter>Source Files</Filter>
    </ClCompile>
    <ClCompile Include="..\..\rtl\c\room.c">
      <Filter>Source Files</Filter>
    </ClCompile>
    <ClCompile Include="..\..\rtl\c\rplaca.c">
      <Filter>Source Files</Filter>
    </ClCompile>
    <ClCompile Include="..\..\rtl\c\rplacd.c">
      <Filter>Source Files</Filter>
    </ClCompile>
    <ClCompile Include="..\..\rtl\c\rsscifnt.c">
      <Filter>Source Files</Filter>
    </ClCompile>
    <ClCompile Include="..\..\rtl\c\rtionlp.c">
      <Filter>Source Files</Filter>
    </ClCompile>
    <ClCompile Include="..\..\rtl\c\rwmjrrf.c">
      <Filter>Source Files</Filter>
    </ClCompile>
    <ClCompile Include="..\..\rtl\c\s_fill_n.c">
      <Filter>Source Files</Filter>
    </ClCompile>
    <ClCompile Include="..\..\rtl\c\s_find_n.c">
      <Filter>Source Files</Filter>
    </ClCompile>
    <ClCompile Include="..\..\rtl\c\s_load_n.c">
      <Filter>Source Files</Filter>
    </ClCompile>
    <ClCompile Include="..\..\rtl\c\sadjoinn.c">
      <Filter>Source Files</Filter>
    </ClCompile>
    <ClCompile Include="..\..\rtl\c\sassocn.c">
      <Filter>Source Files</Filter>
    </ClCompile>
    <ClCompile Include="..\..\rtl\c\sbgnmdg.c">
      <Filter>Source Files</Filter>
    </ClCompile>
    <ClCompile Include="..\..\rtl\c\sbnrsls.c">
      <Filter>Source Files</Filter>
    </ClCompile>
    <ClCompile Include="..\..\rtl\c\sbsfn.c">
      <Filter>Source Files</Filter>
    </ClCompile>
    <ClCompile Include="..\..\rtl\c\sbstttf.c">
      <Filter>Source Files</Filter>
    </ClCompile>
    <ClCompile Include="..\..\rtl\c\scgnrlrr.c">
      <Filter>Source Files</Filter>
    </ClCompile>
    <ClCompile Include="..\..\rtl\c\schar.c">
      <Filter>Source Files</Filter>
    </ClCompile>
    <ClCompile Include="..\..\rtl\c\schrrlop.c">
      <Filter>Source Files</Filter>
    </ClCompile>
    <ClCompile Include="..\..\rtl\c\schrrlpn.c">
      <Filter>Source Files</Filter>
    </ClCompile>
    <ClCompile Include="..\..\rtl\c\scngvbgn.c">
      <Filter>Source Files</Filter>
    </ClCompile>
    <ClCompile Include="..\..\rtl\c\scnswtgc.c">
      <Filter>Source Files</Filter>
    </ClCompile>
    <ClCompile Include="..\..\rtl\c\scntfntn.c">
      <Filter>Source Files</Filter>
    </ClCompile>
    <ClCompile Include="..\..\rtl\c\scountn.c">
      <Filter>Source Files</Filter>
    </ClCompile>
    <ClCompile Include="..\..\rtl\c\scpvbgnm.c">
      <Filter>Source Files</Filter>
    </ClCompile>
    <ClCompile Include="..\..\rtl\c\scuntifn.c">
      <Filter>Source Files</Filter>
    </ClCompile>
    <ClCompile Include="..\..\rtl\c\sdefs.c">
      <Filter>Source Files</Filter>
    </ClCompile>
    <ClCompile Include="..\..\rtl\c\sdeleten.c">
      <Filter>Source Files</Filter>
    </ClCompile>
    <ClCompile Include="..\..\rtl\c\sdjstrrn.c">
      <Filter>Source Files</Filter>
    </ClCompile>
    <ClCompile Include="..\..\rtl\c\sdltfntn.c">
      <Filter>Source Files</Filter>
    </ClCompile>
    <ClCompile Include="..\..\rtl\c\sdltif.c">
      <Filter>Source Files</Filter>
    </ClCompile>
    <ClCompile Include="..\..\rtl\c\sdltifn.c">
      <Filter>Source Files</Filter>
    </ClCompile>
    <ClCompile Include="..\..\rtl\c\sdmsngn.c">
      <Filter>Source Files</Filter>
    </ClCompile>
    <ClCompile Include="..\..\rtl\c\search.c">
      <Filter>Source Files</Filter>
    </ClCompile>
    <ClCompile Include="..\..\rtl\c\second.c">
      <Filter>Source Files</Filter>
    </ClCompile>
    <ClCompile Include="..\..\rtl\c\segment.c">
      <Filter>Source Files</Filter>
    </ClCompile>
    <ClCompile Include="..\..\rtl\c\seqsimp.c">
      <Filter>Source Files</Filter>
    </ClCompile>
    <ClCompile Include="..\..\rtl\c\set.c">
      <Filter>Source Files</Filter>
    </ClCompile>
    <ClCompile Include="..\..\rtl\c\set_char.c">
      <Filter>Source Files</Filter>
    </ClCompile>
    <ClCompile Include="..\..\rtl\c\set_cxr.c">
      <Filter>Source Files</Filter>
    </ClCompile>
    <ClCompile Include="..\..\rtl\c\set_get.c">
      <Filter>Source Files</Filter>
    </ClCompile>
    <ClCompile Include="..\..\rtl\c\set_getf.c">
      <Filter>Source Files</Filter>
    </ClCompile>
    <ClCompile Include="..\..\rtl\c\set_nth.c">
      <Filter>Source Files</Filter>
    </ClCompile>
    <ClCompile Include="..\..\rtl\c\set_rest.c">
      <Filter>Source Files</Filter>
    </ClCompile>
    <ClCompile Include="..\..\rtl\c\setaref0.c">
      <Filter>Source Files</Filter>
    </ClCompile>
    <ClCompile Include="..\..\rtl\c\setaref1.c">
      <Filter>Source Files</Filter>
    </ClCompile>
    <ClCompile Include="..\..\rtl\c\setaref2.c">
      <Filter>Source Files</Filter>
    </ClCompile>
    <ClCompile Include="..\..\rtl\c\setaref3.c">
      <Filter>Source Files</Filter>
    </ClCompile>
    <ClCompile Include="..\..\rtl\c\setaref4.c">
      <Filter>Source Files</Filter>
    </ClCompile>
    <ClCompile Include="..\..\rtl\c\setaref5.c">
      <Filter>Source Files</Filter>
    </ClCompile>
    <ClCompile Include="..\..\rtl\c\setaref6.c">
      <Filter>Source Files</Filter>
    </ClCompile>
    <ClCompile Include="..\..\rtl\c\setaref7.c">
      <Filter>Source Files</Filter>
    </ClCompile>
    <ClCompile Include="..\..\rtl\c\setf_bit.c">
      <Filter>Source Files</Filter>
    </ClCompile>
    <ClCompile Include="..\..\rtl\c\setfaref.c">
      <Filter>Source Files</Filter>
    </ClCompile>
    <ClCompile Include="..\..\rtl\c\setfifth.c">
      <Filter>Source Files</Filter>
    </ClCompile>
    <ClCompile Include="..\..\rtl\c\setfirst.c">
      <Filter>Source Files</Filter>
    </ClCompile>
    <ClCompile Include="..\..\rtl\c\setfsbit.c">
      <Filter>Source Files</Filter>
    </ClCompile>
    <ClCompile Include="..\..\rtl\c\setninth.c">
      <Filter>Source Files</Filter>
    </ClCompile>
    <ClCompile Include="..\..\rtl\c\setpckge.c">
      <Filter>Source Files</Filter>
    </ClCompile>
    <ClCompile Include="..\..\rtl\c\setschar.c">
      <Filter>Source Files</Filter>
    </ClCompile>
    <ClCompile Include="..\..\rtl\c\setsixth.c">
      <Filter>Source Files</Filter>
    </ClCompile>
    <ClCompile Include="..\..\rtl\c\setsvref.c">
      <Filter>Source Files</Filter>
    </ClCompile>
    <ClCompile Include="..\..\rtl\c\settenth.c">
      <Filter>Source Files</Filter>
    </ClCompile>
    <ClCompile Include="..\..\rtl\c\setthird.c">
      <Filter>Source Files</Filter>
    </ClCompile>
    <ClCompile Include="..\..\rtl\c\seventh.c">
      <Filter>Source Files</Filter>
    </ClCompile>
    <ClCompile Include="..\..\rtl\c\sfaref.c">
      <Filter>Source Files</Filter>
    </ClCompile>
    <ClCompile Include="..\..\rtl\c\sffllpnr.c">
      <Filter>Source Files</Filter>
    </ClCompile>
    <ClCompile Include="..\..\rtl\c\sfindifn.c">
      <Filter>Source Files</Filter>
    </ClCompile>
    <ClCompile Include="..\..\rtl\c\sfllfntn.c">
      <Filter>Source Files</Filter>
    </ClCompile>
    <ClCompile Include="..\..\rtl\c\sfllpnr.c">
      <Filter>Source Files</Filter>
    </ClCompile>
    <ClCompile Include="..\..\rtl\c\sfndfntn.c">
      <Filter>Source Files</Filter>
    </ClCompile>
    <ClCompile Include="..\..\rtl\c\sforval.c">
      <Filter>Source Files</Filter>
    </ClCompile>
    <ClCompile Include="..\..\rtl\c\sfpaddr.c">
      <Filter>Source Files</Filter>
    </ClCompile>
    <ClCompile Include="..\..\rtl\c\sfptype.c">
      <Filter>Source Files</Filter>
    </ClCompile>
    <ClCompile Include="..\..\rtl\c\sfstrval.c">
      <Filter>Source Files</Filter>
    </ClCompile>
    <ClCompile Include="..\..\rtl\c\sfwrvrsn.c">
      <Filter>Source Files</Filter>
    </ClCompile>
    <ClCompile Include="..\..\rtl\c\sgvvbnng.c">
      <Filter>Source Files</Filter>
    </ClCompile>
    <ClCompile Include="..\..\rtl\c\shrtstnm.c">
      <Filter>Source Files</Filter>
    </ClCompile>
    <ClCompile Include="..\..\rtl\c\si_throw.c">
      <Filter>Source Files</Filter>
    </ClCompile>
    <ClCompile Include="..\..\rtl\c\sinpckgn.c">
      <Filter>Source Files</Filter>
    </ClCompile>
    <ClCompile Include="..\..\rtl\c\sixth.c">
      <Filter>Source Files</Filter>
    </ClCompile>
    <ClCompile Include="..\..\rtl\c\skwrdrgp.c">
      <Filter>Source Files</Filter>
    </ClCompile>
    <ClCompile Include="..\..\rtl\c\slclosen.c">
      <Filter>Source Files</Filter>
    </ClCompile>
    <ClCompile Include="..\..\rtl\c\slodrunn.c">
      <Filter>Source Files</Filter>
    </ClCompile>
    <ClCompile Include="..\..\rtl\c\slopenn.c">
      <Filter>Source Files</Filter>
    </ClCompile>
    <ClCompile Include="..\..\rtl\c\slplcsn.c">
      <Filter>Source Files</Filter>
    </ClCompile>
    <ClCompile Include="..\..\rtl\c\slunionn.c">
      <Filter>Source Files</Filter>
    </ClCompile>
    <ClCompile Include="..\..\rtl\c\slwriten.c">
      <Filter>Source Files</Filter>
    </ClCompile>
    <ClCompile Include="..\..\rtl\c\smblfncn.c">
      <Filter>Source Files</Filter>
    </ClCompile>
    <ClCompile Include="..\..\rtl\c\smblplst.c">
      <Filter>Source Files</Filter>
    </ClCompile>
    <ClCompile Include="..\..\rtl\c\smblvllp.c">
      <Filter>Source Files</Filter>
    </ClCompile>
    <ClCompile Include="..\..\rtl\c\smembern.c">
      <Filter>Source Files</Filter>
    </ClCompile>
    <ClCompile Include="..\..\rtl\c\smergen.c">
      <Filter>Source Files</Filter>
    </ClCompile>
    <ClCompile Include="..\..\rtl\c\smjndxx.c">
      <Filter>Source Files</Filter>
    </ClCompile>
    <ClCompile Include="..\..\rtl\c\smkerryn.c">
      <Filter>Source Files</Filter>
    </ClCompile>
    <ClCompile Include="..\..\rtl\c\smklistn.c">
      <Filter>Source Files</Filter>
    </ClCompile>
    <ClCompile Include="..\..\rtl\c\smkpckgn.c">
      <Filter>Source Files</Filter>
    </ClCompile>
    <ClCompile Include="..\..\rtl\c\smkptnmn.c">
      <Filter>Source Files</Filter>
    </ClCompile>
    <ClCompile Include="..\..\rtl\c\smkrstrg.c">
      <Filter>Source Files</Filter>
    </ClCompile>
    <ClCompile Include="..\..\rtl\c\smkscrr.c">
      <Filter>Source Files</Filter>
    </ClCompile>
    <ClCompile Include="..\..\rtl\c\smksqncn.c">
      <Filter>Source Files</Filter>
    </ClCompile>
    <ClCompile Include="..\..\rtl\c\smksrngn.c">
      <Filter>Source Files</Filter>
    </ClCompile>
    <ClCompile Include="..\..\rtl\c\smkstbln.c">
      <Filter>Source Files</Filter>
    </ClCompile>
    <ClCompile Include="..\..\rtl\c\smmbrfnn.c">
      <Filter>Source Files</Filter>
    </ClCompile>
    <ClCompile Include="..\..\rtl\c\smmbrifn.c">
      <Filter>Source Files</Filter>
    </ClCompile>
    <ClCompile Include="..\..\rtl\c\smplbvcp.c">
      <Filter>Source Files</Filter>
    </ClCompile>
    <ClCompile Include="..\..\rtl\c\smplrryp.c">
      <Filter>Source Files</Filter>
    </ClCompile>
    <ClCompile Include="..\..\rtl\c\smplsngp.c">
      <Filter>Source Files</Filter>
    </ClCompile>
    <ClCompile Include="..\..\rtl\c\smplvcrp.c">
      <Filter>Source Files</Filter>
    </ClCompile>
    <ClCompile Include="..\..\rtl\c\smsmtchn.c">
      <Filter>Source Files</Filter>
    </ClCompile>
    <ClCompile Include="..\..\rtl\c\smvfncll.c">
      <Filter>Source Files</Filter>
    </ClCompile>
    <ClCompile Include="..\..\rtl\c\smvplcsn.c">
      <Filter>Source Files</Filter>
    </ClCompile>
    <ClCompile Include="..\..\rtl\c\snbnnjmp.c">
      <Filter>Source Files</Filter>
    </ClCompile>
    <ClCompile Include="..\..\rtl\c\snddbjcp.c">
      <Filter>Source Files</Filter>
    </ClCompile>
    <ClCompile Include="..\..\rtl\c\sndrdcrp.c">
      <Filter>Source Files</Filter>
    </ClCompile>
    <ClCompile Include="..\..\rtl\c\sngcplzn.c">
      <Filter>Source Files</Filter>
    </ClCompile>
    <ClCompile Include="..\..\rtl\c\snglpn.c">
      <Filter>Source Files</Filter>
    </ClCompile>
    <ClCompile Include="..\..\rtl\c\sngnlpn.c">
      <Filter>Source Files</Filter>
    </ClCompile>
    <ClCompile Include="..\..\rtl\c\sngppnd2.c">
      <Filter>Source Files</Filter>
    </ClCompile>
    <ClCompile Include="..\..\rtl\c\sngppndn.c">
      <Filter>Source Files</Filter>
    </ClCompile>
    <ClCompile Include="..\..\rtl\c\snngclzn.c">
      <Filter>Source Files</Filter>
    </ClCompile>
    <ClCompile Include="..\..\rtl\c\snngncn.c">
      <Filter>Source Files</Filter>
    </ClCompile>
    <ClCompile Include="..\..\rtl\c\snngpcn.c">
      <Filter>Source Files</Filter>
    </ClCompile>
    <ClCompile Include="..\..\rtl\c\snnlncll.c">
      <Filter>Source Files</Filter>
    </ClCompile>
    <ClCompile Include="..\..\rtl\c\snnrscnn.c">
      <Filter>Source Files</Filter>
    </ClCompile>
    <ClCompile Include="..\..\rtl\c\snrscnn.c">
      <Filter>Source Files</Filter>
    </ClCompile>
    <ClCompile Include="..\..\rtl\c\snsbsfn.c">
      <Filter>Source Files</Filter>
    </ClCompile>
    <ClCompile Include="..\..\rtl\c\snsbsfnn.c">
      <Filter>Source Files</Filter>
    </ClCompile>
    <ClCompile Include="..\..\rtl\c\snsbsn.c">
      <Filter>Source Files</Filter>
    </ClCompile>
    <ClCompile Include="..\..\rtl\c\snsbstfn.c">
      <Filter>Source Files</Filter>
    </ClCompile>
    <ClCompile Include="..\..\rtl\c\snsdrncn.c">
      <Filter>Source Files</Filter>
    </ClCompile>
    <ClCompile Include="..\..\rtl\c\snslngnn.c">
      <Filter>Source Files</Filter>
    </ClCompile>
    <ClCompile Include="..\..\rtl\c\snsqncfn.c">
      <Filter>Source Files</Filter>
    </ClCompile>
    <ClCompile Include="..\..\rtl\c\snsublsn.c">
      <Filter>Source Files</Filter>
    </ClCompile>
    <ClCompile Include="..\..\rtl\c\snsubstn.c">
      <Filter>Source Files</Filter>
    </ClCompile>
    <ClCompile Include="..\..\rtl\c\sntmisc.c">
      <Filter>Source Files</Filter>
    </ClCompile>
    <ClCompile Include="..\..\rtl\c\snunionn.c">
      <Filter>Source Files</Filter>
    </ClCompile>
    <ClCompile Include="..\..\rtl\c\snxclvn.c">
      <Filter>Source Files</Filter>
    </ClCompile>
    <ClCompile Include="..\..\rtl\c\some.c">
      <Filter>Source Files</Filter>
    </ClCompile>
    <ClCompile Include="..\..\rtl\c\sort.c">
      <Filter>Source Files</Filter>
    </ClCompile>
    <ClCompile Include="..\..\rtl\c\spgvbnng.c">
      <Filter>Source Files</Filter>
    </ClCompile>
    <ClCompile Include="..\..\rtl\c\spnmngn.c">
      <Filter>Source Files</Filter>
    </ClCompile>
    <ClCompile Include="..\..\rtl\c\sprsngrn.c">
      <Filter>Source Files</Filter>
    </ClCompile>
    <ClCompile Include="..\..\rtl\c\spsitinn.c">
      <Filter>Source Files</Filter>
    </ClCompile>
    <ClCompile Include="..\..\rtl\c\spsnfnn.c">
      <Filter>Source Files</Filter>
    </ClCompile>
    <ClCompile Include="..\..\rtl\c\spstnfn.c">
      <Filter>Source Files</Filter>
    </ClCompile>
    <ClCompile Include="..\..\rtl\c\squncp.c">
      <Filter>Source Files</Filter>
    </ClCompile>
    <ClCompile Include="..\..\rtl\c\srassocn.c">
      <Filter>Source Files</Filter>
    </ClCompile>
    <ClCompile Include="..\..\rtl\c\srcrbjcp.c">
      <Filter>Source Files</Filter>
    </ClCompile>
    <ClCompile Include="..\..\rtl\c\sreducen.c">
      <Filter>Source Files</Filter>
    </ClCompile>
    <ClCompile Include="..\..\rtl\c\sremoven.c">
      <Filter>Source Files</Filter>
    </ClCompile>
    <ClCompile Include="..\..\rtl\c\sreplcen.c">
      <Filter>Source Files</Filter>
    </ClCompile>
    <ClCompile Include="..\..\rtl\c\srethrow.c">
      <Filter>Source Files</Filter>
    </ClCompile>
    <ClCompile Include="..\..\rtl\c\srmovifn.c">
      <Filter>Source Files</Filter>
    </ClCompile>
    <ClCompile Include="..\..\rtl\c\srmvfntn.c">
      <Filter>Source Files</Filter>
    </ClCompile>
    <ClCompile Include="..\..\rtl\c\srngcplz.c">
      <Filter>Source Files</Filter>
    </ClCompile>
    <ClCompile Include="..\..\rtl\c\srngdncs.c">
      <Filter>Source Files</Filter>
    </ClCompile>
    <ClCompile Include="..\..\rtl\c\srngppnd.c">
      <Filter>Source Files</Filter>
    </ClCompile>
    <ClCompile Include="..\..\rtl\c\srrcnns.c">
      <Filter>Source Files</Filter>
    </ClCompile>
    <ClCompile Include="..\..\rtl\c\srsscfnn.c">
      <Filter>Source Files</Filter>
    </ClCompile>
    <ClCompile Include="..\..\rtl\c\srsscifn.c">
      <Filter>Source Files</Filter>
    </ClCompile>
    <ClCompile Include="..\..\rtl\c\srstrvls.c">
      <Filter>Source Files</Filter>
    </ClCompile>
    <ClCompile Include="..\..\rtl\c\srwmjrrf.c">
      <Filter>Source Files</Filter>
    </ClCompile>
    <ClCompile Include="..\..\rtl\c\ssbsfn.c">
      <Filter>Source Files</Filter>
    </ClCompile>
    <ClCompile Include="..\..\rtl\c\ssbsfnn.c">
      <Filter>Source Files</Filter>
    </ClCompile>
    <ClCompile Include="..\..\rtl\c\ssbstttn.c">
      <Filter>Source Files</Filter>
    </ClCompile>
    <ClCompile Include="..\..\rtl\c\ssdrncn.c">
      <Filter>Source Files</Filter>
    </ClCompile>
    <ClCompile Include="..\..\rtl\c\ssearchn.c">
      <Filter>Source Files</Filter>
    </ClCompile>
    <ClCompile Include="..\..\rtl\c\ssffncn.c">
      <Filter>Source Files</Filter>
    </ClCompile>
    <ClCompile Include="..\..\rtl\c\ssmblncn.c">
      <Filter>Source Files</Filter>
    </ClCompile>
    <ClCompile Include="..\..\rtl\c\ssmblpls.c">
      <Filter>Source Files</Filter>
    </ClCompile>
    <ClCompile Include="..\..\rtl\c\ssnggpn.c">
      <Filter>Source Files</Filter>
    </ClCompile>
    <ClCompile Include="..\..\rtl\c\ssngncsn.c">
      <Filter>Source Files</Filter>
    </ClCompile>
    <ClCompile Include="..\..\rtl\c\ssngngpn.c">
      <Filter>Source Files</Filter>
    </ClCompile>
    <ClCompile Include="..\..\rtl\c\ssngnqln.c">
      <Filter>Source Files</Filter>
    </ClCompile>
    <ClCompile Include="..\..\rtl\c\ssngpcsn.c">
      <Filter>Source Files</Filter>
    </ClCompile>
    <ClCompile Include="..\..\rtl\c\ssrnggn.c">
      <Filter>Source Files</Filter>
    </ClCompile>
    <ClCompile Include="..\..\rtl\c\ssrngln.c">
      <Filter>Source Files</Filter>
    </ClCompile>
    <ClCompile Include="..\..\rtl\c\ssrngqln.c">
      <Filter>Source Files</Filter>
    </ClCompile>
    <ClCompile Include="..\..\rtl\c\ssrnpqr.c">
      <Filter>Source Files</Filter>
    </ClCompile>
    <ClCompile Include="..\..\rtl\c\ssscfntn.c">
      <Filter>Source Files</Filter>
    </ClCompile>
    <ClCompile Include="..\..\rtl\c\sssmblld.c">
      <Filter>Source Files</Filter>
    </ClCompile>
    <ClCompile Include="..\..\rtl\c\sssocifn.c">
      <Filter>Source Files</Filter>
    </ClCompile>
    <ClCompile Include="..\..\rtl\c\sstrmgtc.c">
      <Filter>Source Files</Filter>
    </ClCompile>
    <ClCompile Include="..\..\rtl\c\sstrnggn.c">
      <Filter>Source Files</Filter>
    </ClCompile>
    <ClCompile Include="..\..\rtl\c\sstrngln.c">
      <Filter>Source Files</Filter>
    </ClCompile>
    <ClCompile Include="..\..\rtl\c\sstrngnn.c">
      <Filter>Source Files</Filter>
    </ClCompile>
    <ClCompile Include="..\..\rtl\c\sstrngqn.c">
      <Filter>Source Files</Filter>
    </ClCompile>
    <ClCompile Include="..\..\rtl\c\ssublisn.c">
      <Filter>Source Files</Filter>
    </ClCompile>
    <ClCompile Include="..\..\rtl\c\ssubstfn.c">
      <Filter>Source Files</Filter>
    </ClCompile>
    <ClCompile Include="..\..\rtl\c\ssubstn.c">
      <Filter>Source Files</Filter>
    </ClCompile>
    <ClCompile Include="..\..\rtl\c\ssubstpn.c">
      <Filter>Source Files</Filter>
    </ClCompile>
    <ClCompile Include="..\..\rtl\c\ssvmrvls.c">
      <Filter>Source Files</Filter>
    </ClCompile>
    <ClCompile Include="..\..\rtl\c\ssvvlus.c">
      <Filter>Source Files</Filter>
    </ClCompile>
    <ClCompile Include="..\..\rtl\c\ssxclsvn.c">
      <Filter>Source Files</Filter>
    </ClCompile>
    <ClCompile Include="..\..\rtl\c\statclst.c">
      <Filter>Source Files</Filter>
    </ClCompile>
    <ClCompile Include="..\..\rtl\c\statics.c">
      <Filter>Source Files</Filter>
    </ClCompile>
    <ClCompile Include="..\..\rtl\c\statlsts.c">
      <Filter>Source Files</Filter>
    </ClCompile>
    <ClCompile Include="..\..\rtl\c\stderror.c">
      <Filter>Source Files</Filter>
    </ClCompile>
    <ClCompile Include="..\..\rtl\c\stdffrnc.c">
      <Filter>Source Files</Filter>
    </ClCompile>
    <ClCompile Include="..\..\rtl\c\stdpkgs.c">
      <Filter>Source Files</Filter>
    </ClCompile>
    <ClCompile Include="..\..\rtl\c\stfaref.c">
      <Filter>Source Files</Filter>
    </ClCompile>
    <ClCompile Include="..\..\rtl\c\stffnctn.c">
      <Filter>Source Files</Filter>
    </ClCompile>
    <ClCompile Include="..\..\rtl\c\stfourth.c">
      <Filter>Source Files</Filter>
    </ClCompile>
    <ClCompile Include="..\..\rtl\c\stighth.c">
      <Filter>Source Files</Filter>
    </ClCompile>
    <ClCompile Include="..\..\rtl\c\streamp.c">
      <Filter>Source Files</Filter>
    </ClCompile>
    <ClCompile Include="..\..\rtl\c\streams.c">
      <Filter>Source Files</Filter>
    </ClCompile>
    <ClCompile Include="..\..\rtl\c\string.c">
      <Filter>Source Files</Filter>
    </ClCompile>
    <ClCompile Include="..\..\rtl\c\stringp.c">
      <Filter>Source Files</Filter>
    </ClCompile>
    <ClCompile Include="..\..\rtl\c\strings.c">
      <Filter>Source Files</Filter>
    </ClCompile>
    <ClCompile Include="..\..\rtl\c\strinint.c">
      <Filter>Source Files</Filter>
    </ClCompile>
    <ClCompile Include="..\..\rtl\c\strminit.c">
      <Filter>Source Files</Filter>
    </ClCompile>
    <ClCompile Include="..\..\rtl\c\strngcrp.c">
      <Filter>Source Files</Filter>
    </ClCompile>
    <ClCompile Include="..\..\rtl\c\strngpcs.c">
      <Filter>Source Files</Filter>
    </ClCompile>
    <ClCompile Include="..\..\rtl\c\strquln.c">
      <Filter>Source Files</Filter>
    </ClCompile>
    <ClCompile Include="..\..\rtl\c\struct.c">
      <Filter>Source Files</Filter>
    </ClCompile>
    <ClCompile Include="..\..\rtl\c\structi.c">
      <Filter>Source Files</Filter>
    </ClCompile>
    <ClCompile Include="..\..\rtl\c\stscond.c">
      <Filter>Source Files</Filter>
    </ClCompile>
    <ClCompile Include="..\..\rtl\c\stsubsq.c">
      <Filter>Source Files</Filter>
    </ClCompile>
    <ClCompile Include="..\..\rtl\c\stsubsq1.c">
      <Filter>Source Files</Filter>
    </ClCompile>
    <ClCompile Include="..\..\rtl\c\stsubsq2.c">
      <Filter>Source Files</Filter>
    </ClCompile>
    <ClCompile Include="..\..\rtl\c\stsvnth.c">
      <Filter>Source Files</Filter>
    </ClCompile>
    <ClCompile Include="..\..\rtl\c\sttcbtrr.c">
      <Filter>Source Files</Filter>
    </ClCompile>
    <ClCompile Include="..\..\rtl\c\sttccrrr.c">
      <Filter>Source Files</Filter>
    </ClCompile>
    <ClCompile Include="..\..\rtl\c\sttcflot.c">
      <Filter>Source Files</Filter>
    </ClCompile>
    <ClCompile Include="..\..\rtl\c\sttcpckg.c">
      <Filter>Source Files</Filter>
    </ClCompile>
    <ClCompile Include="..\..\rtl\c\sttcrr.c">
      <Filter>Source Files</Filter>
    </ClCompile>
    <ClCompile Include="..\..\rtl\c\sttcrto.c">
      <Filter>Source Files</Filter>
    </ClCompile>
    <ClCompile Include="..\..\rtl\c\sttcsmbl.c">
      <Filter>Source Files</Filter>
    </ClCompile>
    <ClCompile Include="..\..\rtl\c\stxclsvr.c">
      <Filter>Source Files</Filter>
    </ClCompile>
    <ClCompile Include="..\..\rtl\c\sublis.c">
      <Filter>Source Files</Filter>
    </ClCompile>
    <ClCompile Include="..\..\rtl\c\subseq.c">
      <Filter>Source Files</Filter>
    </ClCompile>
    <ClCompile Include="..\..\rtl\c\subsetp.c">
      <Filter>Source Files</Filter>
    </ClCompile>
    <ClCompile Include="..\..\rtl\c\subst.c">
      <Filter>Source Files</Filter>
    </ClCompile>
    <ClCompile Include="..\..\rtl\c\subst_if.c">
      <Filter>Source Files</Filter>
    </ClCompile>
    <ClCompile Include="..\..\rtl\c\substfnt.c">
      <Filter>Source Files</Filter>
    </ClCompile>
    <ClCompile Include="..\..\rtl\c\substtut.c">
      <Filter>Source Files</Filter>
    </ClCompile>
    <ClCompile Include="..\..\rtl\c\subtypep.c">
      <Filter>Source Files</Filter>
    </ClCompile>
    <ClCompile Include="..\..\rtl\c\svref.c">
      <Filter>Source Files</Filter>
    </ClCompile>
    <ClCompile Include="..\..\rtl\c\swrsrngn.c">
      <Filter>Source Files</Filter>
    </ClCompile>
    <ClCompile Include="..\..\rtl\c\swrtlnn.c">
      <Filter>Source Files</Filter>
    </ClCompile>
    <ClCompile Include="..\..\rtl\c\swrtstng.c">
      <Filter>Source Files</Filter>
    </ClCompile>
    <ClCompile Include="..\..\rtl\c\symblvlu.c">
      <Filter>Source Files</Filter>
    </ClCompile>
    <ClCompile Include="..\..\rtl\c\symbolnm.c">
      <Filter>Source Files</Filter>
    </ClCompile>
    <ClCompile Include="..\..\rtl\c\symbolp.c">
      <Filter>Source Files</Filter>
    </ClCompile>
    <ClCompile Include="..\..\rtl\c\symbols.c">
      <Filter>Source Files</Filter>
    </ClCompile>
    <ClCompile Include="..\..\rtl\c\tailp.c">
      <Filter>Source Files</Filter>
    </ClCompile>
    <ClCompile Include="..\..\rtl\c\tenth.c">
      <Filter>Source Files</Filter>
    </ClCompile>
    <ClCompile Include="..\..\rtl\c\terpri.c">
      <Filter>Source Files</Filter>
    </ClCompile>
    <ClCompile Include="..\..\rtl\c\tfaref.c">
      <Filter>Source Files</Filter>
    </ClCompile>
    <ClCompile Include="..\..\rtl\c\third.c">
      <Filter>Source Files</Filter>
    </ClCompile>
    <ClCompile Include="..\..\rtl\c\tlllcbl.c">
      <Filter>Source Files</Filter>
    </ClCompile>
    <ClCompile Include="..\..\rtl\c\treeequl.c">
      <Filter>Source Files</Filter>
    </ClCompile>
    <ClCompile Include="..\..\rtl\c\ttlmmrsd.c">
      <Filter>Source Files</Filter>
    </ClCompile>
    <ClCompile Include="..\..\rtl\c\type_of.c">
      <Filter>Source Files</Filter>
    </ClCompile>
    <ClCompile Include="..\..\rtl\c\typep.c">
      <Filter>Source Files</Filter>
    </ClCompile>
    <ClCompile Include="..\..\rtl\c\unquetag.c">
      <Filter>Source Files</Filter>
    </ClCompile>
    <ClCompile Include="..\..\rtl\c\unredchr.c">
      <Filter>Source Files</Filter>
    </ClCompile>
    <ClCompile Include="..\..\rtl\c\upprcsp.c">
      <Filter>Source Files</Filter>
    </ClCompile>
    <ClCompile Include="..\..\rtl\c\upstpckg.c">
      <Filter>Source Files</Filter>
    </ClCompile>
    <ClCompile Include="..\..\rtl\c\usersyms.c">
      <Filter>Source Files</Filter>
    </ClCompile>
    <ClCompile Include="..\..\rtl\c\usmdpnm.c">
      <Filter>Source Files</Filter>
    </ClCompile>
    <ClCompile Include="..\..\rtl\c\values.c">
      <Filter>Source Files</Filter>
    </ClCompile>
    <ClCompile Include="..\..\rtl\c\vcrpsxnd.c">
      <Filter>Source Files</Filter>
    </ClCompile>
    <ClCompile Include="..\..\rtl\c\vctorpop.c">
      <Filter>Source Files</Filter>
    </ClCompile>
    <ClCompile Include="..\..\rtl\c\vctrpush.c">
      <Filter>Source Files</Filter>
    </ClCompile>
    <ClCompile Include="..\..\rtl\c\vector.c">
      <Filter>Source Files</Filter>
    </ClCompile>
    <ClCompile Include="..\..\rtl\c\vectorp.c">
      <Filter>Source Files</Filter>
    </ClCompile>
    <ClCompile Include="..\..\rtl\c\vluslist.c">
      <Filter>Source Files</Filter>
    </ClCompile>
    <ClCompile Include="..\..\rtl\c\writbyt.c">
      <Filter>Source Files</Filter>
    </ClCompile>
    <ClCompile Include="..\..\rtl\c\writechr.c">
      <Filter>Source Files</Filter>
    </ClCompile>
    <ClCompile Include="..\..\rtl\c\writlin.c">
      <Filter>Source Files</Filter>
    </ClCompile>
    <ClCompile Include="..\..\rtl\c\wrtstrng.c">
      <Filter>Source Files</Filter>
    </ClCompile>
    <ClCompile Include="..\..\rtl\c\wtspccrp.c">
      <Filter>Source Files</Filter>
    </ClCompile>
    <ClCompile Include="..\..\rtl\c\xor.c">
      <Filter>Source Files</Filter>
    </ClCompile>
    <ClCompile Include="..\..\rtl\c\y_or_n_p.c">
      <Filter>Source Files</Filter>
    </ClCompile>
    <ClCompile Include="..\..\rtl\c\yesnoaux.c">
      <Filter>Source Files</Filter>
    </ClCompile>
    <ClCompile Include="..\..\rtl\c\yesornop.c">
      <Filter>Source Files</Filter>
    </ClCompile>
    <ClCompile Include="..\..\rtl\c\yornpn.c">
      <Filter>Source Files</Filter>
    </ClCompile>
    <ClCompile Include="..\..\rtl\c\atomic.c">
      <Filter>Source Files</Filter>
    </ClCompile>
    <ClCompile Include="..\..\rtl\c\gdb-gensym.c">
      <Filter>Source Files</Filter>
    </ClCompile>
    <ClCompile Include="..\..\rtl\c\lock.c">
      <Filter>Source Files</Filter>
    </ClCompile>
    <ClCompile Include="..\..\rtl\c\special.c">
      <Filter>Source Files</Filter>
    </ClCompile>
    <ClCompile Include="..\..\rtl\c\thread.c">
      <Filter>Source Files</Filter>
    </ClCompile>
    <ClCompile Include="..\..\rtl\c\int64.c">
      <Filter>Source Files</Filter>
    </ClCompile>
  </ItemGroup>
  <ItemGroup>
    <ClInclude Include="..\..\rtl\c\atomic.h">
      <Filter>Header Files</Filter>
    </ClInclude>
    <ClInclude Include="..\..\rtl\c\bigext.h">
      <Filter>Header Files</Filter>
    </ClInclude>
    <ClInclude Include="..\..\rtl\c\bignmint.h">
      <Filter>Header Files</Filter>
    </ClInclude>
    <ClInclude Include="..\..\rtl\c\bignum.h">
      <Filter>Header Files</Filter>
    </ClInclude>
    <ClInclude Include="..\..\rtl\c\bytecode.h">
      <Filter>Header Files</Filter>
    </ClInclude>
    <ClInclude Include="..\..\rtl\c\chars.h">
      <Filter>Header Files</Filter>
    </ClInclude>
    <ClInclude Include="..\..\rtl\c\c-ifuns.h">
      <Filter>Header Files</Filter>
    </ClInclude>
    <ClInclude Include="..\..\rtl\c\clos.h">
      <Filter>Header Files</Filter>
    </ClInclude>
    <ClInclude Include="..\..\rtl\c\closinit.h">
      <Filter>Header Files</Filter>
    </ClInclude>
    <ClInclude Include="..\..\rtl\c\concatnt.h">
      <Filter>Header Files</Filter>
    </ClInclude>
    <ClInclude Include="..\..\rtl\c\c-sdefs.h">
      <Filter>Header Files</Filter>
    </ClInclude>
    <ClInclude Include="..\..\rtl\c\defset.h">
      <Filter>Header Files</Filter>
    </ClInclude>
    <ClInclude Include="..\..\rtl\c\del-eq.h">
      <Filter>Header Files</Filter>
    </ClInclude>
    <ClInclude Include="..\..\rtl\c\dummy.h">
      <Filter>Header Files</Filter>
    </ClInclude>
    <ClInclude Include="..\..\rtl\c\equal.h">
      <Filter>Header Files</Filter>
    </ClInclude>
    <ClInclude Include="..\..\rtl\c\errors.h">
      <Filter>Header Files</Filter>
    </ClInclude>
    <ClInclude Include="..\..\rtl\c\evalrun.h">
      <Filter>Header Files</Filter>
    </ClInclude>
    <ClInclude Include="..\..\rtl\c\ffi.h">
      <Filter>Header Files</Filter>
    </ClInclude>
    <ClInclude Include="..\..\rtl\c\filesys.h">
      <Filter>Header Files</Filter>
    </ClInclude>
    <ClInclude Include="..\..\rtl\c\format.h">
      <Filter>Header Files</Filter>
    </ClInclude>
    <ClInclude Include="..\..\rtl\c\funcall.h">
      <Filter>Header Files</Filter>
    </ClInclude>
    <ClInclude Include="..\..\rtl\c\gcobjmap.h">
      <Filter>Header Files</Filter>
    </ClInclude>
    <ClInclude Include="..\..\rtl\c\hash.h">
      <Filter>Header Files</Filter>
    </ClInclude>
    <ClInclude Include="..\..\rtl\c\ifuns.h">
      <Filter>Header Files</Filter>
    </ClInclude>
    <ClInclude Include="..\..\rtl\c\initclos.h">
      <Filter>Header Files</Filter>
    </ClInclude>
    <ClInclude Include="..\..\rtl\c\initvars.h">
      <Filter>Header Files</Filter>
    </ClInclude>
    <ClInclude Include="..\..\rtl\c\inline.h">
      <Filter>Header Files</Filter>
    </ClInclude>
    <ClInclude Include="..\..\rtl\c\instance.h">
      <Filter>Header Files</Filter>
    </ClInclude>
    <ClInclude Include="..\..\rtl\c\kernel.h">
      <Filter>Header Files</Filter>
    </ClInclude>
    <ClInclude Include="..\..\rtl\c\keywords.h">
      <Filter>Header Files</Filter>
    </ClInclude>
    <ClInclude Include="..\..\rtl\c\lisplib.h">
      <Filter>Header Files</Filter>
    </ClInclude>
    <ClInclude Include="..\..\rtl\c\lists.h">
      <Filter>Header Files</Filter>
    </ClInclude>
    <ClInclude Include="..\..\rtl\c\lock.h">
      <Filter>Header Files</Filter>
    </ClInclude>
    <ClInclude Include="..\..\rtl\c\longname.h">
      <Filter>Header Files</Filter>
    </ClInclude>
    <ClInclude Include="..\..\rtl\c\ltime.h">
      <Filter>Header Files</Filter>
    </ClInclude>
    <ClInclude Include="..\..\rtl\c\methargs.h">
      <Filter>Header Files</Filter>
    </ClInclude>
    <ClInclude Include="..\..\rtl\c\methcomb.h">
      <Filter>Header Files</Filter>
    </ClInclude>
    <ClInclude Include="..\..\rtl\c\no-pkg.h">
      <Filter>Header Files</Filter>
    </ClInclude>
    <ClInclude Include="..\..\rtl\c\numbers.h">
      <Filter>Header Files</Filter>
    </ClInclude>
    <ClInclude Include="..\..\rtl\c\runint.h">
      <Filter>Header Files</Filter>
    </ClInclude>
    <ClInclude Include="..\..\rtl\c\runtime.h">
      <Filter>Header Files</Filter>
    </ClInclude>
    <ClInclude Include="..\..\rtl\c\sdefs.h">
      <Filter>Header Files</Filter>
    </ClInclude>
    <ClInclude Include="..\..\rtl\c\seq_type.h">
      <Filter>Header Files</Filter>
    </ClInclude>
    <ClInclude Include="..\..\rtl\c\seqmodi.h">
      <Filter>Header Files</Filter>
    </ClInclude>
    <ClInclude Include="..\..\rtl\c\slotv.h">
      <Filter>Header Files</Filter>
    </ClInclude>
    <ClInclude Include="..\..\rtl\c\smcompat.h">
      <Filter>Header Files</Filter>
    </ClInclude>
    <ClInclude Include="..\..\rtl\c\some.h">
      <Filter>Header Files</Filter>
    </ClInclude>
    <ClInclude Include="..\..\rtl\c\special.h">
      <Filter>Header Files</Filter>
    </ClInclude>
    <ClInclude Include="..\..\rtl\c\specific.h">
      <Filter>Header Files</Filter>
    </ClInclude>
    <ClInclude Include="..\..\rtl\c\stat_arr.h">
      <Filter>Header Files</Filter>
    </ClInclude>
    <ClInclude Include="..\..\rtl\c\strminit.h">
      <Filter>Header Files</Filter>
    </ClInclude>
    <ClInclude Include="..\..\rtl\c\subtypep.h">
      <Filter>Header Files</Filter>
    </ClInclude>
    <ClInclude Include="..\..\rtl\c\svarargs.h">
      <Filter>Header Files</Filter>
    </ClInclude>
    <ClInclude Include="..\..\rtl\c\svargs.h">
      <Filter>Header Files</Filter>
    </ClInclude>
    <ClInclude Include="..\..\rtl\c\thread.h">
      <Filter>Header Files</Filter>
    </ClInclude>
    <ClInclude Include="..\..\rtl\c\trivialp.h">
      <Filter>Header Files</Filter>
    </ClInclude>
    <ClInclude Include="..\..\rtl\c\utime.h">
      <Filter>Header Files</Filter>
    </ClInclude>
    <ClInclude Include="..\..\rtl\c\values.h">
      <Filter>Header Files</Filter>
    </ClInclude>
    <ClInclude Include="..\..\rtl\c\varkey.h">
      <Filter>Header Files</Filter>
    </ClInclude>
    <ClInclude Include="..\..\rtl\c\wrapper.h">
      <Filter>Header Files</Filter>
    </ClInclude>
    <ClInclude Include="..\..\rtl\c\config.h">
      <Filter>Header Files</Filter>
    </ClInclude>
    <ClInclude Include="..\..\rtl\c\core.h">
      <Filter>Header Files</Filter>
    </ClInclude>
    <ClInclude Include="..\..\rtl\c\externs.h">
      <Filter>Header Files</Filter>
    </ClInclude>
    <ClInclude Include="..\..\rtl\c\librtl.h">
      <Filter>Header Files</Filter>
    </ClInclude>
    <ClInclude Include="..\..\rtl\c\uconfig.h">
      <Filter>Header Files</Filter>
    </ClInclude>
    <ClInclude Include="..\..\rtl\c\gc.h">
      <Filter>Header Files</Filter>
    </ClInclude>
    <ClInclude Include="..\..\rtl\c\heap.h">
      <Filter>Header Files</Filter>
    </ClInclude>
    <ClInclude Include="..\..\rtl\c\object.h">
      <Filter>Header Files</Filter>
    </ClInclude>
  </ItemGroup>
  <ItemGroup>
    <Filter Include="Source Files">
      <UniqueIdentifier>{72d4a1e5-8ab6-4c5b-b3ae-a8b5eff7e997}</UniqueIdentifier>
    </Filter>
    <Filter Include="Header Files">
      <UniqueIdentifier>{addb9b04-8607-483f-b734-1ac59964edce}</UniqueIdentifier>
    </Filter>
  </ItemGroup>
</Project>