<?xml version="1.0" encoding="utf-8"?>
<Project ToolsVersion="4.0" xmlns="http://schemas.microsoft.com/developer/msbuild/2003">
  <ItemGroup>
    <Filter Include="Source Files">
      <UniqueIdentifier>{f389e47d-7f56-47a0-9c78-6d56bc60ca4c}</UniqueIdentifier>
      <Extensions>cpp;c;cxx;rc;def;r;odl;idl;hpj;bat</Extensions>
    </Filter>
    <Filter Include="Header Files">
      <UniqueIdentifier>{6feb0c14-0981-43db-8134-22aa52fd05aa}</UniqueIdentifier>
      <Extensions>h;hpp;hxx;hm;inl</Extensions>
    </Filter>
    <Filter Include="Resource Files">
      <UniqueIdentifier>{0f6dc804-1f42-444f-b067-4570fe0407d0}</UniqueIdentifier>
      <Extensions>ico;cur;bmp;dlg;rc2;rct;bin;rgs;gif;jpg;jpeg;jpe</Extensions>
    </Filter>
  </ItemGroup>
  <ItemGroup>
    <ClCompile Include="ChildFrm.cpp">
      <Filter>Source Files</Filter>
    </ClCompile>
    <ClCompile Include="MainFrm.cpp">
      <Filter>Source Files</Filter>
    </ClCompile>
    <ClCompile Include="StdAfx.cpp">
      <Filter>Source Files</Filter>
    </ClCompile>
    <ClCompile Include="TabbedToolbar.cpp">
      <Filter>Source Files</Filter>
    </ClCompile>
    <ClCompile Include="TabbedToolbarDoc.cpp">
      <Filter>Source Files</Filter>
    </ClCompile>
    <ClCompile Include="TabbedToolbarView.cpp">
      <Filter>Source Files</Filter>
    </ClCompile>
    <ClCompile Include="TabClientPage.cpp">
      <Filter>Source Files</Filter>
    </ClCompile>
    <ClCompile Include="ThemePage.cpp">
      <Filter>Source Files</Filter>
    </ClCompile>
  </ItemGroup>
  <ItemGroup>
    <ResourceCompile Include="TabbedToolbar.rc">
      <Filter>Source Files</Filter>
    </ResourceCompile>
  </ItemGroup>
  <ItemGroup>
    <ClInclude Include="ChildFrm.h">
      <Filter>Header Files</Filter>
    </ClInclude>
    <ClInclude Include="MainFrm.h">
      <Filter>Header Files</Filter>
    </ClInclude>
    <ClInclude Include="Resource.h">
      <Filter>Header Files</Filter>
    </ClInclude>
    <ClInclude Include="StdAfx.h">
      <Filter>Header Files</Filter>
    </ClInclude>
    <ClInclude Include="TabbedToolbar.h">
      <Filter>Header Files</Filter>
    </ClInclude>
    <ClInclude Include="TabbedToolbarDoc.h">
      <Filter>Header Files</Filter>
    </ClInclude>
    <ClInclude Include="TabbedToolbarView.h">
      <Filter>Header Files</Filter>
    </ClInclude>
    <ClInclude Include="TabClientPage.h">
      <Filter>Header Files</Filter>
    </ClInclude>
    <ClInclude Include="ThemePage.h">
      <Filter>Header Files</Filter>
    </ClInclude>
  </ItemGroup>
  <ItemGroup>
    <None Include="res\11056.ico">
      <Filter>Resource Files</Filter>
    </None>
    <None Include="res\20513.ico">
      <Filter>Resource Files</Filter>
    </None>
    <None Include="res\7511.ico">
      <Filter>Resource Files</Filter>
    </None>
    <None Include="res\7513.ico">
      <Filter>Resource Files</Filter>
    </None>
    <None Include="res\7518.ico">
      <Filter>Resource Files</Filter>
    </None>
    <None Include="res\7519.ico">
      <Filter>Resource Files</Filter>
    </None>
    <None Include="res\7610.ico">
      <Filter>Resource Files</Filter>
    </None>
    <None Include="res\7611.ico">
      <Filter>Resource Files</Filter>
    </None>
    <None Include="res\7612.ico">
      <Filter>Resource Files</Filter>
    </None>
    <None Include="res\7721.ico">
      <Filter>Resource Files</Filter>
    </None>
    <None Include="res\8044.ico">
      <Filter>Resource Files</Filter>
    </None>
    <None Include="res\8536.ico">
      <Filter>Resource Files</Filter>
    </None>
    <None Include="res\9403.ico">
      <Filter>Resource Files</Filter>
    </None>
    <None Include="res\9409.ico">
      <Filter>Resource Files</Filter>
    </None>
    <None Include="res\9410.ico">
      <Filter>Resource Files</Filter>
    </None>
    <None Include="res\9502.ico">
      <Filter>Resource Files</Filter>
    </None>
    <None Include="res\9504.ico">
      <Filter>Resource Files</Filter>
    </None>
    <None Include="res\9505.ico">
      <Filter>Resource Files</Filter>
    </None>
    <None Include="res\9600.ico">
      <Filter>Resource Files</Filter>
    </None>
    <None Include="res\9606.ico">
      <Filter>Resource Files</Filter>
    </None>
    <None Include="res\9607.ico">
      <Filter>Resource Files</Filter>
    </None>
    <None Include="res\9608.ico">
      <Filter>Resource Files</Filter>
    </None>
    <None Include="res\9609.ico">
      <Filter>Resource Files</Filter>
    </None>
    <None Include="res\9611.ico">
      <Filter>Resource Files</Filter>
    </None>
    <None Include="res\9617.ico">
      <Filter>Resource Files</Filter>
    </None>
    <None Include="res\9618.ico">
      <Filter>Resource Files</Filter>
    </None>
    <None Include="res\9619.ico">
      <Filter>Resource Files</Filter>
    </None>
    <None Include="res\9621.ico">
      <Filter>Resource Files</Filter>
    </None>
    <None Include="res\9673.ico">
      <Filter>Resource Files</Filter>
    </None>
    <None Include="res\9683.ico">
      <Filter>Resource Files</Filter>
    </None>
    <None Include="res\9703.ico">
      <Filter>Resource Files</Filter>
    </None>
    <None Include="res\9704.ico">
      <Filter>Resource Files</Filter>
    </None>
    <None Include="res\9710.ico">
      <Filter>Resource Files</Filter>
    </None>
    <None Include="res\9717.ico">
      <Filter>Resource Files</Filter>
    </None>
    <None Include="res\9718.ico">
      <Filter>Resource Files</Filter>
    </None>
    <None Include="res\9720.ico">
      <Filter>Resource Files</Filter>
    </None>
    <None Include="res\9746.ico">
      <Filter>Resource Files</Filter>
    </None>
    <None Include="res\9800.ico">
      <Filter>Resource Files</Filter>
    </None>
    <None Include="res\9801.ico">
      <Filter>Resource Files</Filter>
    </None>
    <None Include="res\9802.ico">
      <Filter>Resource Files</Filter>
    </None>
    <None Include="res\9803.ico">
      <Filter>Resource Files</Filter>
    </None>
    <None Include="res\9805.ico">
      <Filter>Resource Files</Filter>
    </None>
    <None Include="res\9806.ico">
      <Filter>Resource Files</Filter>
    </None>
    <None Include="res\9807.ico">
      <Filter>Resource Files</Filter>
    </None>
    <None Include="res\9809.ico">
      <Filter>Resource Files</Filter>
    </None>
    <None Include="res\TabbedToolbar.ico">
      <Filter>Resource Files</Filter>
    </None>
    <None Include="res\TabbedToolbar.rc2">
      <Filter>Resource Files</Filter>
    </None>
    <None Include="res\TabbedToolbarDoc.ico">
      <Filter>Resource Files</Filter>
    </None>
    <None Include="res\Toolbar.bmp">
      <Filter>Resource Files</Filter>
    </None>
    <None Include="res\ToolbarUser.bmp">
      <Filter>Resource Files</Filter>
    </None>
    <None Include="ReadMe.txt" />
  </ItemGroup>
</Project>