
Microsoft Visual Studio Solution File, Format Version 11.00
# Visual Studio 2010
Project("{8BC9CEB8-8B4A-11D0-8D11-00A0C91BC942}") = "cpplink", "cpplink.vcxproj", "{6E7112AE-24C2-4038-8AE9-227B8D48D0E9}"
EndProject
Project("{8BC9CEB8-8B4A-11D0-8D11-00A0C91BC942}") = "testcpplink", "testcpplink.vcxproj", "{A4FB6671-77E4-4E28-9F62-795E40D79AAD}"
EndProject
Project("{8BC9CEB8-8B4A-11D0-8D11-00A0C91BC942}") = "gsi", "..\gsi\gsi.vcxproj", "{4826A74B-B961-4E8B-8B41-D442C1DCB2D1}"
EndProject
Project("{8BC9CEB8-8B4A-11D0-8D11-00A0C91BC942}") = "librtl", "..\librtl\librtl.vcxproj", "{FCDB2CD1-18D3-40EE-834C-1B402AC8D912}"
EndProject
Project("{8BC9CEB8-8B4A-11D0-8D11-00A0C91BC942}") = "libtcp", "..\libtcp\libtcp.vcxproj", "{0E26035A-2A52-4D43-B48A-90949DD226C7}"
EndProject
Global
	GlobalSection(SolutionConfigurationPlatforms) = preSolution
		Debug MFC|Win32 = Debug MFC|Win32
		Debug|Win32 = Debug|Win32
		Release MFC|Win32 = Release MFC|Win32
		Release|Win32 = Release|Win32
	EndGlobalSection
	GlobalSection(ProjectConfigurationPlatforms) = postSolution
		{6E7112AE-24C2-4038-8AE9-227B8D48D0E9}.Debug MFC|Win32.ActiveCfg = Debug|Win32
		{6E7112AE-24C2-4038-8AE9-227B8D48D0E9}.Debug MFC|Win32.Build.0 = Debug|Win32
		{6E7112AE-24C2-4038-8AE9-227B8D48D0E9}.Debug|Win32.ActiveCfg = Debug|Win32
		{6E7112AE-24C2-4038-8AE9-227B8D48D0E9}.Debug|Win32.Build.0 = Debug|Win32
		{6E7112AE-24C2-4038-8AE9-227B8D48D0E9}.Release MFC|Win32.ActiveCfg = Release|Win32
		{6E7112AE-24C2-4038-8AE9-227B8D48D0E9}.Release MFC|Win32.Build.0 = Release|Win32
		{6E7112AE-24C2-4038-8AE9-227B8D48D0E9}.Release|Win32.ActiveCfg = Release|Win32
		{6E7112AE-24C2-4038-8AE9-227B8D48D0E9}.Release|Win32.Build.0 = Release|Win32
		{A4FB6671-77E4-4E28-9F62-795E40D79AAD}.Debug MFC|Win32.ActiveCfg = Debug|Win32
		{A4FB6671-77E4-4E28-9F62-795E40D79AAD}.Debug MFC|Win32.Build.0 = Debug|Win32
		{A4FB6671-77E4-4E28-9F62-795E40D79AAD}.Debug|Win32.ActiveCfg = Debug|Win32
		{A4FB6671-77E4-4E28-9F62-795E40D79AAD}.Debug|Win32.Build.0 = Debug|Win32
		{A4FB6671-77E4-4E28-9F62-795E40D79AAD}.Release MFC|Win32.ActiveCfg = Release|Win32
		{A4FB6671-77E4-4E28-9F62-795E40D79AAD}.Release MFC|Win32.Build.0 = Release|Win32
		{A4FB6671-77E4-4E28-9F62-795E40D79AAD}.Release|Win32.ActiveCfg = Release|Win32
		{A4FB6671-77E4-4E28-9F62-795E40D79AAD}.Release|Win32.Build.0 = Release|Win32
		{4826A74B-B961-4E8B-8B41-D442C1DCB2D1}.Debug MFC|Win32.ActiveCfg = Debug|Win32
		{4826A74B-B961-4E8B-8B41-D442C1DCB2D1}.Debug MFC|Win32.Build.0 = Debug|Win32
		{4826A74B-B961-4E8B-8B41-D442C1DCB2D1}.Debug|Win32.ActiveCfg = Debug|Win32
		{4826A74B-B961-4E8B-8B41-D442C1DCB2D1}.Debug|Win32.Build.0 = Debug|Win32
		{4826A74B-B961-4E8B-8B41-D442C1DCB2D1}.Release MFC|Win32.ActiveCfg = Release|Win32
		{4826A74B-B961-4E8B-8B41-D442C1DCB2D1}.Release MFC|Win32.Build.0 = Release|Win32
		{4826A74B-B961-4E8B-8B41-D442C1DCB2D1}.Release|Win32.ActiveCfg = Release|Win32
		{4826A74B-B961-4E8B-8B41-D442C1DCB2D1}.Release|Win32.Build.0 = Release|Win32
		{FCDB2CD1-18D3-40EE-834C-1B402AC8D912}.Debug MFC|Win32.ActiveCfg = Debug MFC|Win32
		{FCDB2CD1-18D3-40EE-834C-1B402AC8D912}.Debug MFC|Win32.Build.0 = Debug MFC|Win32
		{FCDB2CD1-18D3-40EE-834C-1B402AC8D912}.Debug|Win32.ActiveCfg = Debug|Win32
		{FCDB2CD1-18D3-40EE-834C-1B402AC8D912}.Debug|Win32.Build.0 = Debug|Win32
		{FCDB2CD1-18D3-40EE-834C-1B402AC8D912}.Release MFC|Win32.ActiveCfg = Release MFC|Win32
		{FCDB2CD1-18D3-40EE-834C-1B402AC8D912}.Release MFC|Win32.Build.0 = Release MFC|Win32
		{FCDB2CD1-18D3-40EE-834C-1B402AC8D912}.Release|Win32.ActiveCfg = Release|Win32
		{FCDB2CD1-18D3-40EE-834C-1B402AC8D912}.Release|Win32.Build.0 = Release|Win32
		{0E26035A-2A52-4D43-B48A-90949DD226C7}.Debug MFC|Win32.ActiveCfg = Debug|Win32
		{0E26035A-2A52-4D43-B48A-90949DD226C7}.Debug MFC|Win32.Build.0 = Debug|Win32
		{0E26035A-2A52-4D43-B48A-90949DD226C7}.Debug|Win32.ActiveCfg = Debug|Win32
		{0E26035A-2A52-4D43-B48A-90949DD226C7}.Debug|Win32.Build.0 = Debug|Win32
		{0E26035A-2A52-4D43-B48A-90949DD226C7}.Release MFC|Win32.ActiveCfg = Release|Win32
		{0E26035A-2A52-4D43-B48A-90949DD226C7}.Release MFC|Win32.Build.0 = Release|Win32
		{0E26035A-2A52-4D43-B48A-90949DD226C7}.Release|Win32.ActiveCfg = Release|Win32
		{0E26035A-2A52-4D43-B48A-90949DD226C7}.Release|Win32.Build.0 = Release|Win32
	EndGlobalSection
	GlobalSection(SolutionProperties) = preSolution
		HideSolutionNode = FALSE
	EndGlobalSection
EndGlobal
