<?xml version="1.0" encoding="utf-8"?>
<Project ToolsVersion="4.0" xmlns="http://schemas.microsoft.com/developer/msbuild/2003">
  <ItemGroup>
    <Filter Include="Source Files">
      <UniqueIdentifier>{6e0040bd-047f-4d11-8b31-b007f4b1f21d}</UniqueIdentifier>
      <Extensions>cpp;c;cxx;rc;def;r;odl;idl;hpj;bat</Extensions>
    </Filter>
    <Filter Include="Header Files">
      <UniqueIdentifier>{4653ee7c-8024-4b38-b8bc-64a66da09d70}</UniqueIdentifier>
      <Extensions>h;hpp;hxx;hm;inl</Extensions>
    </Filter>
    <Filter Include="Resource Files">
      <UniqueIdentifier>{24b95c5b-5cea-43a3-a738-78a34b983b5d}</UniqueIdentifier>
      <Extensions>ico;cur;bmp;dlg;rc2;rct;bin;rgs;gif;jpg;jpeg;jpe</Extensions>
    </Filter>
  </ItemGroup>
  <ItemGroup>
    <ClCompile Include="ChildFrm.cpp">
      <Filter>Source Files</Filter>
    </ClCompile>
    <ClCompile Include="CommandBarsDesigner.cpp">
      <Filter>Source Files</Filter>
    </ClCompile>
    <ClCompile Include="CommandBarsDesignerDesignerView.cpp">
      <Filter>Source Files</Filter>
    </ClCompile>
    <ClCompile Include="CommandBarsDesignerDoc.cpp">
      <Filter>Source Files</Filter>
    </ClCompile>
    <ClCompile Include="CommandBarsDesignerEditView.cpp">
      <Filter>Source Files</Filter>
    </ClCompile>
    <ClCompile Include="CommandBarsDesignerView.cpp">
      <Filter>Source Files</Filter>
    </ClCompile>
    <ClCompile Include="DialogAccelProperties.cpp">
      <Filter>Source Files</Filter>
    </ClCompile>
    <ClCompile Include="DialogBitmapExport.cpp">
      <Filter>Source Files</Filter>
    </ClCompile>
    <ClCompile Include="DialogBitmapImages.cpp">
      <Filter>Source Files</Filter>
    </ClCompile>
    <ClCompile Include="DialogBitmapImport.cpp">
      <Filter>Source Files</Filter>
    </ClCompile>
    <ClCompile Include="DialogListEditor.cpp">
      <Filter>Source Files</Filter>
    </ClCompile>
    <ClCompile Include="DialogMenuGrabber.cpp">
      <Filter>Source Files</Filter>
    </ClCompile>
    <ClCompile Include="DialogNewControl.cpp">
      <Filter>Source Files</Filter>
    </ClCompile>
    <ClCompile Include="DialogNewIcon.cpp">
      <Filter>Source Files</Filter>
    </ClCompile>
    <ClCompile Include="DialogNewSymbol.cpp">
      <Filter>Source Files</Filter>
    </ClCompile>
    <ClCompile Include="DialogNewToolbar.cpp">
      <Filter>Source Files</Filter>
    </ClCompile>
    <ClCompile Include="DialogPropertyPages.cpp">
      <Filter>Source Files</Filter>
    </ClCompile>
    <ClCompile Include="DialogRenameSymbol.cpp">
      <Filter>Source Files</Filter>
    </ClCompile>
    <ClCompile Include="DialogResourceSymbols.cpp">
      <Filter>Source Files</Filter>
    </ClCompile>
    <ClCompile Include="EmbeddedFrame.cpp">
      <Filter>Source Files</Filter>
    </ClCompile>
    <ClCompile Include="EmbeddedView.cpp">
      <Filter>Source Files</Filter>
    </ClCompile>
    <ClCompile Include="MainFrm.cpp">
      <Filter>Source Files</Filter>
    </ClCompile>
    <ClCompile Include="PaneAccelerators.cpp">
      <Filter>Source Files</Filter>
    </ClCompile>
    <ClCompile Include="PaneControls.cpp">
      <Filter>Source Files</Filter>
    </ClCompile>
    <ClCompile Include="PaneIcons.cpp">
      <Filter>Source Files</Filter>
    </ClCompile>
    <ClCompile Include="PaneLibrary.cpp">
      <Filter>Source Files</Filter>
    </ClCompile>
    <ClCompile Include="PaneProperties.cpp">
      <Filter>Source Files</Filter>
    </ClCompile>
    <ClCompile Include="PaneToolbars.cpp">
      <Filter>Source Files</Filter>
    </ClCompile>
    <ClCompile Include="PropertyItemFlags.cpp">
      <Filter>Source Files</Filter>
    </ClCompile>
    <ClCompile Include="ResourceManager.cpp">
      <Filter>Source Files</Filter>
    </ClCompile>
    <ClCompile Include="StaticMenuGrabber.cpp">
      <Filter>Source Files</Filter>
    </ClCompile>
    <ClCompile Include="StdAfx.cpp">
      <Filter>Source Files</Filter>
    </ClCompile>
  </ItemGroup>
  <ItemGroup>
    <ResourceCompile Include="CommandBarsDesigner.rc">
      <Filter>Source Files</Filter>
    </ResourceCompile>
  </ItemGroup>
  <ItemGroup>
    <ClInclude Include="ChildFrm.h">
      <Filter>Header Files</Filter>
    </ClInclude>
    <ClInclude Include="CommandBarsDesigner.h">
      <Filter>Header Files</Filter>
    </ClInclude>
    <ClInclude Include="CommandBarsDesignerDesignerView.h">
      <Filter>Header Files</Filter>
    </ClInclude>
    <ClInclude Include="CommandBarsDesignerDoc.h">
      <Filter>Header Files</Filter>
    </ClInclude>
    <ClInclude Include="CommandBarsDesignerEditView.h">
      <Filter>Header Files</Filter>
    </ClInclude>
    <ClInclude Include="CommandBarsDesignerView.h">
      <Filter>Header Files</Filter>
    </ClInclude>
    <ClInclude Include="DialogAccelProperties.h">
      <Filter>Header Files</Filter>
    </ClInclude>
    <ClInclude Include="DialogBitmapExport.h">
      <Filter>Header Files</Filter>
    </ClInclude>
    <ClInclude Include="DialogBitmapImages.h">
      <Filter>Header Files</Filter>
    </ClInclude>
    <ClInclude Include="DialogBitmapImport.h">
      <Filter>Header Files</Filter>
    </ClInclude>
    <ClInclude Include="DialogListEditor.h">
      <Filter>Header Files</Filter>
    </ClInclude>
    <ClInclude Include="DialogMenuGrabber.h">
      <Filter>Header Files</Filter>
    </ClInclude>
    <ClInclude Include="DialogNewControl.h">
      <Filter>Header Files</Filter>
    </ClInclude>
    <ClInclude Include="DialogNewIcon.h">
      <Filter>Header Files</Filter>
    </ClInclude>
    <ClInclude Include="DialogNewSymbol.h">
      <Filter>Header Files</Filter>
    </ClInclude>
    <ClInclude Include="DialogNewToolbar.h">
      <Filter>Header Files</Filter>
    </ClInclude>
    <ClInclude Include="DialogPropertyPages.h">
      <Filter>Header Files</Filter>
    </ClInclude>
    <ClInclude Include="DialogRenameSymbol.h">
      <Filter>Header Files</Filter>
    </ClInclude>
    <ClInclude Include="DialogResourceSymbols.h">
      <Filter>Header Files</Filter>
    </ClInclude>
    <ClInclude Include="EmbeddedFrame.h">
      <Filter>Header Files</Filter>
    </ClInclude>
    <ClInclude Include="EmbeddedView.h">
      <Filter>Header Files</Filter>
    </ClInclude>
    <ClInclude Include="MainFrm.h">
      <Filter>Header Files</Filter>
    </ClInclude>
    <ClInclude Include="PaneAccelerators.h">
      <Filter>Header Files</Filter>
    </ClInclude>
    <ClInclude Include="PaneControls.h">
      <Filter>Header Files</Filter>
    </ClInclude>
    <ClInclude Include="PaneIcons.h">
      <Filter>Header Files</Filter>
    </ClInclude>
    <ClInclude Include="PaneLibrary.h">
      <Filter>Header Files</Filter>
    </ClInclude>
    <ClInclude Include="PaneProperties.h">
      <Filter>Header Files</Filter>
    </ClInclude>
    <ClInclude Include="PaneToolbars.h">
      <Filter>Header Files</Filter>
    </ClInclude>
    <ClInclude Include="PropertyItemFlags.h">
      <Filter>Header Files</Filter>
    </ClInclude>
    <ClInclude Include="Resource.h">
      <Filter>Header Files</Filter>
    </ClInclude>
    <ClInclude Include="ResourceManager.h">
      <Filter>Header Files</Filter>
    </ClInclude>
    <ClInclude Include="StaticMenuGrabber.h">
      <Filter>Header Files</Filter>
    </ClInclude>
    <ClInclude Include="StdAfx.h">
      <Filter>Header Files</Filter>
    </ClInclude>
  </ItemGroup>
  <ItemGroup>
    <None Include="res\CjSample.ico">
      <Filter>Resource Files</Filter>
    </None>
    <None Include="res\CommandBarsDesigner.ico">
      <Filter>Resource Files</Filter>
    </None>
    <None Include="res\CommandBarsDesigner.rc2">
      <Filter>Resource Files</Filter>
    </None>
    <None Include="res\CommandBarsDesignerDoc.ico">
      <Filter>Resource Files</Filter>
    </None>
    <None Include="res\Embedded.bmp">
      <Filter>Resource Files</Filter>
    </None>
    <None Include="res\form.ico">
      <Filter>Resource Files</Filter>
    </None>
    <None Include="res\grab.cur">
      <Filter>Resource Files</Filter>
    </None>
    <None Include="res\IconEmpty.ico">
      <Filter>Resource Files</Filter>
    </None>
    <None Include="res\pane_too.bmp">
      <Filter>Resource Files</Filter>
    </None>
    <None Include="res\PaneAccelerators.bmp">
      <Filter>Resource Files</Filter>
    </None>
    <None Include="res\PaneControls.bmp">
      <Filter>Resource Files</Filter>
    </None>
    <None Include="res\PaneIcons.bmp">
      <Filter>Resource Files</Filter>
    </None>
    <None Include="res\PaneImages.bmp">
      <Filter>Resource Files</Filter>
    </None>
    <None Include="res\PaneProperties.bmp">
      <Filter>Resource Files</Filter>
    </None>
    <None Include="res\PaneToobarsTreeIcons.bmp">
      <Filter>Resource Files</Filter>
    </None>
    <None Include="res\PaneToolbars.bmp">
      <Filter>Resource Files</Filter>
    </None>
    <None Include="res\PropertyIcons.bmp">
      <Filter>Resource Files</Filter>
    </None>
    <None Include="res\Toolbar.bmp">
      <Filter>Resource Files</Filter>
    </None>
    <None Include="res\Toolbar_a.bmp">
      <Filter>Resource Files</Filter>
    </None>
    <None Include="res\ActionLibrary.xml" />
    <None Include="res\shiny-gear.png" />
  </ItemGroup>
</Project>