Microsoft Visual Studio Solution File, Format Version 11.00
# Visual Studio 2010
Project("{8BC9CEB8-8B4A-11D0-8D11-00A0C91BC942}") = "ChartBrowser", "..\..\Samples\Chart\ChartBrowser\ChartBrowser_vc100.vcxproj", "{98718312-5944-4685-7366-566569335114}"
EndProject
Project("{8BC9CEB8-8B4A-11D0-8D11-00A0C91BC942}") = "ChartDialog", "..\..\Samples\Chart\ChartDialog\ChartDialog_vc100.vcxproj", "{92144384-3698-7385-2695-428459932355}"
EndProject
Project("{8BC9CEB8-8B4A-11D0-8D11-00A0C91BC942}") = "FlowGraphSample", "..\..\Samples\FlowGraph\FlowGraphSample\FlowGraphSample_vc100.vcxproj", "{37869938-1754-5478-8346-647313352414}"
EndProject
Project("{8BC9CEB8-8B4A-11D0-8D11-00A0C91BC942}") = "SimpleChart", "..\..\Samples\Chart\SimpleChart\SimpleChart_vc100.vcxproj", "{93367334-8412-9174-6419-142138484253}"
EndProject
Project("{8BC9CEB8-8B4A-11D0-8D11-00A0C91BC942}") = "StockSample", "..\..\Samples\Chart\StockSample\StockSample_vc100.vcxproj", "{88256492-5662-8364-5894-713747248711}"
EndProject
