<?xml version="1.0" encoding="utf-8"?>
<Project ToolsVersion="4.0" xmlns="http://schemas.microsoft.com/developer/msbuild/2003">
  <ItemGroup>
    <Filter Include="Source Files">
      <UniqueIdentifier>{46e0bcc7-aca4-433f-b608-a13d215d5cd5}</UniqueIdentifier>
      <Extensions>cpp;c;cxx;rc;def;r;odl;idl;hpj;bat</Extensions>
    </Filter>
    <Filter Include="Header Files">
      <UniqueIdentifier>{afd8b662-14ce-4ef5-9c3b-ca13ce6d002f}</UniqueIdentifier>
      <Extensions>h;hpp;hxx;hm;inl</Extensions>
    </Filter>
    <Filter Include="Resource Files">
      <UniqueIdentifier>{f1325e6e-ec17-4ecd-8e69-00cb6ef6ea4d}</UniqueIdentifier>
      <Extensions>ico;cur;bmp;dlg;rc2;rct;bin;rgs;gif;jpg;jpeg;jpe</Extensions>
    </Filter>
  </ItemGroup>
  <ItemGroup>
    <ClCompile Include="MainFrm.cpp">
      <Filter>Source Files</Filter>
    </ClCompile>
    <ClCompile Include="StatusBar.cpp">
      <Filter>Source Files</Filter>
    </ClCompile>
    <ClCompile Include="StatusBarDoc.cpp">
      <Filter>Source Files</Filter>
    </ClCompile>
    <ClCompile Include="StatusBarView.cpp">
      <Filter>Source Files</Filter>
    </ClCompile>
    <ClCompile Include="StdAfx.cpp">
      <Filter>Source Files</Filter>
    </ClCompile>
  </ItemGroup>
  <ItemGroup>
    <ResourceCompile Include="StatusBar.rc">
      <Filter>Source Files</Filter>
    </ResourceCompile>
  </ItemGroup>
  <ItemGroup>
    <ClInclude Include="..\..\AboutDlg\AboutDlg.h">
      <Filter>Header Files</Filter>
    </ClInclude>
    <ClInclude Include="MainFrm.h">
      <Filter>Header Files</Filter>
    </ClInclude>
    <ClInclude Include="Resource.h">
      <Filter>Header Files</Filter>
    </ClInclude>
    <ClInclude Include="StatusBar.h">
      <Filter>Header Files</Filter>
    </ClInclude>
    <ClInclude Include="StatusBarDoc.h">
      <Filter>Header Files</Filter>
    </ClInclude>
    <ClInclude Include="StatusBarView.h">
      <Filter>Header Files</Filter>
    </ClInclude>
    <ClInclude Include="StdAfx.h">
      <Filter>Header Files</Filter>
    </ClInclude>
  </ItemGroup>
  <ItemGroup>
    <None Include="res\CjSample.ico">
      <Filter>Resource Files</Filter>
    </None>
    <None Include="res\heartbeat.avi">
      <Filter>Resource Files</Filter>
    </None>
    <None Include="res\idr_stat.ico">
      <Filter>Resource Files</Filter>
    </None>
    <None Include="res\msword_draft.ico">
      <Filter>Resource Files</Filter>
    </None>
    <None Include="res\msword_fullscreen.ico">
      <Filter>Resource Files</Filter>
    </None>
    <None Include="res\msword_outline.ico">
      <Filter>Resource Files</Filter>
    </None>
    <None Include="res\msword_print.ico">
      <Filter>Resource Files</Filter>
    </None>
    <None Include="res\msword_web.ico">
      <Filter>Resource Files</Filter>
    </None>
    <None Include="res\StatusBar.ico">
      <Filter>Resource Files</Filter>
    </None>
    <None Include="res\StatusBar.rc2">
      <Filter>Resource Files</Filter>
    </None>
    <None Include="res\StatusBarDoc.ico">
      <Filter>Resource Files</Filter>
    </None>
    <None Include="res\Toolbar.bmp">
      <Filter>Resource Files</Filter>
    </None>
    <None Include="res\ToolBarAlpha.bmp">
      <Filter>Resource Files</Filter>
    </None>
  </ItemGroup>
</Project>