<?xml version="1.0" encoding="utf-8"?>
<Project ToolsVersion="4.0" xmlns="http://schemas.microsoft.com/developer/msbuild/2003">
  <ItemGroup>
    <ClCompile Include="..\..\scintilla\src\AutoComplete.cxx">
      <Filter>Source Files</Filter>
    </ClCompile>
    <ClCompile Include="..\..\scintilla\src\XPM.cxx">
      <Filter>Source Files</Filter>
    </ClCompile>
    <ClCompile Include="..\..\scintilla\src\CallTip.cxx">
      <Filter>Source Files</Filter>
    </ClCompile>
    <ClCompile Include="..\..\scintilla\src\CellBuffer.cxx">
      <Filter>Source Files</Filter>
    </ClCompile>
    <ClCompile Include="..\..\scintilla\src\CharClassify.cxx">
      <Filter>Source Files</Filter>
    </ClCompile>
    <ClCompile Include="..\..\scintilla\src\ContractionState.cxx">
      <Filter>Source Files</Filter>
    </ClCompile>
    <ClCompile Include="..\..\scintilla\src\Document.cxx">
      <Filter>Source Files</Filter>
    </ClCompile>
    <ClCompile Include="..\..\scintilla\src\Editor.cxx">
      <Filter>Source Files</Filter>
    </ClCompile>
    <ClCompile Include="..\..\scintilla\src\Indicator.cxx">
      <Filter>Source Files</Filter>
    </ClCompile>
    <ClCompile Include="..\..\scintilla\src\KeyMap.cxx">
      <Filter>Source Files</Filter>
    </ClCompile>
    <ClCompile Include="..\..\scintilla\src\LineMarker.cxx">
      <Filter>Source Files</Filter>
    </ClCompile>
    <ClCompile Include="..\..\scintilla\win32\PlatWin.cxx">
      <Filter>Source Files</Filter>
    </ClCompile>
    <ClCompile Include="..\..\scintilla\src\PropSet.cxx">
      <Filter>Source Files</Filter>
    </ClCompile>
    <ClCompile Include="..\..\scintilla\src\RESearch.cxx">
      <Filter>Source Files</Filter>
    </ClCompile>
    <ClCompile Include="..\..\scintilla\src\ScintillaBase.cxx">
      <Filter>Source Files</Filter>
    </ClCompile>
    <ClCompile Include="..\..\scintilla\win32\ScintillaWin.cxx">
      <Filter>Source Files</Filter>
    </ClCompile>
    <ClCompile Include="..\..\scintilla\src\Style.cxx">
      <Filter>Source Files</Filter>
    </ClCompile>
    <ClCompile Include="..\..\scintilla\src\UniConversion.cxx">
      <Filter>Source Files</Filter>
    </ClCompile>
    <ClCompile Include="..\..\scintilla\src\ViewStyle.cxx">
      <Filter>Source Files</Filter>
    </ClCompile>
  </ItemGroup>
  <ItemGroup>
    <Filter Include="Source Files">
      <UniqueIdentifier>{2286dc02-6129-404a-893b-89e7324ced48}</UniqueIdentifier>
    </Filter>
    <Filter Include="Header Files">
      <UniqueIdentifier>{22c5ccad-22d4-4924-aef1-5685115d21f8}</UniqueIdentifier>
    </Filter>
  </ItemGroup>
  <ItemGroup>
    <ClInclude Include="..\..\scintilla\src\CharClassify.h">
      <Filter>Source Files</Filter>
    </ClInclude>
    <ClInclude Include="..\..\scintilla\src\AutoComplete.h">
      <Filter>Header Files</Filter>
    </ClInclude>
    <ClInclude Include="..\..\scintilla\src\CallTip.h">
      <Filter>Header Files</Filter>
    </ClInclude>
    <ClInclude Include="..\..\scintilla\src\CellBuffer.h">
      <Filter>Header Files</Filter>
    </ClInclude>
    <ClInclude Include="..\..\scintilla\src\ContractionState.h">
      <Filter>Header Files</Filter>
    </ClInclude>
    <ClInclude Include="..\..\scintilla\src\Document.h">
      <Filter>Header Files</Filter>
    </ClInclude>
    <ClInclude Include="..\..\scintilla\src\DocumentAccessor.h">
      <Filter>Header Files</Filter>
    </ClInclude>
    <ClInclude Include="..\..\scintilla\src\Editor.h">
      <Filter>Header Files</Filter>
    </ClInclude>
    <ClInclude Include="..\..\scintilla\src\ExternalLexer.h">
      <Filter>Header Files</Filter>
    </ClInclude>
    <ClInclude Include="..\..\scintilla\src\Indicator.h">
      <Filter>Header Files</Filter>
    </ClInclude>
    <ClInclude Include="..\..\scintilla\src\KeyMap.h">
      <Filter>Header Files</Filter>
    </ClInclude>
    <ClInclude Include="..\..\scintilla\src\LineMarker.h">
      <Filter>Header Files</Filter>
    </ClInclude>
    <ClInclude Include="..\..\scintilla\src\RESearch.h">
      <Filter>Header Files</Filter>
    </ClInclude>
    <ClInclude Include="..\..\scintilla\src\ScintillaBase.h">
      <Filter>Header Files</Filter>
    </ClInclude>
    <ClInclude Include="..\..\scintilla\src\Style.h">
      <Filter>Header Files</Filter>
    </ClInclude>
    <ClInclude Include="..\..\scintilla\src\StyleContext.h">
      <Filter>Header Files</Filter>
    </ClInclude>
    <ClInclude Include="..\..\scintilla\src\SVector.h">
      <Filter>Header Files</Filter>
    </ClInclude>
    <ClInclude Include="..\..\scintilla\src\UniConversion.h">
      <Filter>Header Files</Filter>
    </ClInclude>
    <ClInclude Include="..\..\scintilla\src\ViewStyle.h">
      <Filter>Header Files</Filter>
    </ClInclude>
    <ClInclude Include="..\..\scintilla\src\XPM.h">
      <Filter>Header Files</Filter>
    </ClInclude>
  </ItemGroup>
</Project>
