
Microsoft Visual Studio Solution File, Format Version 12.00
# Visual Studio 2013
VisualStudioVersion = 12.0.40629.0
MinimumVisualStudioVersion = 10.0.40219.1
Project("{8BC9CEB8-8B4A-11D0-8D11-00A0C91BC942}") = "libgsi", "..\libgsi\libgsi.vcxproj", "{08173F45-5840-4DB3-84F1-DC3601C274E9}"
EndProject
Project("{8BC9CEB8-8B4A-11D0-8D11-00A0C91BC942}") = "librtl", "..\librtl\librtl.vcxproj", "{FCDB2CD1-18D3-40EE-834C-1B402AC8D912}"
EndProject
Project("{8BC9CEB8-8B4A-11D0-8D11-00A0C91BC942}") = "libtcp", "..\libtcp\libtcp.vcxproj", "{0E26035A-2A52-4D43-B48A-90949DD226C7}"
EndProject
Project("{8BC9CEB8-8B4A-11D0-8D11-00A0C91BC942}") = "odbc", "g2-odbc\odbc.vcxproj", "{30FAFD94-C17D-47D0-9D85-84651A945121}"
EndProject
Global
	GlobalSection(SolutionConfigurationPlatforms) = preSolution
		Debug - Unicode|Win32 = Debug - Unicode|Win32
		Debug - Unicode|x64 = Debug - Unicode|x64
		Debug|Win32 = Debug|Win32
		Debug|x64 = Debug|x64
		Release - Unicode|Win32 = Release - Unicode|Win32
		Release - Unicode|x64 = Release - Unicode|x64
		Release|Win32 = Release|Win32
		Release|x64 = Release|x64
	EndGlobalSection
	GlobalSection(ProjectConfigurationPlatforms) = postSolution
		{08173F45-5840-4DB3-84F1-DC3601C274E9}.Debug - Unicode|Win32.ActiveCfg = Debug|Win32
		{08173F45-5840-4DB3-84F1-DC3601C274E9}.Debug - Unicode|Win32.Build.0 = Debug|Win32
		{08173F45-5840-4DB3-84F1-DC3601C274E9}.Debug - Unicode|x64.ActiveCfg = Debug|x64
		{08173F45-5840-4DB3-84F1-DC3601C274E9}.Debug - Unicode|x64.Build.0 = Debug|x64
		{08173F45-5840-4DB3-84F1-DC3601C274E9}.Debug|Win32.ActiveCfg = Debug|Win32
		{08173F45-5840-4DB3-84F1-DC3601C274E9}.Debug|Win32.Build.0 = Debug|Win32
		{08173F45-5840-4DB3-84F1-DC3601C274E9}.Debug|x64.ActiveCfg = Debug|x64
		{08173F45-5840-4DB3-84F1-DC3601C274E9}.Debug|x64.Build.0 = Debug|x64
		{08173F45-5840-4DB3-84F1-DC3601C274E9}.Release - Unicode|Win32.ActiveCfg = Release|Win32
		{08173F45-5840-4DB3-84F1-DC3601C274E9}.Release - Unicode|Win32.Build.0 = Release|Win32
		{08173F45-5840-4DB3-84F1-DC3601C274E9}.Release - Unicode|x64.ActiveCfg = Release|x64
		{08173F45-5840-4DB3-84F1-DC3601C274E9}.Release - Unicode|x64.Build.0 = Release|x64
		{08173F45-5840-4DB3-84F1-DC3601C274E9}.Release|Win32.ActiveCfg = Release|Win32
		{08173F45-5840-4DB3-84F1-DC3601C274E9}.Release|Win32.Build.0 = Release|Win32
		{08173F45-5840-4DB3-84F1-DC3601C274E9}.Release|x64.ActiveCfg = Release|x64
		{08173F45-5840-4DB3-84F1-DC3601C274E9}.Release|x64.Build.0 = Release|x64
		{FCDB2CD1-18D3-40EE-834C-1B402AC8D912}.Debug - Unicode|Win32.ActiveCfg = Debug|Win32
		{FCDB2CD1-18D3-40EE-834C-1B402AC8D912}.Debug - Unicode|Win32.Build.0 = Debug|Win32
		{FCDB2CD1-18D3-40EE-834C-1B402AC8D912}.Debug - Unicode|x64.ActiveCfg = Debug|x64
		{FCDB2CD1-18D3-40EE-834C-1B402AC8D912}.Debug - Unicode|x64.Build.0 = Debug|x64
		{FCDB2CD1-18D3-40EE-834C-1B402AC8D912}.Debug|Win32.ActiveCfg = Debug|Win32
		{FCDB2CD1-18D3-40EE-834C-1B402AC8D912}.Debug|Win32.Build.0 = Debug|Win32
		{FCDB2CD1-18D3-40EE-834C-1B402AC8D912}.Debug|x64.ActiveCfg = Debug|x64
		{FCDB2CD1-18D3-40EE-834C-1B402AC8D912}.Debug|x64.Build.0 = Debug|x64
		{FCDB2CD1-18D3-40EE-834C-1B402AC8D912}.Release - Unicode|Win32.ActiveCfg = Release|Win32
		{FCDB2CD1-18D3-40EE-834C-1B402AC8D912}.Release - Unicode|Win32.Build.0 = Release|Win32
		{FCDB2CD1-18D3-40EE-834C-1B402AC8D912}.Release - Unicode|x64.ActiveCfg = Release|x64
		{FCDB2CD1-18D3-40EE-834C-1B402AC8D912}.Release - Unicode|x64.Build.0 = Release|x64
		{FCDB2CD1-18D3-40EE-834C-1B402AC8D912}.Release|Win32.ActiveCfg = Release|Win32
		{FCDB2CD1-18D3-40EE-834C-1B402AC8D912}.Release|Win32.Build.0 = Release|Win32
		{FCDB2CD1-18D3-40EE-834C-1B402AC8D912}.Release|x64.ActiveCfg = Release|x64
		{FCDB2CD1-18D3-40EE-834C-1B402AC8D912}.Release|x64.Build.0 = Release|x64
		{0E26035A-2A52-4D43-B48A-90949DD226C7}.Debug - Unicode|Win32.ActiveCfg = Debug|Win32
		{0E26035A-2A52-4D43-B48A-90949DD226C7}.Debug - Unicode|Win32.Build.0 = Debug|Win32
		{0E26035A-2A52-4D43-B48A-90949DD226C7}.Debug - Unicode|x64.ActiveCfg = Debug|x64
		{0E26035A-2A52-4D43-B48A-90949DD226C7}.Debug - Unicode|x64.Build.0 = Debug|x64
		{0E26035A-2A52-4D43-B48A-90949DD226C7}.Debug|Win32.ActiveCfg = Debug|Win32
		{0E26035A-2A52-4D43-B48A-90949DD226C7}.Debug|Win32.Build.0 = Debug|Win32
		{0E26035A-2A52-4D43-B48A-90949DD226C7}.Debug|x64.ActiveCfg = Debug|x64
		{0E26035A-2A52-4D43-B48A-90949DD226C7}.Debug|x64.Build.0 = Debug|x64
		{0E26035A-2A52-4D43-B48A-90949DD226C7}.Release - Unicode|Win32.ActiveCfg = Release|Win32
		{0E26035A-2A52-4D43-B48A-90949DD226C7}.Release - Unicode|Win32.Build.0 = Release|Win32
		{0E26035A-2A52-4D43-B48A-90949DD226C7}.Release - Unicode|x64.ActiveCfg = Release|x64
		{0E26035A-2A52-4D43-B48A-90949DD226C7}.Release - Unicode|x64.Build.0 = Release|x64
		{0E26035A-2A52-4D43-B48A-90949DD226C7}.Release|Win32.ActiveCfg = Release|Win32
		{0E26035A-2A52-4D43-B48A-90949DD226C7}.Release|Win32.Build.0 = Release|Win32
		{0E26035A-2A52-4D43-B48A-90949DD226C7}.Release|x64.ActiveCfg = Release|x64
		{0E26035A-2A52-4D43-B48A-90949DD226C7}.Release|x64.Build.0 = Release|x64
		{30FAFD94-C17D-47D0-9D85-84651A945121}.Debug - Unicode|Win32.ActiveCfg = Debug - Unicode|Win32
		{30FAFD94-C17D-47D0-9D85-84651A945121}.Debug - Unicode|Win32.Build.0 = Debug - Unicode|Win32
		{30FAFD94-C17D-47D0-9D85-84651A945121}.Debug - Unicode|x64.ActiveCfg = Debug - Unicode|x64
		{30FAFD94-C17D-47D0-9D85-84651A945121}.Debug - Unicode|x64.Build.0 = Debug - Unicode|x64
		{30FAFD94-C17D-47D0-9D85-84651A945121}.Debug|Win32.ActiveCfg = Debug|Win32
		{30FAFD94-C17D-47D0-9D85-84651A945121}.Debug|Win32.Build.0 = Debug|Win32
		{30FAFD94-C17D-47D0-9D85-84651A945121}.Debug|x64.ActiveCfg = Debug|x64
		{30FAFD94-C17D-47D0-9D85-84651A945121}.Debug|x64.Build.0 = Debug|x64
		{30FAFD94-C17D-47D0-9D85-84651A945121}.Release - Unicode|Win32.ActiveCfg = Release - Unicode|Win32
		{30FAFD94-C17D-47D0-9D85-84651A945121}.Release - Unicode|Win32.Build.0 = Release - Unicode|Win32
		{30FAFD94-C17D-47D0-9D85-84651A945121}.Release - Unicode|x64.ActiveCfg = Release - Unicode|x64
		{30FAFD94-C17D-47D0-9D85-84651A945121}.Release - Unicode|x64.Build.0 = Release - Unicode|x64
		{30FAFD94-C17D-47D0-9D85-84651A945121}.Release|Win32.ActiveCfg = Release|Win32
		{30FAFD94-C17D-47D0-9D85-84651A945121}.Release|Win32.Build.0 = Release|Win32
		{30FAFD94-C17D-47D0-9D85-84651A945121}.Release|x64.ActiveCfg = Release|x64
		{30FAFD94-C17D-47D0-9D85-84651A945121}.Release|x64.Build.0 = Release|x64
	EndGlobalSection
	GlobalSection(SolutionProperties) = preSolution
		HideSolutionNode = FALSE
	EndGlobalSection
EndGlobal
