
Microsoft Visual Studio Solution File, Format Version 11.00
# Visual Studio 2010
Project("{8BC9CEB8-8B4A-11D0-8D11-00A0C91BC942}") = "CppUnitTest", "tests\CppUnitTest\CppUnitTest.vcxproj", "{E763FCC7-A69C-406C-AC10-3B5AEE904EFD}"
EndProject
Project("{8BC9CEB8-8B4A-11D0-8D11-00A0C91BC942}") = "MfcTestRunnerEx", "tests\CppUnitTest\MfcTestRunnerEx\src\MfcTestRunnerEx.vcxproj", "{D4204036-308C-45DC-924A-8D0BA0D40CE5}"
EndProject
Global
	GlobalSection(SolutionConfigurationPlatforms) = preSolution
		Debug|Win32 = Debug|Win32
		Release|Win32 = Release|Win32
	EndGlobalSection
	GlobalSection(ProjectConfigurationPlatforms) = postSolution
		{E763FCC7-A69C-406C-AC10-3B5AEE904EFD}.Debug|Win32.ActiveCfg = Debug|Win32
		{E763FCC7-A69C-406C-AC10-3B5AEE904EFD}.Debug|Win32.Build.0 = Debug|Win32
		{E763FCC7-A69C-406C-AC10-3B5AEE904EFD}.Release|Win32.ActiveCfg = Release|Win32
		{E763FCC7-A69C-406C-AC10-3B5AEE904EFD}.Release|Win32.Build.0 = Release|Win32
		{D4204036-308C-45DC-924A-8D0BA0D40CE5}.Debug|Win32.ActiveCfg = Debug|Win32
		{D4204036-308C-45DC-924A-8D0BA0D40CE5}.Debug|Win32.Build.0 = Debug|Win32
		{D4204036-308C-45DC-924A-8D0BA0D40CE5}.Release|Win32.ActiveCfg = Release|Win32
		{D4204036-308C-45DC-924A-8D0BA0D40CE5}.Release|Win32.Build.0 = Release|Win32
	EndGlobalSection
	GlobalSection(SolutionProperties) = preSolution
		HideSolutionNode = FALSE
	EndGlobalSection
EndGlobal
