<?xml version="1.0" encoding="utf-8"?>
<Project ToolsVersion="4.0" xmlns="http://schemas.microsoft.com/developer/msbuild/2003">
  <ItemGroup>
    <Filter Include="Source Files">
      <UniqueIdentifier>{e8f7953a-e0dc-45f1-b720-e60ab4b67fc7}</UniqueIdentifier>
      <Extensions>cpp;c;cxx;rc;def;r;odl;idl;hpj;bat</Extensions>
    </Filter>
    <Filter Include="Header Files">
      <UniqueIdentifier>{3db8b6ba-c930-4470-9760-4547b9d5d942}</UniqueIdentifier>
      <Extensions>h;hpp;hxx;hm;inl</Extensions>
    </Filter>
    <Filter Include="Resource Files">
      <UniqueIdentifier>{773f32ba-c668-45ad-b637-6435e515cfd8}</UniqueIdentifier>
      <Extensions>ico;cur;bmp;dlg;rc2;rct;bin;rgs;gif;jpg;jpeg;jpe</Extensions>
    </Filter>
  </ItemGroup>
  <ItemGroup>
    <ClCompile Include="CntrItem.cpp">
      <Filter>Source Files</Filter>
    </ClCompile>
    <ClCompile Include="GalleryItems.cpp">
      <Filter>Source Files</Filter>
    </ClCompile>
    <ClCompile Include="GallerySample.cpp">
      <Filter>Source Files</Filter>
    </ClCompile>
    <ClCompile Include="GallerySampleDoc.cpp">
      <Filter>Source Files</Filter>
    </ClCompile>
    <ClCompile Include="GallerySampleView.cpp">
      <Filter>Source Files</Filter>
    </ClCompile>
    <ClCompile Include="MainFrm.cpp">
      <Filter>Source Files</Filter>
    </ClCompile>
    <ClCompile Include="StdAfx.cpp">
      <Filter>Source Files</Filter>
    </ClCompile>
  </ItemGroup>
  <ItemGroup>
    <ResourceCompile Include="GallerySample.rc">
      <Filter>Source Files</Filter>
    </ResourceCompile>
  </ItemGroup>
  <ItemGroup>
    <ClInclude Include="CntrItem.h">
      <Filter>Header Files</Filter>
    </ClInclude>
    <ClInclude Include="GalleryItems.h">
      <Filter>Header Files</Filter>
    </ClInclude>
    <ClInclude Include="GallerySample.h">
      <Filter>Header Files</Filter>
    </ClInclude>
    <ClInclude Include="GallerySampleDoc.h">
      <Filter>Header Files</Filter>
    </ClInclude>
    <ClInclude Include="GallerySampleView.h">
      <Filter>Header Files</Filter>
    </ClInclude>
    <ClInclude Include="MainFrm.h">
      <Filter>Header Files</Filter>
    </ClInclude>
    <ClInclude Include="Resource.h">
      <Filter>Header Files</Filter>
    </ClInclude>
    <ClInclude Include="StdAfx.h">
      <Filter>Header Files</Filter>
    </ClInclude>
  </ItemGroup>
  <ItemGroup>
    <None Include="res\CJSample.ico">
      <Filter>Resource Files</Filter>
    </None>
    <None Include="res\GallaryShapes.bmp">
      <Filter>Resource Files</Filter>
    </None>
    <None Include="res\GallerySample.ico">
      <Filter>Resource Files</Filter>
    </None>
    <None Include="res\GallerySample.rc2">
      <Filter>Resource Files</Filter>
    </None>
    <None Include="res\GallerySampleDoc.ico">
      <Filter>Resource Files</Filter>
    </None>
    <None Include="res\GalleryShapes.bmp">
      <Filter>Resource Files</Filter>
    </None>
    <None Include="res\GalleryStyles.bmp">
      <Filter>Resource Files</Filter>
    </None>
    <None Include="res\Toolbar.bmp">
      <Filter>Resource Files</Filter>
    </None>
    <None Include="res\ToolbarFormat.bmp">
      <Filter>Resource Files</Filter>
    </None>
    <None Include="res\ToolbarLarge.bmp">
      <Filter>Resource Files</Filter>
    </None>
    <None Include="res\ToolbarStyles.bmp">
      <Filter>Resource Files</Filter>
    </None>
  </ItemGroup>
</Project>