<?xml version="1.0" encoding="utf-8"?>
<Project ToolsVersion="4.0" xmlns="http://schemas.microsoft.com/developer/msbuild/2003">
  <ItemGroup>
    <Filter Include="Source Files">
      <UniqueIdentifier>{156bad5c-1e98-4cdb-8372-7a20f99940e3}</UniqueIdentifier>
      <Extensions>cpp;c;cxx;rc;def;r;odl;idl;hpj;bat</Extensions>
    </Filter>
    <Filter Include="Header Files">
      <UniqueIdentifier>{f6929c55-71dd-435f-999b-1ca096a6fbda}</UniqueIdentifier>
      <Extensions>h;hpp;hxx;hm;inl</Extensions>
    </Filter>
    <Filter Include="Resource Files">
      <UniqueIdentifier>{0e796352-f059-4eb8-b062-e6df08e59e5d}</UniqueIdentifier>
      <Extensions>ico;cur;bmp;dlg;rc2;rct;bin;rgs;gif;jpg;jpeg;jpe</Extensions>
    </Filter>
  </ItemGroup>
  <ItemGroup>
    <ClCompile Include="MainFrm.cpp">
      <Filter>Source Files</Filter>
    </ClCompile>
    <ClCompile Include="MSDI.cpp">
      <Filter>Source Files</Filter>
    </ClCompile>
    <ClCompile Include="MSDIDocManager.cpp">
      <Filter>Source Files</Filter>
    </ClCompile>
    <ClCompile Include="MSDIThread.cpp">
      <Filter>Source Files</Filter>
    </ClCompile>
    <ClCompile Include="SomeDoc.cpp">
      <Filter>Source Files</Filter>
    </ClCompile>
    <ClCompile Include="SomeView.cpp">
      <Filter>Source Files</Filter>
    </ClCompile>
    <ClCompile Include="StdAfx.cpp">
      <Filter>Source Files</Filter>
    </ClCompile>
  </ItemGroup>
  <ItemGroup>
    <ResourceCompile Include="MSDI.rc">
      <Filter>Source Files</Filter>
    </ResourceCompile>
  </ItemGroup>
  <ItemGroup>
    <ClInclude Include="MainFrm.h">
      <Filter>Header Files</Filter>
    </ClInclude>
    <ClInclude Include="MSDI.h">
      <Filter>Header Files</Filter>
    </ClInclude>
    <ClInclude Include="MSDIDocManager.h">
      <Filter>Header Files</Filter>
    </ClInclude>
    <ClInclude Include="MSDIThread.h">
      <Filter>Header Files</Filter>
    </ClInclude>
    <ClInclude Include="Resource.h">
      <Filter>Header Files</Filter>
    </ClInclude>
    <ClInclude Include="SomeDoc.h">
      <Filter>Header Files</Filter>
    </ClInclude>
    <ClInclude Include="SomeView.h">
      <Filter>Header Files</Filter>
    </ClInclude>
    <ClInclude Include="StdAfx.h">
      <Filter>Header Files</Filter>
    </ClInclude>
  </ItemGroup>
  <ItemGroup>
    <None Include="res\CjSample.ico">
      <Filter>Resource Files</Filter>
    </None>
    <None Include="res\MSDI.ico">
      <Filter>Resource Files</Filter>
    </None>
    <None Include="res\MSDI.rc2">
      <Filter>Resource Files</Filter>
    </None>
    <None Include="res\otherdoc.bmp">
      <Filter>Resource Files</Filter>
    </None>
    <None Include="res\SomeDoc.ico">
      <Filter>Resource Files</Filter>
    </None>
    <None Include="res\Toolbar.bmp">
      <Filter>Resource Files</Filter>
    </None>
  </ItemGroup>
</Project>