<?xml version="1.0" encoding="utf-8"?>
<Project ToolsVersion="4.0" xmlns="http://schemas.microsoft.com/developer/msbuild/2003">
  <ItemGroup>
    <Filter Include="Source Files">
      <UniqueIdentifier>{fe0cea6b-ce47-4f23-967a-57c3d9f5083c}</UniqueIdentifier>
      <Extensions>cpp;c;cxx;rc;def;r;odl;idl;hpj;bat</Extensions>
    </Filter>
    <Filter Include="Header Files">
      <UniqueIdentifier>{2675b49e-e8fc-46f8-bfed-c243df806141}</UniqueIdentifier>
      <Extensions>h;hpp;hxx;hm;inl</Extensions>
    </Filter>
    <Filter Include="Resource Files">
      <UniqueIdentifier>{9fe228a3-7a57-44f4-bebd-b926d2720d4f}</UniqueIdentifier>
      <Extensions>ico;cur;bmp;dlg;rc2;rct;bin;rgs;gif;jpg;jpeg;jpe</Extensions>
    </Filter>
    <Filter Include="Styles">
      <UniqueIdentifier>{716f747a-608f-4c09-8bcd-04814f615a64}</UniqueIdentifier>
    </Filter>
  </ItemGroup>
  <ItemGroup>
    <ClCompile Include="BackstagePageHelp.cpp">
      <Filter>Source Files</Filter>
    </ClCompile>
    <ClCompile Include="BackstagePageInfo.cpp">
      <Filter>Source Files</Filter>
    </ClCompile>
    <ClCompile Include="BackstagePageRecent.cpp">
      <Filter>Source Files</Filter>
    </ClCompile>
    <ClCompile Include="BackstagePageSave.cpp">
      <Filter>Source Files</Filter>
    </ClCompile>
    <ClCompile Include="BackstagePageSaveEmail.cpp">
      <Filter>Source Files</Filter>
    </ClCompile>
    <ClCompile Include="BackstagePageSaveWeb.cpp">
      <Filter>Source Files</Filter>
    </ClCompile>
    <ClCompile Include="CntrItem.cpp">
      <Filter>Source Files</Filter>
    </ClCompile>
    <ClCompile Include="GalleryItems.cpp">
      <Filter>Source Files</Filter>
    </ClCompile>
    <ClCompile Include="MainFrm.cpp">
      <Filter>Source Files</Filter>
    </ClCompile>
    <ClCompile Include="PaneStyles.cpp">
      <Filter>Source Files</Filter>
    </ClCompile>
    <ClCompile Include="RibbonSample.cpp">
      <Filter>Source Files</Filter>
    </ClCompile>
    <ClCompile Include="RibbonSampleDoc.cpp">
      <Filter>Source Files</Filter>
    </ClCompile>
    <ClCompile Include="RibbonSampleView.cpp">
      <Filter>Source Files</Filter>
    </ClCompile>
    <ClCompile Include="ScrollRichEditView.cpp">
      <Filter>Source Files</Filter>
    </ClCompile>
    <ClCompile Include="StdAfx.cpp">
      <Filter>Source Files</Filter>
    </ClCompile>
    <ClCompile Include="WorkspaceView.cpp">
      <Filter>Source Files</Filter>
    </ClCompile>
  </ItemGroup>
  <ItemGroup>
    <ResourceCompile Include="RibbonSample.rc">
      <Filter>Source Files</Filter>
    </ResourceCompile>
  </ItemGroup>
  <ItemGroup>
    <ClInclude Include="BackstagePageHelp.h">
      <Filter>Header Files</Filter>
    </ClInclude>
    <ClInclude Include="BackstagePageInfo.h">
      <Filter>Header Files</Filter>
    </ClInclude>
    <ClInclude Include="BackstagePageRecent.h">
      <Filter>Header Files</Filter>
    </ClInclude>
    <ClInclude Include="BackstagePageSave.h">
      <Filter>Header Files</Filter>
    </ClInclude>
    <ClInclude Include="BackstagePageSaveEmail.h">
      <Filter>Header Files</Filter>
    </ClInclude>
    <ClInclude Include="BackstagePageSaveWeb.h">
      <Filter>Header Files</Filter>
    </ClInclude>
    <ClInclude Include="CntrItem.h">
      <Filter>Header Files</Filter>
    </ClInclude>
    <ClInclude Include="GalleryItems.h">
      <Filter>Header Files</Filter>
    </ClInclude>
    <ClInclude Include="MainFrm.h">
      <Filter>Header Files</Filter>
    </ClInclude>
    <ClInclude Include="PaneStyles.h">
      <Filter>Header Files</Filter>
    </ClInclude>
    <ClInclude Include="Resource.h">
      <Filter>Header Files</Filter>
    </ClInclude>
    <ClInclude Include="RibbonSample.h">
      <Filter>Header Files</Filter>
    </ClInclude>
    <ClInclude Include="RibbonSampleDoc.h">
      <Filter>Header Files</Filter>
    </ClInclude>
    <ClInclude Include="RibbonSampleView.h">
      <Filter>Header Files</Filter>
    </ClInclude>
    <ClInclude Include="ScrollRichEditView.h">
      <Filter>Header Files</Filter>
    </ClInclude>
    <ClInclude Include="StdAfx.h">
      <Filter>Header Files</Filter>
    </ClInclude>
    <ClInclude Include="WorkspaceView.h">
      <Filter>Header Files</Filter>
    </ClInclude>
  </ItemGroup>
  <ItemGroup>
    <None Include="res\BitmapChart.bmp">
      <Filter>Resource Files</Filter>
    </None>
    <None Include="res\BitmapGraphic.bmp">
      <Filter>Resource Files</Filter>
    </None>
    <None Include="res\BitmapPicture.bmp">
      <Filter>Resource Files</Filter>
    </None>
    <None Include="res\BitmapTable.bmp">
      <Filter>Resource Files</Filter>
    </None>
    <None Include="res\CJSample.ico">
      <Filter>Resource Files</Filter>
    </None>
    <None Include="res\Feedback.rtf">
      <Filter>Resource Files</Filter>
    </None>
    <None Include="res\GalleryColumns.png">
      <Filter>Resource Files</Filter>
    </None>
    <None Include="res\GalleryShapes.png">
      <Filter>Resource Files</Filter>
    </None>
    <None Include="res\GalleryStyles.png">
      <Filter>Resource Files</Filter>
    </None>
    <None Include="res\GroupCaptions.bmp">
      <Filter>Resource Files</Filter>
    </None>
    <None Include="res\GroupClipboard.png">
      <Filter>Resource Files</Filter>
    </None>
    <None Include="res\GroupDocumentViews.bmp">
      <Filter>Resource Files</Filter>
    </None>
    <None Include="res\GroupFind.png">
      <Filter>Resource Files</Filter>
    </None>
    <None Include="res\GroupFont.png">
      <Filter>Resource Files</Filter>
    </None>
    <None Include="res\GroupFootnotes.bmp">
      <Filter>Resource Files</Filter>
    </None>
    <None Include="res\GroupIcons.png">
      <Filter>Resource Files</Filter>
    </None>
    <None Include="res\GroupIndex.bmp">
      <Filter>Resource Files</Filter>
    </None>
    <None Include="res\GroupOptionToolTip.png">
      <Filter>Resource Files</Filter>
    </None>
    <None Include="res\GroupPageParagraph.png">
      <Filter>Resource Files</Filter>
    </None>
    <None Include="res\GroupParagraph.png">
      <Filter>Resource Files</Filter>
    </None>
    <None Include="res\GroupPopup.ico">
      <Filter>Resource Files</Filter>
    </None>
    <None Include="res\GroupStyles.png">
      <Filter>Resource Files</Filter>
    </None>
    <None Include="res\GroupTableOfContents.bmp">
      <Filter>Resource Files</Filter>
    </None>
    <None Include="res\GroupWindow.bmp">
      <Filter>Resource Files</Filter>
    </None>
    <None Include="res\GroupZoom.bmp">
      <Filter>Resource Files</Filter>
    </None>
    <None Include="res\InsertTab.png">
      <Filter>Resource Files</Filter>
    </None>
    <None Include="res\LargeIcons.png">
      <Filter>Resource Files</Filter>
    </None>
    <None Include="res\LayoutTab.png">
      <Filter>Resource Files</Filter>
    </None>
    <None Include="res\LayoutTabLarge.png">
      <Filter>Resource Files</Filter>
    </None>
    <None Include="res\RibbonSample.rc2">
      <Filter>Resource Files</Filter>
    </None>
    <None Include="res\RibbonSampleDoc.ico">
      <Filter>Resource Files</Filter>
    </None>
    <None Include="res\ScreenPreview.bmp">
      <Filter>Resource Files</Filter>
    </None>
    <None Include="res\shiny-gear.png">
      <Filter>Resource Files</Filter>
    </None>
    <None Include="res\SmallIcons.png">
      <Filter>Resource Files</Filter>
    </None>
    <None Include="res\StatusBarViewSwitches.png">
      <Filter>Resource Files</Filter>
    </None>
    <None Include="res\SystemMenuLarge.png">
      <Filter>Resource Files</Filter>
    </None>
    <None Include="res\TabPageLayout.png">
      <Filter>Resource Files</Filter>
    </None>
    <None Include="res\TabReferences.png">
      <Filter>Resource Files</Filter>
    </None>
    <None Include="res\TabView.png">
      <Filter>Resource Files</Filter>
    </None>
    <None Include="res\Warning.ico">
      <Filter>Resource Files</Filter>
    </None>
    <None Include="res\BackstageIcons.png" />
    <None Include="res\ButtonDropDownGlyph.png" />
    <None Include="res\CheckForIssues.png" />
    <None Include="res\IndicatorMacroRecording.png" />
    <None Include="res\ManageVersions.png" />
    <None Include="res\PageHelpIcons.png" />
    <None Include="res\PageSaveIcons.png" />
    <None Include="res\ProtectDocument.png" />
    <None Include="res\RibbonMinimize.png" />
    <None Include="res\StylesManageStyles.png" />
    <None Include="res\StylesPaneNewStyle.png" />
    <None Include="res\StylesStyleInspector.png" />
  </ItemGroup>
  <ItemGroup>
    <CustomBuild Include="..\..\..\Source\Styles\Office2007.dll">
      <Filter>Styles</Filter>
    </CustomBuild>
    <CustomBuild Include="..\..\..\Source\Styles\Office2010.dll">
      <Filter>Styles</Filter>
    </CustomBuild>
    <CustomBuild Include="..\..\..\Source\Styles\Windows7.dll">
      <Filter>Styles</Filter>
    </CustomBuild>
  </ItemGroup>
</Project>