
Microsoft Visual Studio Solution File, Format Version 11.00
# Visual Studio 2010
Project("{8BC9CEB8-8B4A-11D0-8D11-00A0C91BC942}") = "alarmer", "alarmer.vcxproj", "{6B97F816-A6EA-4D46-FBAF-FFE825B56067}"
EndProject
Project("{8BC9CEB8-8B4A-11D0-8D11-00A0C91BC942}") = "filetest", "filetest.vcxproj", "{E16E5195-DB54-09A5-9D88-4EFF23D86A51}"
EndProject
Project("{8BC9CEB8-8B4A-11D0-8D11-00A0C91BC942}") = "itemtest", "itemtest.vcxproj", "{43D3212C-1406-4CF2-863C-81A2A4E3C57B}"
EndProject
Project("{8BC9CEB8-8B4A-11D0-8D11-00A0C91BC942}") = "mapchar", "mapchar.vcxproj", "{EAC5AB55-E284-1F32-34FF-4DCB0447C389}"
EndProject
Project("{8BC9CEB8-8B4A-11D0-8D11-00A0C91BC942}") = "matrix", "matrix.vcxproj", "{A7D44A57-2AEC-9C40-0E56-E1E935C3E029}"
EndProject
Project("{8BC9CEB8-8B4A-11D0-8D11-00A0C91BC942}") = "reposit", "reposit.vcxproj", "{241FFF7E-3092-71EF-9A4C-C3E83556A2B9}"
EndProject
Project("{8BC9CEB8-8B4A-11D0-8D11-00A0C91BC942}") = "skeleton", "skeleton.vcxproj", "{C555398D-81C4-C23C-85A9-A03F8BA63354}"
EndProject
Project("{8BC9CEB8-8B4A-11D0-8D11-00A0C91BC942}") = "typetest", "typetest.vcxproj", "{8820A58C-8CA4-B54D-C5C9-B6DEBBDB4188}"
EndProject
Global
	GlobalSection(SolutionConfigurationPlatforms) = preSolution
		Debug|Win32 = Debug|Win32
		Debug|x64 = Debug|x64
		Release|Win32 = Release|Win32
		Release|x64 = Release|x64
	EndGlobalSection
	GlobalSection(ProjectConfigurationPlatforms) = postSolution
		{6B97F816-A6EA-4D46-FBAF-FFE825B56067}.Debug|Win32.ActiveCfg = Debug|Win32
		{6B97F816-A6EA-4D46-FBAF-FFE825B56067}.Debug|Win32.Build.0 = Debug|Win32
		{6B97F816-A6EA-4D46-FBAF-FFE825B56067}.Debug|x64.ActiveCfg = Debug|x64
		{6B97F816-A6EA-4D46-FBAF-FFE825B56067}.Debug|x64.Build.0 = Debug|x64
		{6B97F816-A6EA-4D46-FBAF-FFE825B56067}.Release|Win32.ActiveCfg = Release|Win32
		{6B97F816-A6EA-4D46-FBAF-FFE825B56067}.Release|Win32.Build.0 = Release|Win32
		{6B97F816-A6EA-4D46-FBAF-FFE825B56067}.Release|x64.ActiveCfg = Release|x64
		{6B97F816-A6EA-4D46-FBAF-FFE825B56067}.Release|x64.Build.0 = Release|x64
		{E16E5195-DB54-09A5-9D88-4EFF23D86A51}.Debug|Win32.ActiveCfg = Debug|Win32
		{E16E5195-DB54-09A5-9D88-4EFF23D86A51}.Debug|Win32.Build.0 = Debug|Win32
		{E16E5195-DB54-09A5-9D88-4EFF23D86A51}.Debug|x64.ActiveCfg = Debug|x64
		{E16E5195-DB54-09A5-9D88-4EFF23D86A51}.Debug|x64.Build.0 = Debug|x64
		{E16E5195-DB54-09A5-9D88-4EFF23D86A51}.Release|Win32.ActiveCfg = Release|Win32
		{E16E5195-DB54-09A5-9D88-4EFF23D86A51}.Release|Win32.Build.0 = Release|Win32
		{E16E5195-DB54-09A5-9D88-4EFF23D86A51}.Release|x64.ActiveCfg = Release|x64
		{E16E5195-DB54-09A5-9D88-4EFF23D86A51}.Release|x64.Build.0 = Release|x64
		{43D3212C-1406-4CF2-863C-81A2A4E3C57B}.Debug|Win32.ActiveCfg = Debug|Win32
		{43D3212C-1406-4CF2-863C-81A2A4E3C57B}.Debug|Win32.Build.0 = Debug|Win32
		{43D3212C-1406-4CF2-863C-81A2A4E3C57B}.Debug|x64.ActiveCfg = Debug|x64
		{43D3212C-1406-4CF2-863C-81A2A4E3C57B}.Debug|x64.Build.0 = Debug|x64
		{43D3212C-1406-4CF2-863C-81A2A4E3C57B}.Release|Win32.ActiveCfg = Release|Win32
		{43D3212C-1406-4CF2-863C-81A2A4E3C57B}.Release|Win32.Build.0 = Release|Win32
		{43D3212C-1406-4CF2-863C-81A2A4E3C57B}.Release|x64.ActiveCfg = Release|x64
		{43D3212C-1406-4CF2-863C-81A2A4E3C57B}.Release|x64.Build.0 = Release|x64
		{EAC5AB55-E284-1F32-34FF-4DCB0447C389}.Debug|Win32.ActiveCfg = Debug|Win32
		{EAC5AB55-E284-1F32-34FF-4DCB0447C389}.Debug|Win32.Build.0 = Debug|Win32
		{EAC5AB55-E284-1F32-34FF-4DCB0447C389}.Debug|x64.ActiveCfg = Debug|x64
		{EAC5AB55-E284-1F32-34FF-4DCB0447C389}.Debug|x64.Build.0 = Debug|x64
		{EAC5AB55-E284-1F32-34FF-4DCB0447C389}.Release|Win32.ActiveCfg = Release|Win32
		{EAC5AB55-E284-1F32-34FF-4DCB0447C389}.Release|Win32.Build.0 = Release|Win32
		{EAC5AB55-E284-1F32-34FF-4DCB0447C389}.Release|x64.ActiveCfg = Release|x64
		{EAC5AB55-E284-1F32-34FF-4DCB0447C389}.Release|x64.Build.0 = Release|x64
		{A7D44A57-2AEC-9C40-0E56-E1E935C3E029}.Debug|Win32.ActiveCfg = Debug|Win32
		{A7D44A57-2AEC-9C40-0E56-E1E935C3E029}.Debug|Win32.Build.0 = Debug|Win32
		{A7D44A57-2AEC-9C40-0E56-E1E935C3E029}.Debug|x64.ActiveCfg = Debug|x64
		{A7D44A57-2AEC-9C40-0E56-E1E935C3E029}.Debug|x64.Build.0 = Debug|x64
		{A7D44A57-2AEC-9C40-0E56-E1E935C3E029}.Release|Win32.ActiveCfg = Release|Win32
		{A7D44A57-2AEC-9C40-0E56-E1E935C3E029}.Release|Win32.Build.0 = Release|Win32
		{A7D44A57-2AEC-9C40-0E56-E1E935C3E029}.Release|x64.ActiveCfg = Release|x64
		{A7D44A57-2AEC-9C40-0E56-E1E935C3E029}.Release|x64.Build.0 = Release|x64
		{241FFF7E-3092-71EF-9A4C-C3E83556A2B9}.Debug|Win32.ActiveCfg = Debug|Win32
		{241FFF7E-3092-71EF-9A4C-C3E83556A2B9}.Debug|Win32.Build.0 = Debug|Win32
		{241FFF7E-3092-71EF-9A4C-C3E83556A2B9}.Debug|x64.ActiveCfg = Debug|x64
		{241FFF7E-3092-71EF-9A4C-C3E83556A2B9}.Debug|x64.Build.0 = Debug|x64
		{241FFF7E-3092-71EF-9A4C-C3E83556A2B9}.Release|Win32.ActiveCfg = Release|Win32
		{241FFF7E-3092-71EF-9A4C-C3E83556A2B9}.Release|Win32.Build.0 = Release|Win32
		{241FFF7E-3092-71EF-9A4C-C3E83556A2B9}.Release|x64.ActiveCfg = Release|x64
		{241FFF7E-3092-71EF-9A4C-C3E83556A2B9}.Release|x64.Build.0 = Release|x64
		{C555398D-81C4-C23C-85A9-A03F8BA63354}.Debug|Win32.ActiveCfg = Debug|Win32
		{C555398D-81C4-C23C-85A9-A03F8BA63354}.Debug|Win32.Build.0 = Debug|Win32
		{C555398D-81C4-C23C-85A9-A03F8BA63354}.Debug|x64.ActiveCfg = Debug|x64
		{C555398D-81C4-C23C-85A9-A03F8BA63354}.Debug|x64.Build.0 = Debug|x64
		{C555398D-81C4-C23C-85A9-A03F8BA63354}.Release|Win32.ActiveCfg = Release|Win32
		{C555398D-81C4-C23C-85A9-A03F8BA63354}.Release|Win32.Build.0 = Release|Win32
		{C555398D-81C4-C23C-85A9-A03F8BA63354}.Release|x64.ActiveCfg = Release|x64
		{C555398D-81C4-C23C-85A9-A03F8BA63354}.Release|x64.Build.0 = Release|x64
		{8820A58C-8CA4-B54D-C5C9-B6DEBBDB4188}.Debug|Win32.ActiveCfg = Debug|Win32
		{8820A58C-8CA4-B54D-C5C9-B6DEBBDB4188}.Debug|Win32.Build.0 = Debug|Win32
		{8820A58C-8CA4-B54D-C5C9-B6DEBBDB4188}.Debug|x64.ActiveCfg = Debug|x64
		{8820A58C-8CA4-B54D-C5C9-B6DEBBDB4188}.Debug|x64.Build.0 = Debug|x64
		{8820A58C-8CA4-B54D-C5C9-B6DEBBDB4188}.Release|Win32.ActiveCfg = Release|Win32
		{8820A58C-8CA4-B54D-C5C9-B6DEBBDB4188}.Release|Win32.Build.0 = Release|Win32
		{8820A58C-8CA4-B54D-C5C9-B6DEBBDB4188}.Release|x64.ActiveCfg = Release|x64
		{8820A58C-8CA4-B54D-C5C9-B6DEBBDB4188}.Release|x64.Build.0 = Release|x64
	EndGlobalSection
	GlobalSection(SolutionProperties) = preSolution
		HideSolutionNode = FALSE
	EndGlobalSection
EndGlobal
