
Microsoft Visual Studio Solution File, Format Version 11.00
# Visual Studio 2010
Project("{8BC9CEB8-8B4A-11D0-8D11-00A0C91BC942}") = "libcprim", "..\libcprim\libcprim.vcxproj", "{A10AF456-5768-4596-952F-01F960D34613}"
	ProjectSection(ProjectDependencies) = postProject
		{562BC623-95F3-4BC8-8F72-CECCAFFFCB88} = {562BC623-95F3-4BC8-8F72-CECCAFFFCB88}
	EndProjectSection
EndProject
Project("{8BC9CEB8-8B4A-11D0-8D11-00A0C91BC942}") = "libfnt", "..\libfnt\libfnt.vcxproj", "{E6F97ABA-0B6D-4F63-876E-DCC6A9CB0FF7}"
EndProject
Project("{8BC9CEB8-8B4A-11D0-8D11-00A0C91BC942}") = "libjpeg", "..\libjpeg\libjpeg.vcxproj", "{97B2EFF7-ED87-49F3-8F2B-12A378E71D1A}"
EndProject
Project("{8BC9CEB8-8B4A-11D0-8D11-00A0C91BC942}") = "liblsxml", "..\liblsxml\liblsxml.vcxproj", "{55868C8D-107A-41D4-837F-9CA3EC35D847}"
EndProject
Project("{8BC9CEB8-8B4A-11D0-8D11-00A0C91BC942}") = "librtl", "..\librtl\librtl.vcxproj", "{FCDB2CD1-18D3-40EE-834C-1B402AC8D912}"
	ProjectSection(ProjectDependencies) = postProject
		{562BC623-95F3-4BC8-8F72-CECCAFFFCB88} = {562BC623-95F3-4BC8-8F72-CECCAFFFCB88}
	EndProjectSection
EndProject
Project("{8BC9CEB8-8B4A-11D0-8D11-00A0C91BC942}") = "SymScale", "SymScale.vcxproj", "{48C641A8-42A5-4D0B-97D5-3844E83AE217}"
	ProjectSection(ProjectDependencies) = postProject
		{562BC623-95F3-4BC8-8F72-CECCAFFFCB88} = {562BC623-95F3-4BC8-8F72-CECCAFFFCB88}
		{BEC03130-A64C-48F8-863C-52DA83CFB3AE} = {BEC03130-A64C-48F8-863C-52DA83CFB3AE}
		{1D6039F6-5078-416F-A3AF-A36EFC7E6A1C} = {1D6039F6-5078-416F-A3AF-A36EFC7E6A1C}
	EndProjectSection
EndProject
Project("{8BC9CEB8-8B4A-11D0-8D11-00A0C91BC942}") = "pthread", "..\pthreads-w32\pthread.vcxproj", "{562BC623-95F3-4BC8-8F72-CECCAFFFCB88}"
EndProject
Project("{8BC9CEB8-8B4A-11D0-8D11-00A0C91BC942}") = "iconv", "..\..\libiconv\windows\VC10\iconv.vcxproj", "{BEC03130-A64C-48F8-863C-52DA83CFB3AE}"
EndProject
Project("{8BC9CEB8-8B4A-11D0-8D11-00A0C91BC942}") = "libxml2", "..\..\libxml2\win32\VC10\libxml2.vcxproj", "{1D6039F6-5078-416F-A3AF-A36EFC7E6A1C}"
EndProject
Project("{8BC9CEB8-8B4A-11D0-8D11-00A0C91BC942}") = "libpng", "..\libpng\libpng.vcxproj", "{8B191C73-4897-49BE-B1BA-818E7650BD9C}"
EndProject
Global
	GlobalSection(SolutionConfigurationPlatforms) = preSolution
		Debug|x64 = Debug|x64
		Release|x64 = Release|x64
	EndGlobalSection
	GlobalSection(ProjectConfigurationPlatforms) = postSolution
		{A10AF456-5768-4596-952F-01F960D34613}.Debug|x64.ActiveCfg = Debug - SymScale|x64
		{A10AF456-5768-4596-952F-01F960D34613}.Debug|x64.Build.0 = Debug - SymScale|x64
		{A10AF456-5768-4596-952F-01F960D34613}.Release|x64.ActiveCfg = Release - SymScale|x64
		{A10AF456-5768-4596-952F-01F960D34613}.Release|x64.Build.0 = Release - SymScale|x64
		{E6F97ABA-0B6D-4F63-876E-DCC6A9CB0FF7}.Debug|x64.ActiveCfg = Debug|x64
		{E6F97ABA-0B6D-4F63-876E-DCC6A9CB0FF7}.Debug|x64.Build.0 = Debug|x64
		{E6F97ABA-0B6D-4F63-876E-DCC6A9CB0FF7}.Release|x64.ActiveCfg = Release|x64
		{E6F97ABA-0B6D-4F63-876E-DCC6A9CB0FF7}.Release|x64.Build.0 = Release|x64
		{97B2EFF7-ED87-49F3-8F2B-12A378E71D1A}.Debug|x64.ActiveCfg = Debug|x64
		{97B2EFF7-ED87-49F3-8F2B-12A378E71D1A}.Debug|x64.Build.0 = Debug|x64
		{97B2EFF7-ED87-49F3-8F2B-12A378E71D1A}.Release|x64.ActiveCfg = Release|x64
		{97B2EFF7-ED87-49F3-8F2B-12A378E71D1A}.Release|x64.Build.0 = Release|x64
		{55868C8D-107A-41D4-837F-9CA3EC35D847}.Debug|x64.ActiveCfg = Debug|x64
		{55868C8D-107A-41D4-837F-9CA3EC35D847}.Debug|x64.Build.0 = Debug|x64
		{55868C8D-107A-41D4-837F-9CA3EC35D847}.Release|x64.ActiveCfg = Release|x64
		{55868C8D-107A-41D4-837F-9CA3EC35D847}.Release|x64.Build.0 = Release|x64
		{FCDB2CD1-18D3-40EE-834C-1B402AC8D912}.Debug|x64.ActiveCfg = Debug - SymScale|x64
		{FCDB2CD1-18D3-40EE-834C-1B402AC8D912}.Debug|x64.Build.0 = Debug - SymScale|x64
		{FCDB2CD1-18D3-40EE-834C-1B402AC8D912}.Release|x64.ActiveCfg = Release - SymScale|x64
		{FCDB2CD1-18D3-40EE-834C-1B402AC8D912}.Release|x64.Build.0 = Release - SymScale|x64
		{48C641A8-42A5-4D0B-97D5-3844E83AE217}.Debug|x64.ActiveCfg = Debug|x64
		{48C641A8-42A5-4D0B-97D5-3844E83AE217}.Debug|x64.Build.0 = Debug|x64
		{48C641A8-42A5-4D0B-97D5-3844E83AE217}.Release|x64.ActiveCfg = Release|x64
		{48C641A8-42A5-4D0B-97D5-3844E83AE217}.Release|x64.Build.0 = Release|x64
		{562BC623-95F3-4BC8-8F72-CECCAFFFCB88}.Debug|x64.ActiveCfg = Debug|x64
		{562BC623-95F3-4BC8-8F72-CECCAFFFCB88}.Debug|x64.Build.0 = Debug|x64
		{562BC623-95F3-4BC8-8F72-CECCAFFFCB88}.Release|x64.ActiveCfg = Release|x64
		{562BC623-95F3-4BC8-8F72-CECCAFFFCB88}.Release|x64.Build.0 = Release|x64
		{BEC03130-A64C-48F8-863C-52DA83CFB3AE}.Debug|x64.ActiveCfg = Debug|x64
		{BEC03130-A64C-48F8-863C-52DA83CFB3AE}.Debug|x64.Build.0 = Debug|x64
		{BEC03130-A64C-48F8-863C-52DA83CFB3AE}.Release|x64.ActiveCfg = Release|x64
		{BEC03130-A64C-48F8-863C-52DA83CFB3AE}.Release|x64.Build.0 = Release|x64
		{1D6039F6-5078-416F-A3AF-A36EFC7E6A1C}.Debug|x64.ActiveCfg = Debug|x64
		{1D6039F6-5078-416F-A3AF-A36EFC7E6A1C}.Debug|x64.Build.0 = Debug|x64
		{1D6039F6-5078-416F-A3AF-A36EFC7E6A1C}.Release|x64.ActiveCfg = Release|x64
		{1D6039F6-5078-416F-A3AF-A36EFC7E6A1C}.Release|x64.Build.0 = Release|x64
		{8B191C73-4897-49BE-B1BA-818E7650BD9C}.Debug|x64.ActiveCfg = Debug|x64
		{8B191C73-4897-49BE-B1BA-818E7650BD9C}.Debug|x64.Build.0 = Debug|x64
		{8B191C73-4897-49BE-B1BA-818E7650BD9C}.Release|x64.ActiveCfg = Release|x64
		{8B191C73-4897-49BE-B1BA-818E7650BD9C}.Release|x64.Build.0 = Release|x64
	EndGlobalSection
	GlobalSection(SolutionProperties) = preSolution
		HideSolutionNode = FALSE
	EndGlobalSection
EndGlobal
