<?xml version="1.0" encoding="utf-8"?>
<Project ToolsVersion="4.0" xmlns="http://schemas.microsoft.com/developer/msbuild/2003">
  <ItemGroup>
    <Filter Include="Source Files">
      <UniqueIdentifier>{2812c45e-f2e3-44e9-913b-bff8f9ff63d1}</UniqueIdentifier>
      <Extensions>cpp;c;cxx;rc;def;r;odl;idl;hpj;bat</Extensions>
    </Filter>
    <Filter Include="Header Files">
      <UniqueIdentifier>{9ddada42-150e-421a-91be-1e369078d699}</UniqueIdentifier>
      <Extensions>h;hpp;hxx;hm;inl</Extensions>
    </Filter>
    <Filter Include="Resource Files">
      <UniqueIdentifier>{ba0b0342-49e2-41e8-854b-3e2dae620ad8}</UniqueIdentifier>
      <Extensions>ico;cur;bmp;dlg;rc2;rct;bin;rgs;gif;jpg;jpeg;jpe</Extensions>
    </Filter>
  </ItemGroup>
  <ItemGroup>
    <ClCompile Include="DynamicPanes.cpp">
      <Filter>Source Files</Filter>
    </ClCompile>
    <ClCompile Include="DynamicPanesDoc.cpp">
      <Filter>Source Files</Filter>
    </ClCompile>
    <ClCompile Include="DynamicPanesView.cpp">
      <Filter>Source Files</Filter>
    </ClCompile>
    <ClCompile Include="MainFrm.cpp">
      <Filter>Source Files</Filter>
    </ClCompile>
    <ClCompile Include="SimpleForm.cpp">
      <Filter>Source Files</Filter>
    </ClCompile>
    <ClCompile Include="SimpleListView.cpp">
      <Filter>Source Files</Filter>
    </ClCompile>
    <ClCompile Include="StdAfx.cpp">
      <Filter>Source Files</Filter>
    </ClCompile>
  </ItemGroup>
  <ItemGroup>
    <ResourceCompile Include="DynamicPanes.rc">
      <Filter>Source Files</Filter>
    </ResourceCompile>
  </ItemGroup>
  <ItemGroup>
    <ClInclude Include="DynamicPanes.h">
      <Filter>Header Files</Filter>
    </ClInclude>
    <ClInclude Include="DynamicPanesDoc.h">
      <Filter>Header Files</Filter>
    </ClInclude>
    <ClInclude Include="DynamicPanesView.h">
      <Filter>Header Files</Filter>
    </ClInclude>
    <ClInclude Include="MainFrm.h">
      <Filter>Header Files</Filter>
    </ClInclude>
    <ClInclude Include="Resource.h">
      <Filter>Header Files</Filter>
    </ClInclude>
    <ClInclude Include="SimpleForm.h">
      <Filter>Header Files</Filter>
    </ClInclude>
    <ClInclude Include="SimpleListView.h">
      <Filter>Header Files</Filter>
    </ClInclude>
    <ClInclude Include="StdAfx.h">
      <Filter>Header Files</Filter>
    </ClInclude>
  </ItemGroup>
  <ItemGroup>
    <None Include="res\aquaman.ico">
      <Filter>Resource Files</Filter>
    </None>
    <None Include="res\atom.ico">
      <Filter>Resource Files</Filter>
    </None>
    <None Include="res\batman.ico">
      <Filter>Resource Files</Filter>
    </None>
    <None Include="res\CjSample.ico">
      <Filter>Resource Files</Filter>
    </None>
    <None Include="res\DynamicPanes.ico">
      <Filter>Resource Files</Filter>
    </None>
    <None Include="res\DynamicPanes.rc2">
      <Filter>Resource Files</Filter>
    </None>
    <None Include="res\DynamicPanesDoc.ico">
      <Filter>Resource Files</Filter>
    </None>
    <None Include="res\firestor.ico">
      <Filter>Resource Files</Filter>
    </None>
    <None Include="res\flash.ico">
      <Filter>Resource Files</Filter>
    </None>
    <None Include="res\greenarr.ico">
      <Filter>Resource Files</Filter>
    </None>
    <None Include="res\greenlan.ico">
      <Filter>Resource Files</Filter>
    </None>
    <None Include="res\hawkman.ico">
      <Filter>Resource Files</Filter>
    </None>
    <None Include="res\hawkwoma.ico">
      <Filter>Resource Files</Filter>
    </None>
    <None Include="res\Icons.bmp">
      <Filter>Resource Files</Filter>
    </None>
    <None Include="res\redtorna.ico">
      <Filter>Resource Files</Filter>
    </None>
    <None Include="res\superman.ico">
      <Filter>Resource Files</Filter>
    </None>
    <None Include="res\Toolbar.bmp">
      <Filter>Resource Files</Filter>
    </None>
    <None Include="res\wonderwo.ico">
      <Filter>Resource Files</Filter>
    </None>
  </ItemGroup>
</Project>